
Microsoft Visual Studio Solution File, Format Version 12.00
# Visual Studio 15
VisualStudioVersion = 15.0.27004.2002
MinimumVisualStudioVersion = 10.0.40219.1
Project("{2150E333-8FDC-42A3-9474-1A3956D46DE8}") = "XF.MVVMBasic", "XF.MVVMBasic", "{DEAB1CFE-C12B-4F62-91B6-D2D98AA029EB}"
EndProject
Project("{FAE04EC0-301F-11D3-BF4B-00C04F79EFBC}") = "XF.MVVMBasic.Android", "XF.MVVMBasic\XF.MVVMBasic.Android\XF.MVVMBasic.Android.csproj", "{27615BD2-6F5B-45D1-87EF-EE86F762603E}"
EndProject
Project("{FAE04EC0-301F-11D3-BF4B-00C04F79EFBC}") = "XF.MVVMBasic", "XF.MVVMBasic\XF.MVVMBasic\XF.MVVMBasic.csproj", "{576B8AA1-89CC-4A8D-B139-BAD1401D1404}"
EndProject
Project("{FAE04EC0-301F-11D3-BF4B-00C04F79EFBC}") = "XF.MVVMBasic.UWP", "XF.MVVMBasic\XF.MVVMBasic.UWP\XF.MVVMBasic.UWP.csproj", "{1D04F050-047B-4B8B-AF8D-680B97DD6C7D}"
EndProject
Project("{FAE04EC0-301F-11D3-BF4B-00C04F79EFBC}") = "XF.MVVMBasic.iOS", "XF.MVVMBasic\XF.MVVMBasic.iOS\XF.MVVMBasic.iOS.csproj", "{073B6310-FDDF-4FD4-AD39-18F44DC9C0EF}"
EndProject
Project("{2150E333-8FDC-42A3-9474-1A3956D46DE8}") = "XF.Intro", "XF.Intro", "{DF2B4DB3-B46D-4BE6-A1C5-493ED8E56702}"
EndProject
Project("{FAE04EC0-301F-11D3-BF4B-00C04F79EFBC}") = "XF.Intro.Android", "XF.Intro\XF.Intro.Android\XF.Intro.Android.csproj", "{68FDD124-9AC8-45E6-AE15-0DF2F75E1AB0}"
EndProject
Project("{FAE04EC0-301F-11D3-BF4B-00C04F79EFBC}") = "XF.Intro", "XF.Intro\XF.Intro\XF.Intro.csproj", "{31052F73-CB8C-4148-966E-EC8ECF7244DA}"
EndProject
Project("{FAE04EC0-301F-11D3-BF4B-00C04F79EFBC}") = "XF.Intro.UWP", "XF.Intro\XF.Intro.UWP\XF.Intro.UWP.csproj", "{D66557B3-229B-4B96-AF26-129C132850F3}"
EndProject
Project("{FAE04EC0-301F-11D3-BF4B-00C04F79EFBC}") = "XF.Intro.iOS", "XF.Intro\XF.Intro.iOS\XF.Intro.iOS.csproj", "{D9587591-52B6-42D2-AFB4-3DC62FB2C417}"
EndProject
Project("{2150E333-8FDC-42A3-9474-1A3956D46DE8}") = "XF.LocalDB", "XF.LocalDB", "{4EC8A228-F1B0-4648-B1C2-F018C3081022}"
EndProject
Project("{FAE04EC0-301F-11D3-BF4B-00C04F79EFBC}") = "XF.LocalDB.Android", "XF.LocalDB\XF.LocalDB.Android\XF.LocalDB.Android.csproj", "{2D72372D-6A0F-4401-9B82-2526891A52FF}"
EndProject
Project("{FAE04EC0-301F-11D3-BF4B-00C04F79EFBC}") = "XF.LocalDB", "XF.LocalDB\XF.LocalDB\XF.LocalDB.csproj", "{9206ACC0-BC9F-42C9-9113-FE1CE5A56999}"
EndProject
Project("{FAE04EC0-301F-11D3-BF4B-00C04F79EFBC}") = "XF.LocalDB.UWP", "XF.LocalDB\XF.LocalDB.UWP\XF.LocalDB.UWP.csproj", "{8833E5E3-5A13-452B-9B51-77F54A39B25B}"
EndProject
Project("{FAE04EC0-301F-11D3-BF4B-00C04F79EFBC}") = "XF.LocalDB.iOS", "XF.LocalDB\XF.LocalDB.iOS\XF.LocalDB.iOS.csproj", "{301CC375-7CC0-41E4-BCD8-756AFA3ADB11}"
EndProject
Project("{2150E333-8FDC-42A3-9474-1A3956D46DE8}") = "XF.AplicativoFIAP", "XF.AplicativoFIAP", "{8B7A6EAA-46D2-49A7-BBDB-5799664F0C7F}"
EndProject
Project("{FAE04EC0-301F-11D3-BF4B-00C04F79EFBC}") = "XF.AplicativoFIAP.Android", "XF.AplicativoFIAP\XF.AplicativoFIAP.Android\XF.AplicativoFIAP.Android.csproj", "{4FA3F501-9767-444F-95D3-AF592B248FEA}"
EndProject
Project("{FAE04EC0-301F-11D3-BF4B-00C04F79EFBC}") = "XF.AplicativoFIAP", "XF.AplicativoFIAP\XF.AplicativoFIAP\XF.AplicativoFIAP.csproj", "{105C7446-2B30-42A4-9095-276F49A0B309}"
EndProject
Project("{FAE04EC0-301F-11D3-BF4B-00C04F79EFBC}") = "XF.AplicativoFIAP.UWP", "XF.AplicativoFIAP\XF.AplicativoFIAP.UWP\XF.AplicativoFIAP.UWP.csproj", "{476D2CB5-FEDD-49E6-B3DD-8F6AAD53268C}"
EndProject
Project("{FAE04EC0-301F-11D3-BF4B-00C04F79EFBC}") = "XF.AplicativoFIAP.iOS", "XF.AplicativoFIAP\XF.AplicativoFIAP.iOS\XF.AplicativoFIAP.iOS.csproj", "{37087071-0B0F-4D72-A3FD-4E579D63CE53}"
EndProject
Project("{2150E333-8FDC-42A3-9474-1A3956D46DE8}") = "XF.Contatos", "XF.Contatos", "{EF6375E2-75E7-41D3-A741-588E417AE5D7}"
EndProject
Project("{FAE04EC0-301F-11D3-BF4B-00C04F79EFBC}") = "XF.Contatos.Android", "XF.Contatos\XF.Contatos\XF.Contatos.Android\XF.Contatos.Android.csproj", "{E1500637-9886-40F6-B269-2E3BF7F19706}"
EndProject
Project("{FAE04EC0-301F-11D3-BF4B-00C04F79EFBC}") = "XF.Contatos", "XF.Contatos\XF.Contatos\XF.Contatos\XF.Contatos.csproj", "{B19F1D25-3A06-4A09-9137-F08E357E9EA3}"
EndProject
Project("{FAE04EC0-301F-11D3-BF4B-00C04F79EFBC}") = "XF.Contatos.UWP", "XF.Contatos\XF.Contatos\XF.Contatos.UWP\XF.Contatos.UWP.csproj", "{7F9E2C48-75D3-4B0E-B796-2ED15019701A}"
EndProject
Project("{FAE04EC0-301F-11D3-BF4B-00C04F79EFBC}") = "XF.Contatos.iOS", "XF.Contatos\XF.Contatos\XF.Contatos.iOS\XF.Contatos.iOS.csproj", "{C9EFFF1A-FB60-4212-9D65-20DA6C7CC4AD}"
EndProject
Global
	GlobalSection(SolutionConfigurationPlatforms) = preSolution
		Ad-Hoc|Any CPU = Ad-Hoc|Any CPU
		Ad-Hoc|ARM = Ad-Hoc|ARM
		Ad-Hoc|iPhone = Ad-Hoc|iPhone
		Ad-Hoc|iPhoneSimulator = Ad-Hoc|iPhoneSimulator
		Ad-Hoc|x64 = Ad-Hoc|x64
		Ad-Hoc|x86 = Ad-Hoc|x86
		AppStore|Any CPU = AppStore|Any CPU
		AppStore|ARM = AppStore|ARM
		AppStore|iPhone = AppStore|iPhone
		AppStore|iPhoneSimulator = AppStore|iPhoneSimulator
		AppStore|x64 = AppStore|x64
		AppStore|x86 = AppStore|x86
		Debug|Any CPU = Debug|Any CPU
		Debug|ARM = Debug|ARM
		Debug|iPhone = Debug|iPhone
		Debug|iPhoneSimulator = Debug|iPhoneSimulator
		Debug|x64 = Debug|x64
		Debug|x86 = Debug|x86
		Release|Any CPU = Release|Any CPU
		Release|ARM = Release|ARM
		Release|iPhone = Release|iPhone
		Release|iPhoneSimulator = Release|iPhoneSimulator
		Release|x64 = Release|x64
		Release|x86 = Release|x86
	EndGlobalSection
	GlobalSection(ProjectConfigurationPlatforms) = postSolution
		{27615BD2-6F5B-45D1-87EF-EE86F762603E}.Ad-Hoc|Any CPU.ActiveCfg = Release|Any CPU
		{27615BD2-6F5B-45D1-87EF-EE86F762603E}.Ad-Hoc|Any CPU.Build.0 = Release|Any CPU
		{27615BD2-6F5B-45D1-87EF-EE86F762603E}.Ad-Hoc|Any CPU.Deploy.0 = Release|Any CPU
		{27615BD2-6F5B-45D1-87EF-EE86F762603E}.Ad-Hoc|ARM.ActiveCfg = Release|Any CPU
		{27615BD2-6F5B-45D1-87EF-EE86F762603E}.Ad-Hoc|ARM.Build.0 = Release|Any CPU
		{27615BD2-6F5B-45D1-87EF-EE86F762603E}.Ad-Hoc|ARM.Deploy.0 = Release|Any CPU
		{27615BD2-6F5B-45D1-87EF-EE86F762603E}.Ad-Hoc|iPhone.ActiveCfg = Release|Any CPU
		{27615BD2-6F5B-45D1-87EF-EE86F762603E}.Ad-Hoc|iPhone.Build.0 = Release|Any CPU
		{27615BD2-6F5B-45D1-87EF-EE86F762603E}.Ad-Hoc|iPhone.Deploy.0 = Release|Any CPU
		{27615BD2-6F5B-45D1-87EF-EE86F762603E}.Ad-Hoc|iPhoneSimulator.ActiveCfg = Release|Any CPU
		{27615BD2-6F5B-45D1-87EF-EE86F762603E}.Ad-Hoc|iPhoneSimulator.Build.0 = Release|Any CPU
		{27615BD2-6F5B-45D1-87EF-EE86F762603E}.Ad-Hoc|iPhoneSimulator.Deploy.0 = Release|Any CPU
		{27615BD2-6F5B-45D1-87EF-EE86F762603E}.Ad-Hoc|x64.ActiveCfg = Release|Any CPU
		{27615BD2-6F5B-45D1-87EF-EE86F762603E}.Ad-Hoc|x64.Build.0 = Release|Any CPU
		{27615BD2-6F5B-45D1-87EF-EE86F762603E}.Ad-Hoc|x64.Deploy.0 = Release|Any CPU
		{27615BD2-6F5B-45D1-87EF-EE86F762603E}.Ad-Hoc|x86.ActiveCfg = Release|Any CPU
		{27615BD2-6F5B-45D1-87EF-EE86F762603E}.Ad-Hoc|x86.Build.0 = Release|Any CPU
		{27615BD2-6F5B-45D1-87EF-EE86F762603E}.Ad-Hoc|x86.Deploy.0 = Release|Any CPU
		{27615BD2-6F5B-45D1-87EF-EE86F762603E}.AppStore|Any CPU.ActiveCfg = Release|Any CPU
		{27615BD2-6F5B-45D1-87EF-EE86F762603E}.AppStore|Any CPU.Build.0 = Release|Any CPU
		{27615BD2-6F5B-45D1-87EF-EE86F762603E}.AppStore|Any CPU.Deploy.0 = Release|Any CPU
		{27615BD2-6F5B-45D1-87EF-EE86F762603E}.AppStore|ARM.ActiveCfg = Release|Any CPU
		{27615BD2-6F5B-45D1-87EF-EE86F762603E}.AppStore|ARM.Build.0 = Release|Any CPU
		{27615BD2-6F5B-45D1-87EF-EE86F762603E}.AppStore|ARM.Deploy.0 = Release|Any CPU
		{27615BD2-6F5B-45D1-87EF-EE86F762603E}.AppStore|iPhone.ActiveCfg = Release|Any CPU
		{27615BD2-6F5B-45D1-87EF-EE86F762603E}.AppStore|iPhone.Build.0 = Release|Any CPU
		{27615BD2-6F5B-45D1-87EF-EE86F762603E}.AppStore|iPhone.Deploy.0 = Release|Any CPU
		{27615BD2-6F5B-45D1-87EF-EE86F762603E}.AppStore|iPhoneSimulator.ActiveCfg = Release|Any CPU
		{27615BD2-6F5B-45D1-87EF-EE86F762603E}.AppStore|iPhoneSimulator.Build.0 = Release|Any CPU
		{27615BD2-6F5B-45D1-87EF-EE86F762603E}.AppStore|iPhoneSimulator.Deploy.0 = Release|Any CPU
		{27615BD2-6F5B-45D1-87EF-EE86F762603E}.AppStore|x64.ActiveCfg = Release|Any CPU
		{27615BD2-6F5B-45D1-87EF-EE86F762603E}.AppStore|x64.Build.0 = Release|Any CPU
		{27615BD2-6F5B-45D1-87EF-EE86F762603E}.AppStore|x64.Deploy.0 = Release|Any CPU
		{27615BD2-6F5B-45D1-87EF-EE86F762603E}.AppStore|x86.ActiveCfg = Release|Any CPU
		{27615BD2-6F5B-45D1-87EF-EE86F762603E}.AppStore|x86.Build.0 = Release|Any CPU
		{27615BD2-6F5B-45D1-87EF-EE86F762603E}.AppStore|x86.Deploy.0 = Release|Any CPU
		{27615BD2-6F5B-45D1-87EF-EE86F762603E}.Debug|Any CPU.ActiveCfg = Debug|Any CPU
		{27615BD2-6F5B-45D1-87EF-EE86F762603E}.Debug|Any CPU.Build.0 = Debug|Any CPU
		{27615BD2-6F5B-45D1-87EF-EE86F762603E}.Debug|Any CPU.Deploy.0 = Debug|Any CPU
		{27615BD2-6F5B-45D1-87EF-EE86F762603E}.Debug|ARM.ActiveCfg = Debug|Any CPU
		{27615BD2-6F5B-45D1-87EF-EE86F762603E}.Debug|ARM.Build.0 = Debug|Any CPU
		{27615BD2-6F5B-45D1-87EF-EE86F762603E}.Debug|ARM.Deploy.0 = Debug|Any CPU
		{27615BD2-6F5B-45D1-87EF-EE86F762603E}.Debug|iPhone.ActiveCfg = Debug|Any CPU
		{27615BD2-6F5B-45D1-87EF-EE86F762603E}.Debug|iPhone.Build.0 = Debug|Any CPU
		{27615BD2-6F5B-45D1-87EF-EE86F762603E}.Debug|iPhone.Deploy.0 = Debug|Any CPU
		{27615BD2-6F5B-45D1-87EF-EE86F762603E}.Debug|iPhoneSimulator.ActiveCfg = Debug|Any CPU
		{27615BD2-6F5B-45D1-87EF-EE86F762603E}.Debug|iPhoneSimulator.Build.0 = Debug|Any CPU
		{27615BD2-6F5B-45D1-87EF-EE86F762603E}.Debug|iPhoneSimulator.Deploy.0 = Debug|Any CPU
		{27615BD2-6F5B-45D1-87EF-EE86F762603E}.Debug|x64.ActiveCfg = Debug|Any CPU
		{27615BD2-6F5B-45D1-87EF-EE86F762603E}.Debug|x64.Build.0 = Debug|Any CPU
		{27615BD2-6F5B-45D1-87EF-EE86F762603E}.Debug|x64.Deploy.0 = Debug|Any CPU
		{27615BD2-6F5B-45D1-87EF-EE86F762603E}.Debug|x86.ActiveCfg = Debug|Any CPU
		{27615BD2-6F5B-45D1-87EF-EE86F762603E}.Debug|x86.Build.0 = Debug|Any CPU
		{27615BD2-6F5B-45D1-87EF-EE86F762603E}.Debug|x86.Deploy.0 = Debug|Any CPU
		{27615BD2-6F5B-45D1-87EF-EE86F762603E}.Release|Any CPU.ActiveCfg = Release|Any CPU
		{27615BD2-6F5B-45D1-87EF-EE86F762603E}.Release|Any CPU.Build.0 = Release|Any CPU
		{27615BD2-6F5B-45D1-87EF-EE86F762603E}.Release|Any CPU.Deploy.0 = Release|Any CPU
		{27615BD2-6F5B-45D1-87EF-EE86F762603E}.Release|ARM.ActiveCfg = Release|Any CPU
		{27615BD2-6F5B-45D1-87EF-EE86F762603E}.Release|ARM.Build.0 = Release|Any CPU
		{27615BD2-6F5B-45D1-87EF-EE86F762603E}.Release|ARM.Deploy.0 = Release|Any CPU
		{27615BD2-6F5B-45D1-87EF-EE86F762603E}.Release|iPhone.ActiveCfg = Release|Any CPU
		{27615BD2-6F5B-45D1-87EF-EE86F762603E}.Release|iPhone.Build.0 = Release|Any CPU
		{27615BD2-6F5B-45D1-87EF-EE86F762603E}.Release|iPhone.Deploy.0 = Release|Any CPU
		{27615BD2-6F5B-45D1-87EF-EE86F762603E}.Release|iPhoneSimulator.ActiveCfg = Release|Any CPU
		{27615BD2-6F5B-45D1-87EF-EE86F762603E}.Release|iPhoneSimulator.Build.0 = Release|Any CPU
		{27615BD2-6F5B-45D1-87EF-EE86F762603E}.Release|iPhoneSimulator.Deploy.0 = Release|Any CPU
		{27615BD2-6F5B-45D1-87EF-EE86F762603E}.Release|x64.ActiveCfg = Release|Any CPU
		{27615BD2-6F5B-45D1-87EF-EE86F762603E}.Release|x64.Build.0 = Release|Any CPU
		{27615BD2-6F5B-45D1-87EF-EE86F762603E}.Release|x64.Deploy.0 = Release|Any CPU
		{27615BD2-6F5B-45D1-87EF-EE86F762603E}.Release|x86.ActiveCfg = Release|Any CPU
		{27615BD2-6F5B-45D1-87EF-EE86F762603E}.Release|x86.Build.0 = Release|Any CPU
		{27615BD2-6F5B-45D1-87EF-EE86F762603E}.Release|x86.Deploy.0 = Release|Any CPU
		{576B8AA1-89CC-4A8D-B139-BAD1401D1404}.Ad-Hoc|Any CPU.ActiveCfg = Release|Any CPU
		{576B8AA1-89CC-4A8D-B139-BAD1401D1404}.Ad-Hoc|Any CPU.Build.0 = Release|Any CPU
		{576B8AA1-89CC-4A8D-B139-BAD1401D1404}.Ad-Hoc|ARM.ActiveCfg = Release|Any CPU
		{576B8AA1-89CC-4A8D-B139-BAD1401D1404}.Ad-Hoc|ARM.Build.0 = Release|Any CPU
		{576B8AA1-89CC-4A8D-B139-BAD1401D1404}.Ad-Hoc|iPhone.ActiveCfg = Release|Any CPU
		{576B8AA1-89CC-4A8D-B139-BAD1401D1404}.Ad-Hoc|iPhone.Build.0 = Release|Any CPU
		{576B8AA1-89CC-4A8D-B139-BAD1401D1404}.Ad-Hoc|iPhoneSimulator.ActiveCfg = Release|Any CPU
		{576B8AA1-89CC-4A8D-B139-BAD1401D1404}.Ad-Hoc|iPhoneSimulator.Build.0 = Release|Any CPU
		{576B8AA1-89CC-4A8D-B139-BAD1401D1404}.Ad-Hoc|x64.ActiveCfg = Release|Any CPU
		{576B8AA1-89CC-4A8D-B139-BAD1401D1404}.Ad-Hoc|x64.Build.0 = Release|Any CPU
		{576B8AA1-89CC-4A8D-B139-BAD1401D1404}.Ad-Hoc|x86.ActiveCfg = Release|Any CPU
		{576B8AA1-89CC-4A8D-B139-BAD1401D1404}.Ad-Hoc|x86.Build.0 = Release|Any CPU
		{576B8AA1-89CC-4A8D-B139-BAD1401D1404}.AppStore|Any CPU.ActiveCfg = Release|Any CPU
		{576B8AA1-89CC-4A8D-B139-BAD1401D1404}.AppStore|Any CPU.Build.0 = Release|Any CPU
		{576B8AA1-89CC-4A8D-B139-BAD1401D1404}.AppStore|ARM.ActiveCfg = Release|Any CPU
		{576B8AA1-89CC-4A8D-B139-BAD1401D1404}.AppStore|ARM.Build.0 = Release|Any CPU
		{576B8AA1-89CC-4A8D-B139-BAD1401D1404}.AppStore|iPhone.ActiveCfg = Release|Any CPU
		{576B8AA1-89CC-4A8D-B139-BAD1401D1404}.AppStore|iPhone.Build.0 = Release|Any CPU
		{576B8AA1-89CC-4A8D-B139-BAD1401D1404}.AppStore|iPhoneSimulator.ActiveCfg = Release|Any CPU
		{576B8AA1-89CC-4A8D-B139-BAD1401D1404}.AppStore|iPhoneSimulator.Build.0 = Release|Any CPU
		{576B8AA1-89CC-4A8D-B139-BAD1401D1404}.AppStore|x64.ActiveCfg = Release|Any CPU
		{576B8AA1-89CC-4A8D-B139-BAD1401D1404}.AppStore|x64.Build.0 = Release|Any CPU
		{576B8AA1-89CC-4A8D-B139-BAD1401D1404}.AppStore|x86.ActiveCfg = Release|Any CPU
		{576B8AA1-89CC-4A8D-B139-BAD1401D1404}.AppStore|x86.Build.0 = Release|Any CPU
		{576B8AA1-89CC-4A8D-B139-BAD1401D1404}.Debug|Any CPU.ActiveCfg = Debug|Any CPU
		{576B8AA1-89CC-4A8D-B139-BAD1401D1404}.Debug|Any CPU.Build.0 = Debug|Any CPU
		{576B8AA1-89CC-4A8D-B139-BAD1401D1404}.Debug|ARM.ActiveCfg = Debug|Any CPU
		{576B8AA1-89CC-4A8D-B139-BAD1401D1404}.Debug|ARM.Build.0 = Debug|Any CPU
		{576B8AA1-89CC-4A8D-B139-BAD1401D1404}.Debug|iPhone.ActiveCfg = Debug|Any CPU
		{576B8AA1-89CC-4A8D-B139-BAD1401D1404}.Debug|iPhone.Build.0 = Debug|Any CPU
		{576B8AA1-89CC-4A8D-B139-BAD1401D1404}.Debug|iPhoneSimulator.ActiveCfg = Debug|Any CPU
		{576B8AA1-89CC-4A8D-B139-BAD1401D1404}.Debug|iPhoneSimulator.Build.0 = Debug|Any CPU
		{576B8AA1-89CC-4A8D-B139-BAD1401D1404}.Debug|x64.ActiveCfg = Debug|Any CPU
		{576B8AA1-89CC-4A8D-B139-BAD1401D1404}.Debug|x64.Build.0 = Debug|Any CPU
		{576B8AA1-89CC-4A8D-B139-BAD1401D1404}.Debug|x86.ActiveCfg = Debug|Any CPU
		{576B8AA1-89CC-4A8D-B139-BAD1401D1404}.Debug|x86.Build.0 = Debug|Any CPU
		{576B8AA1-89CC-4A8D-B139-BAD1401D1404}.Release|Any CPU.ActiveCfg = Release|Any CPU
		{576B8AA1-89CC-4A8D-B139-BAD1401D1404}.Release|Any CPU.Build.0 = Release|Any CPU
		{576B8AA1-89CC-4A8D-B139-BAD1401D1404}.Release|ARM.ActiveCfg = Release|Any CPU
		{576B8AA1-89CC-4A8D-B139-BAD1401D1404}.Release|ARM.Build.0 = Release|Any CPU
		{576B8AA1-89CC-4A8D-B139-BAD1401D1404}.Release|iPhone.ActiveCfg = Release|Any CPU
		{576B8AA1-89CC-4A8D-B139-BAD1401D1404}.Release|iPhone.Build.0 = Release|Any CPU
		{576B8AA1-89CC-4A8D-B139-BAD1401D1404}.Release|iPhoneSimulator.ActiveCfg = Release|Any CPU
		{576B8AA1-89CC-4A8D-B139-BAD1401D1404}.Release|iPhoneSimulator.Build.0 = Release|Any CPU
		{576B8AA1-89CC-4A8D-B139-BAD1401D1404}.Release|x64.ActiveCfg = Release|Any CPU
		{576B8AA1-89CC-4A8D-B139-BAD1401D1404}.Release|x64.Build.0 = Release|Any CPU
		{576B8AA1-89CC-4A8D-B139-BAD1401D1404}.Release|x86.ActiveCfg = Release|Any CPU
		{576B8AA1-89CC-4A8D-B139-BAD1401D1404}.Release|x86.Build.0 = Release|Any CPU
		{1D04F050-047B-4B8B-AF8D-680B97DD6C7D}.Ad-Hoc|Any CPU.ActiveCfg = Release|x86
		{1D04F050-047B-4B8B-AF8D-680B97DD6C7D}.Ad-Hoc|Any CPU.Build.0 = Release|x86
		{1D04F050-047B-4B8B-AF8D-680B97DD6C7D}.Ad-Hoc|Any CPU.Deploy.0 = Release|x86
		{1D04F050-047B-4B8B-AF8D-680B97DD6C7D}.Ad-Hoc|ARM.ActiveCfg = Release|ARM
		{1D04F050-047B-4B8B-AF8D-680B97DD6C7D}.Ad-Hoc|ARM.Build.0 = Release|ARM
		{1D04F050-047B-4B8B-AF8D-680B97DD6C7D}.Ad-Hoc|ARM.Deploy.0 = Release|ARM
		{1D04F050-047B-4B8B-AF8D-680B97DD6C7D}.Ad-Hoc|iPhone.ActiveCfg = Release|x86
		{1D04F050-047B-4B8B-AF8D-680B97DD6C7D}.Ad-Hoc|iPhone.Build.0 = Release|x86
		{1D04F050-047B-4B8B-AF8D-680B97DD6C7D}.Ad-Hoc|iPhone.Deploy.0 = Release|x86
		{1D04F050-047B-4B8B-AF8D-680B97DD6C7D}.Ad-Hoc|iPhoneSimulator.ActiveCfg = Release|x86
		{1D04F050-047B-4B8B-AF8D-680B97DD6C7D}.Ad-Hoc|iPhoneSimulator.Build.0 = Release|x86
		{1D04F050-047B-4B8B-AF8D-680B97DD6C7D}.Ad-Hoc|iPhoneSimulator.Deploy.0 = Release|x86
		{1D04F050-047B-4B8B-AF8D-680B97DD6C7D}.Ad-Hoc|x64.ActiveCfg = Release|x64
		{1D04F050-047B-4B8B-AF8D-680B97DD6C7D}.Ad-Hoc|x64.Build.0 = Release|x64
		{1D04F050-047B-4B8B-AF8D-680B97DD6C7D}.Ad-Hoc|x64.Deploy.0 = Release|x64
		{1D04F050-047B-4B8B-AF8D-680B97DD6C7D}.Ad-Hoc|x86.ActiveCfg = Release|x86
		{1D04F050-047B-4B8B-AF8D-680B97DD6C7D}.Ad-Hoc|x86.Build.0 = Release|x86
		{1D04F050-047B-4B8B-AF8D-680B97DD6C7D}.Ad-Hoc|x86.Deploy.0 = Release|x86
		{1D04F050-047B-4B8B-AF8D-680B97DD6C7D}.AppStore|Any CPU.ActiveCfg = Release|x86
		{1D04F050-047B-4B8B-AF8D-680B97DD6C7D}.AppStore|Any CPU.Build.0 = Release|x86
		{1D04F050-047B-4B8B-AF8D-680B97DD6C7D}.AppStore|Any CPU.Deploy.0 = Release|x86
		{1D04F050-047B-4B8B-AF8D-680B97DD6C7D}.AppStore|ARM.ActiveCfg = Release|ARM
		{1D04F050-047B-4B8B-AF8D-680B97DD6C7D}.AppStore|ARM.Build.0 = Release|ARM
		{1D04F050-047B-4B8B-AF8D-680B97DD6C7D}.AppStore|ARM.Deploy.0 = Release|ARM
		{1D04F050-047B-4B8B-AF8D-680B97DD6C7D}.AppStore|iPhone.ActiveCfg = Release|x86
		{1D04F050-047B-4B8B-AF8D-680B97DD6C7D}.AppStore|iPhone.Build.0 = Release|x86
		{1D04F050-047B-4B8B-AF8D-680B97DD6C7D}.AppStore|iPhone.Deploy.0 = Release|x86
		{1D04F050-047B-4B8B-AF8D-680B97DD6C7D}.AppStore|iPhoneSimulator.ActiveCfg = Release|x86
		{1D04F050-047B-4B8B-AF8D-680B97DD6C7D}.AppStore|iPhoneSimulator.Build.0 = Release|x86
		{1D04F050-047B-4B8B-AF8D-680B97DD6C7D}.AppStore|iPhoneSimulator.Deploy.0 = Release|x86
		{1D04F050-047B-4B8B-AF8D-680B97DD6C7D}.AppStore|x64.ActiveCfg = Release|x64
		{1D04F050-047B-4B8B-AF8D-680B97DD6C7D}.AppStore|x64.Build.0 = Release|x64
		{1D04F050-047B-4B8B-AF8D-680B97DD6C7D}.AppStore|x64.Deploy.0 = Release|x64
		{1D04F050-047B-4B8B-AF8D-680B97DD6C7D}.AppStore|x86.ActiveCfg = Release|x86
		{1D04F050-047B-4B8B-AF8D-680B97DD6C7D}.AppStore|x86.Build.0 = Release|x86
		{1D04F050-047B-4B8B-AF8D-680B97DD6C7D}.AppStore|x86.Deploy.0 = Release|x86
		{1D04F050-047B-4B8B-AF8D-680B97DD6C7D}.Debug|Any CPU.ActiveCfg = Debug|x86
		{1D04F050-047B-4B8B-AF8D-680B97DD6C7D}.Debug|ARM.ActiveCfg = Debug|ARM
		{1D04F050-047B-4B8B-AF8D-680B97DD6C7D}.Debug|ARM.Build.0 = Debug|ARM
		{1D04F050-047B-4B8B-AF8D-680B97DD6C7D}.Debug|ARM.Deploy.0 = Debug|ARM
		{1D04F050-047B-4B8B-AF8D-680B97DD6C7D}.Debug|iPhone.ActiveCfg = Debug|x86
		{1D04F050-047B-4B8B-AF8D-680B97DD6C7D}.Debug|iPhoneSimulator.ActiveCfg = Debug|x86
		{1D04F050-047B-4B8B-AF8D-680B97DD6C7D}.Debug|x64.ActiveCfg = Debug|x64
		{1D04F050-047B-4B8B-AF8D-680B97DD6C7D}.Debug|x64.Build.0 = Debug|x64
		{1D04F050-047B-4B8B-AF8D-680B97DD6C7D}.Debug|x64.Deploy.0 = Debug|x64
		{1D04F050-047B-4B8B-AF8D-680B97DD6C7D}.Debug|x86.ActiveCfg = Debug|x86
		{1D04F050-047B-4B8B-AF8D-680B97DD6C7D}.Debug|x86.Build.0 = Debug|x86
		{1D04F050-047B-4B8B-AF8D-680B97DD6C7D}.Debug|x86.Deploy.0 = Debug|x86
		{1D04F050-047B-4B8B-AF8D-680B97DD6C7D}.Release|Any CPU.ActiveCfg = Release|x86
		{1D04F050-047B-4B8B-AF8D-680B97DD6C7D}.Release|ARM.ActiveCfg = Release|ARM
		{1D04F050-047B-4B8B-AF8D-680B97DD6C7D}.Release|ARM.Build.0 = Release|ARM
		{1D04F050-047B-4B8B-AF8D-680B97DD6C7D}.Release|ARM.Deploy.0 = Release|ARM
		{1D04F050-047B-4B8B-AF8D-680B97DD6C7D}.Release|iPhone.ActiveCfg = Release|x86
		{1D04F050-047B-4B8B-AF8D-680B97DD6C7D}.Release|iPhoneSimulator.ActiveCfg = Release|x86
		{1D04F050-047B-4B8B-AF8D-680B97DD6C7D}.Release|x64.ActiveCfg = Release|x64
		{1D04F050-047B-4B8B-AF8D-680B97DD6C7D}.Release|x64.Build.0 = Release|x64
		{1D04F050-047B-4B8B-AF8D-680B97DD6C7D}.Release|x64.Deploy.0 = Release|x64
		{1D04F050-047B-4B8B-AF8D-680B97DD6C7D}.Release|x86.ActiveCfg = Release|x86
		{1D04F050-047B-4B8B-AF8D-680B97DD6C7D}.Release|x86.Build.0 = Release|x86
		{1D04F050-047B-4B8B-AF8D-680B97DD6C7D}.Release|x86.Deploy.0 = Release|x86
		{073B6310-FDDF-4FD4-AD39-18F44DC9C0EF}.Ad-Hoc|Any CPU.ActiveCfg = Ad-Hoc|iPhone
		{073B6310-FDDF-4FD4-AD39-18F44DC9C0EF}.Ad-Hoc|ARM.ActiveCfg = Ad-Hoc|iPhone
		{073B6310-FDDF-4FD4-AD39-18F44DC9C0EF}.Ad-Hoc|iPhone.ActiveCfg = Ad-Hoc|iPhone
		{073B6310-FDDF-4FD4-AD39-18F44DC9C0EF}.Ad-Hoc|iPhone.Build.0 = Ad-Hoc|iPhone
		{073B6310-FDDF-4FD4-AD39-18F44DC9C0EF}.Ad-Hoc|iPhoneSimulator.ActiveCfg = Ad-Hoc|iPhoneSimulator
		{073B6310-FDDF-4FD4-AD39-18F44DC9C0EF}.Ad-Hoc|iPhoneSimulator.Build.0 = Ad-Hoc|iPhoneSimulator
		{073B6310-FDDF-4FD4-AD39-18F44DC9C0EF}.Ad-Hoc|x64.ActiveCfg = Ad-Hoc|iPhone
		{073B6310-FDDF-4FD4-AD39-18F44DC9C0EF}.Ad-Hoc|x86.ActiveCfg = Ad-Hoc|iPhone
		{073B6310-FDDF-4FD4-AD39-18F44DC9C0EF}.AppStore|Any CPU.ActiveCfg = AppStore|iPhone
		{073B6310-FDDF-4FD4-AD39-18F44DC9C0EF}.AppStore|ARM.ActiveCfg = AppStore|iPhone
		{073B6310-FDDF-4FD4-AD39-18F44DC9C0EF}.AppStore|iPhone.ActiveCfg = AppStore|iPhone
		{073B6310-FDDF-4FD4-AD39-18F44DC9C0EF}.AppStore|iPhone.Build.0 = AppStore|iPhone
		{073B6310-FDDF-4FD4-AD39-18F44DC9C0EF}.AppStore|iPhoneSimulator.ActiveCfg = AppStore|iPhoneSimulator
		{073B6310-FDDF-4FD4-AD39-18F44DC9C0EF}.AppStore|iPhoneSimulator.Build.0 = AppStore|iPhoneSimulator
		{073B6310-FDDF-4FD4-AD39-18F44DC9C0EF}.AppStore|x64.ActiveCfg = AppStore|iPhone
		{073B6310-FDDF-4FD4-AD39-18F44DC9C0EF}.AppStore|x86.ActiveCfg = AppStore|iPhone
		{073B6310-FDDF-4FD4-AD39-18F44DC9C0EF}.Debug|Any CPU.ActiveCfg = Debug|iPhone
		{073B6310-FDDF-4FD4-AD39-18F44DC9C0EF}.Debug|ARM.ActiveCfg = Debug|iPhone
		{073B6310-FDDF-4FD4-AD39-18F44DC9C0EF}.Debug|iPhone.ActiveCfg = Debug|iPhone
		{073B6310-FDDF-4FD4-AD39-18F44DC9C0EF}.Debug|iPhone.Build.0 = Debug|iPhone
		{073B6310-FDDF-4FD4-AD39-18F44DC9C0EF}.Debug|iPhoneSimulator.ActiveCfg = Debug|iPhoneSimulator
		{073B6310-FDDF-4FD4-AD39-18F44DC9C0EF}.Debug|iPhoneSimulator.Build.0 = Debug|iPhoneSimulator
		{073B6310-FDDF-4FD4-AD39-18F44DC9C0EF}.Debug|x64.ActiveCfg = Debug|iPhone
		{073B6310-FDDF-4FD4-AD39-18F44DC9C0EF}.Debug|x86.ActiveCfg = Debug|iPhone
		{073B6310-FDDF-4FD4-AD39-18F44DC9C0EF}.Release|Any CPU.ActiveCfg = Release|iPhone
		{073B6310-FDDF-4FD4-AD39-18F44DC9C0EF}.Release|ARM.ActiveCfg = Release|iPhone
		{073B6310-FDDF-4FD4-AD39-18F44DC9C0EF}.Release|iPhone.ActiveCfg = Release|iPhone
		{073B6310-FDDF-4FD4-AD39-18F44DC9C0EF}.Release|iPhone.Build.0 = Release|iPhone
		{073B6310-FDDF-4FD4-AD39-18F44DC9C0EF}.Release|iPhoneSimulator.ActiveCfg = Release|iPhoneSimulator
		{073B6310-FDDF-4FD4-AD39-18F44DC9C0EF}.Release|iPhoneSimulator.Build.0 = Release|iPhoneSimulator
		{073B6310-FDDF-4FD4-AD39-18F44DC9C0EF}.Release|x64.ActiveCfg = Release|iPhone
		{073B6310-FDDF-4FD4-AD39-18F44DC9C0EF}.Release|x86.ActiveCfg = Release|iPhone
		{68FDD124-9AC8-45E6-AE15-0DF2F75E1AB0}.Ad-Hoc|Any CPU.ActiveCfg = Release|Any CPU
		{68FDD124-9AC8-45E6-AE15-0DF2F75E1AB0}.Ad-Hoc|Any CPU.Build.0 = Release|Any CPU
		{68FDD124-9AC8-45E6-AE15-0DF2F75E1AB0}.Ad-Hoc|Any CPU.Deploy.0 = Release|Any CPU
		{68FDD124-9AC8-45E6-AE15-0DF2F75E1AB0}.Ad-Hoc|ARM.ActiveCfg = Release|Any CPU
		{68FDD124-9AC8-45E6-AE15-0DF2F75E1AB0}.Ad-Hoc|ARM.Build.0 = Release|Any CPU
		{68FDD124-9AC8-45E6-AE15-0DF2F75E1AB0}.Ad-Hoc|ARM.Deploy.0 = Release|Any CPU
		{68FDD124-9AC8-45E6-AE15-0DF2F75E1AB0}.Ad-Hoc|iPhone.ActiveCfg = Release|Any CPU
		{68FDD124-9AC8-45E6-AE15-0DF2F75E1AB0}.Ad-Hoc|iPhone.Build.0 = Release|Any CPU
		{68FDD124-9AC8-45E6-AE15-0DF2F75E1AB0}.Ad-Hoc|iPhone.Deploy.0 = Release|Any CPU
		{68FDD124-9AC8-45E6-AE15-0DF2F75E1AB0}.Ad-Hoc|iPhoneSimulator.ActiveCfg = Release|Any CPU
		{68FDD124-9AC8-45E6-AE15-0DF2F75E1AB0}.Ad-Hoc|iPhoneSimulator.Build.0 = Release|Any CPU
		{68FDD124-9AC8-45E6-AE15-0DF2F75E1AB0}.Ad-Hoc|iPhoneSimulator.Deploy.0 = Release|Any CPU
		{68FDD124-9AC8-45E6-AE15-0DF2F75E1AB0}.Ad-Hoc|x64.ActiveCfg = Release|Any CPU
		{68FDD124-9AC8-45E6-AE15-0DF2F75E1AB0}.Ad-Hoc|x64.Build.0 = Release|Any CPU
		{68FDD124-9AC8-45E6-AE15-0DF2F75E1AB0}.Ad-Hoc|x64.Deploy.0 = Release|Any CPU
		{68FDD124-9AC8-45E6-AE15-0DF2F75E1AB0}.Ad-Hoc|x86.ActiveCfg = Release|Any CPU
		{68FDD124-9AC8-45E6-AE15-0DF2F75E1AB0}.Ad-Hoc|x86.Build.0 = Release|Any CPU
		{68FDD124-9AC8-45E6-AE15-0DF2F75E1AB0}.Ad-Hoc|x86.Deploy.0 = Release|Any CPU
		{68FDD124-9AC8-45E6-AE15-0DF2F75E1AB0}.AppStore|Any CPU.ActiveCfg = Release|Any CPU
		{68FDD124-9AC8-45E6-AE15-0DF2F75E1AB0}.AppStore|Any CPU.Build.0 = Release|Any CPU
		{68FDD124-9AC8-45E6-AE15-0DF2F75E1AB0}.AppStore|Any CPU.Deploy.0 = Release|Any CPU
		{68FDD124-9AC8-45E6-AE15-0DF2F75E1AB0}.AppStore|ARM.ActiveCfg = Release|Any CPU
		{68FDD124-9AC8-45E6-AE15-0DF2F75E1AB0}.AppStore|ARM.Build.0 = Release|Any CPU
		{68FDD124-9AC8-45E6-AE15-0DF2F75E1AB0}.AppStore|ARM.Deploy.0 = Release|Any CPU
		{68FDD124-9AC8-45E6-AE15-0DF2F75E1AB0}.AppStore|iPhone.ActiveCfg = Release|Any CPU
		{68FDD124-9AC8-45E6-AE15-0DF2F75E1AB0}.AppStore|iPhone.Build.0 = Release|Any CPU
		{68FDD124-9AC8-45E6-AE15-0DF2F75E1AB0}.AppStore|iPhone.Deploy.0 = Release|Any CPU
		{68FDD124-9AC8-45E6-AE15-0DF2F75E1AB0}.AppStore|iPhoneSimulator.ActiveCfg = Release|Any CPU
		{68FDD124-9AC8-45E6-AE15-0DF2F75E1AB0}.AppStore|iPhoneSimulator.Build.0 = Release|Any CPU
		{68FDD124-9AC8-45E6-AE15-0DF2F75E1AB0}.AppStore|iPhoneSimulator.Deploy.0 = Release|Any CPU
		{68FDD124-9AC8-45E6-AE15-0DF2F75E1AB0}.AppStore|x64.ActiveCfg = Release|Any CPU
		{68FDD124-9AC8-45E6-AE15-0DF2F75E1AB0}.AppStore|x64.Build.0 = Release|Any CPU
		{68FDD124-9AC8-45E6-AE15-0DF2F75E1AB0}.AppStore|x64.Deploy.0 = Release|Any CPU
		{68FDD124-9AC8-45E6-AE15-0DF2F75E1AB0}.AppStore|x86.ActiveCfg = Release|Any CPU
		{68FDD124-9AC8-45E6-AE15-0DF2F75E1AB0}.AppStore|x86.Build.0 = Release|Any CPU
		{68FDD124-9AC8-45E6-AE15-0DF2F75E1AB0}.AppStore|x86.Deploy.0 = Release|Any CPU
		{68FDD124-9AC8-45E6-AE15-0DF2F75E1AB0}.Debug|Any CPU.ActiveCfg = Debug|Any CPU
		{68FDD124-9AC8-45E6-AE15-0DF2F75E1AB0}.Debug|Any CPU.Build.0 = Debug|Any CPU
		{68FDD124-9AC8-45E6-AE15-0DF2F75E1AB0}.Debug|Any CPU.Deploy.0 = Debug|Any CPU
		{68FDD124-9AC8-45E6-AE15-0DF2F75E1AB0}.Debug|ARM.ActiveCfg = Debug|Any CPU
		{68FDD124-9AC8-45E6-AE15-0DF2F75E1AB0}.Debug|ARM.Build.0 = Debug|Any CPU
		{68FDD124-9AC8-45E6-AE15-0DF2F75E1AB0}.Debug|ARM.Deploy.0 = Debug|Any CPU
		{68FDD124-9AC8-45E6-AE15-0DF2F75E1AB0}.Debug|iPhone.ActiveCfg = Debug|Any CPU
		{68FDD124-9AC8-45E6-AE15-0DF2F75E1AB0}.Debug|iPhone.Build.0 = Debug|Any CPU
		{68FDD124-9AC8-45E6-AE15-0DF2F75E1AB0}.Debug|iPhone.Deploy.0 = Debug|Any CPU
		{68FDD124-9AC8-45E6-AE15-0DF2F75E1AB0}.Debug|iPhoneSimulator.ActiveCfg = Debug|Any CPU
		{68FDD124-9AC8-45E6-AE15-0DF2F75E1AB0}.Debug|iPhoneSimulator.Build.0 = Debug|Any CPU
		{68FDD124-9AC8-45E6-AE15-0DF2F75E1AB0}.Debug|iPhoneSimulator.Deploy.0 = Debug|Any CPU
		{68FDD124-9AC8-45E6-AE15-0DF2F75E1AB0}.Debug|x64.ActiveCfg = Debug|Any CPU
		{68FDD124-9AC8-45E6-AE15-0DF2F75E1AB0}.Debug|x64.Build.0 = Debug|Any CPU
		{68FDD124-9AC8-45E6-AE15-0DF2F75E1AB0}.Debug|x64.Deploy.0 = Debug|Any CPU
		{68FDD124-9AC8-45E6-AE15-0DF2F75E1AB0}.Debug|x86.ActiveCfg = Debug|Any CPU
		{68FDD124-9AC8-45E6-AE15-0DF2F75E1AB0}.Debug|x86.Build.0 = Debug|Any CPU
		{68FDD124-9AC8-45E6-AE15-0DF2F75E1AB0}.Debug|x86.Deploy.0 = Debug|Any CPU
		{68FDD124-9AC8-45E6-AE15-0DF2F75E1AB0}.Release|Any CPU.ActiveCfg = Release|Any CPU
		{68FDD124-9AC8-45E6-AE15-0DF2F75E1AB0}.Release|Any CPU.Build.0 = Release|Any CPU
		{68FDD124-9AC8-45E6-AE15-0DF2F75E1AB0}.Release|Any CPU.Deploy.0 = Release|Any CPU
		{68FDD124-9AC8-45E6-AE15-0DF2F75E1AB0}.Release|ARM.ActiveCfg = Release|Any CPU
		{68FDD124-9AC8-45E6-AE15-0DF2F75E1AB0}.Release|ARM.Build.0 = Release|Any CPU
		{68FDD124-9AC8-45E6-AE15-0DF2F75E1AB0}.Release|ARM.Deploy.0 = Release|Any CPU
		{68FDD124-9AC8-45E6-AE15-0DF2F75E1AB0}.Release|iPhone.ActiveCfg = Release|Any CPU
		{68FDD124-9AC8-45E6-AE15-0DF2F75E1AB0}.Release|iPhone.Build.0 = Release|Any CPU
		{68FDD124-9AC8-45E6-AE15-0DF2F75E1AB0}.Release|iPhone.Deploy.0 = Release|Any CPU
		{68FDD124-9AC8-45E6-AE15-0DF2F75E1AB0}.Release|iPhoneSimulator.ActiveCfg = Release|Any CPU
		{68FDD124-9AC8-45E6-AE15-0DF2F75E1AB0}.Release|iPhoneSimulator.Build.0 = Release|Any CPU
		{68FDD124-9AC8-45E6-AE15-0DF2F75E1AB0}.Release|iPhoneSimulator.Deploy.0 = Release|Any CPU
		{68FDD124-9AC8-45E6-AE15-0DF2F75E1AB0}.Release|x64.ActiveCfg = Release|Any CPU
		{68FDD124-9AC8-45E6-AE15-0DF2F75E1AB0}.Release|x64.Build.0 = Release|Any CPU
		{68FDD124-9AC8-45E6-AE15-0DF2F75E1AB0}.Release|x64.Deploy.0 = Release|Any CPU
		{68FDD124-9AC8-45E6-AE15-0DF2F75E1AB0}.Release|x86.ActiveCfg = Release|Any CPU
		{68FDD124-9AC8-45E6-AE15-0DF2F75E1AB0}.Release|x86.Build.0 = Release|Any CPU
		{68FDD124-9AC8-45E6-AE15-0DF2F75E1AB0}.Release|x86.Deploy.0 = Release|Any CPU
		{31052F73-CB8C-4148-966E-EC8ECF7244DA}.Ad-Hoc|Any CPU.ActiveCfg = Release|Any CPU
		{31052F73-CB8C-4148-966E-EC8ECF7244DA}.Ad-Hoc|Any CPU.Build.0 = Release|Any CPU
		{31052F73-CB8C-4148-966E-EC8ECF7244DA}.Ad-Hoc|ARM.ActiveCfg = Release|Any CPU
		{31052F73-CB8C-4148-966E-EC8ECF7244DA}.Ad-Hoc|ARM.Build.0 = Release|Any CPU
		{31052F73-CB8C-4148-966E-EC8ECF7244DA}.Ad-Hoc|iPhone.ActiveCfg = Release|Any CPU
		{31052F73-CB8C-4148-966E-EC8ECF7244DA}.Ad-Hoc|iPhone.Build.0 = Release|Any CPU
		{31052F73-CB8C-4148-966E-EC8ECF7244DA}.Ad-Hoc|iPhoneSimulator.ActiveCfg = Release|Any CPU
		{31052F73-CB8C-4148-966E-EC8ECF7244DA}.Ad-Hoc|iPhoneSimulator.Build.0 = Release|Any CPU
		{31052F73-CB8C-4148-966E-EC8ECF7244DA}.Ad-Hoc|x64.ActiveCfg = Release|Any CPU
		{31052F73-CB8C-4148-966E-EC8ECF7244DA}.Ad-Hoc|x64.Build.0 = Release|Any CPU
		{31052F73-CB8C-4148-966E-EC8ECF7244DA}.Ad-Hoc|x86.ActiveCfg = Release|Any CPU
		{31052F73-CB8C-4148-966E-EC8ECF7244DA}.Ad-Hoc|x86.Build.0 = Release|Any CPU
		{31052F73-CB8C-4148-966E-EC8ECF7244DA}.AppStore|Any CPU.ActiveCfg = Release|Any CPU
		{31052F73-CB8C-4148-966E-EC8ECF7244DA}.AppStore|Any CPU.Build.0 = Release|Any CPU
		{31052F73-CB8C-4148-966E-EC8ECF7244DA}.AppStore|ARM.ActiveCfg = Release|Any CPU
		{31052F73-CB8C-4148-966E-EC8ECF7244DA}.AppStore|ARM.Build.0 = Release|Any CPU
		{31052F73-CB8C-4148-966E-EC8ECF7244DA}.AppStore|iPhone.ActiveCfg = Release|Any CPU
		{31052F73-CB8C-4148-966E-EC8ECF7244DA}.AppStore|iPhone.Build.0 = Release|Any CPU
		{31052F73-CB8C-4148-966E-EC8ECF7244DA}.AppStore|iPhoneSimulator.ActiveCfg = Release|Any CPU
		{31052F73-CB8C-4148-966E-EC8ECF7244DA}.AppStore|iPhoneSimulator.Build.0 = Release|Any CPU
		{31052F73-CB8C-4148-966E-EC8ECF7244DA}.AppStore|x64.ActiveCfg = Release|Any CPU
		{31052F73-CB8C-4148-966E-EC8ECF7244DA}.AppStore|x64.Build.0 = Release|Any CPU
		{31052F73-CB8C-4148-966E-EC8ECF7244DA}.AppStore|x86.ActiveCfg = Release|Any CPU
		{31052F73-CB8C-4148-966E-EC8ECF7244DA}.AppStore|x86.Build.0 = Release|Any CPU
		{31052F73-CB8C-4148-966E-EC8ECF7244DA}.Debug|Any CPU.ActiveCfg = Debug|Any CPU
		{31052F73-CB8C-4148-966E-EC8ECF7244DA}.Debug|Any CPU.Build.0 = Debug|Any CPU
		{31052F73-CB8C-4148-966E-EC8ECF7244DA}.Debug|ARM.ActiveCfg = Debug|Any CPU
		{31052F73-CB8C-4148-966E-EC8ECF7244DA}.Debug|ARM.Build.0 = Debug|Any CPU
		{31052F73-CB8C-4148-966E-EC8ECF7244DA}.Debug|iPhone.ActiveCfg = Debug|Any CPU
		{31052F73-CB8C-4148-966E-EC8ECF7244DA}.Debug|iPhone.Build.0 = Debug|Any CPU
		{31052F73-CB8C-4148-966E-EC8ECF7244DA}.Debug|iPhoneSimulator.ActiveCfg = Debug|Any CPU
		{31052F73-CB8C-4148-966E-EC8ECF7244DA}.Debug|iPhoneSimulator.Build.0 = Debug|Any CPU
		{31052F73-CB8C-4148-966E-EC8ECF7244DA}.Debug|x64.ActiveCfg = Debug|Any CPU
		{31052F73-CB8C-4148-966E-EC8ECF7244DA}.Debug|x64.Build.0 = Debug|Any CPU
		{31052F73-CB8C-4148-966E-EC8ECF7244DA}.Debug|x86.ActiveCfg = Debug|Any CPU
		{31052F73-CB8C-4148-966E-EC8ECF7244DA}.Debug|x86.Build.0 = Debug|Any CPU
		{31052F73-CB8C-4148-966E-EC8ECF7244DA}.Release|Any CPU.ActiveCfg = Release|Any CPU
		{31052F73-CB8C-4148-966E-EC8ECF7244DA}.Release|Any CPU.Build.0 = Release|Any CPU
		{31052F73-CB8C-4148-966E-EC8ECF7244DA}.Release|ARM.ActiveCfg = Release|Any CPU
		{31052F73-CB8C-4148-966E-EC8ECF7244DA}.Release|ARM.Build.0 = Release|Any CPU
		{31052F73-CB8C-4148-966E-EC8ECF7244DA}.Release|iPhone.ActiveCfg = Release|Any CPU
		{31052F73-CB8C-4148-966E-EC8ECF7244DA}.Release|iPhone.Build.0 = Release|Any CPU
		{31052F73-CB8C-4148-966E-EC8ECF7244DA}.Release|iPhoneSimulator.ActiveCfg = Release|Any CPU
		{31052F73-CB8C-4148-966E-EC8ECF7244DA}.Release|iPhoneSimulator.Build.0 = Release|Any CPU
		{31052F73-CB8C-4148-966E-EC8ECF7244DA}.Release|x64.ActiveCfg = Release|Any CPU
		{31052F73-CB8C-4148-966E-EC8ECF7244DA}.Release|x64.Build.0 = Release|Any CPU
		{31052F73-CB8C-4148-966E-EC8ECF7244DA}.Release|x86.ActiveCfg = Release|Any CPU
		{31052F73-CB8C-4148-966E-EC8ECF7244DA}.Release|x86.Build.0 = Release|Any CPU
		{D66557B3-229B-4B96-AF26-129C132850F3}.Ad-Hoc|Any CPU.ActiveCfg = Release|x86
		{D66557B3-229B-4B96-AF26-129C132850F3}.Ad-Hoc|Any CPU.Build.0 = Release|x86
		{D66557B3-229B-4B96-AF26-129C132850F3}.Ad-Hoc|Any CPU.Deploy.0 = Release|x86
		{D66557B3-229B-4B96-AF26-129C132850F3}.Ad-Hoc|ARM.ActiveCfg = Release|ARM
		{D66557B3-229B-4B96-AF26-129C132850F3}.Ad-Hoc|ARM.Build.0 = Release|ARM
		{D66557B3-229B-4B96-AF26-129C132850F3}.Ad-Hoc|ARM.Deploy.0 = Release|ARM
		{D66557B3-229B-4B96-AF26-129C132850F3}.Ad-Hoc|iPhone.ActiveCfg = Release|x86
		{D66557B3-229B-4B96-AF26-129C132850F3}.Ad-Hoc|iPhone.Build.0 = Release|x86
		{D66557B3-229B-4B96-AF26-129C132850F3}.Ad-Hoc|iPhone.Deploy.0 = Release|x86
		{D66557B3-229B-4B96-AF26-129C132850F3}.Ad-Hoc|iPhoneSimulator.ActiveCfg = Release|x86
		{D66557B3-229B-4B96-AF26-129C132850F3}.Ad-Hoc|iPhoneSimulator.Build.0 = Release|x86
		{D66557B3-229B-4B96-AF26-129C132850F3}.Ad-Hoc|iPhoneSimulator.Deploy.0 = Release|x86
		{D66557B3-229B-4B96-AF26-129C132850F3}.Ad-Hoc|x64.ActiveCfg = Release|x64
		{D66557B3-229B-4B96-AF26-129C132850F3}.Ad-Hoc|x64.Build.0 = Release|x64
		{D66557B3-229B-4B96-AF26-129C132850F3}.Ad-Hoc|x64.Deploy.0 = Release|x64
		{D66557B3-229B-4B96-AF26-129C132850F3}.Ad-Hoc|x86.ActiveCfg = Release|x86
		{D66557B3-229B-4B96-AF26-129C132850F3}.Ad-Hoc|x86.Build.0 = Release|x86
		{D66557B3-229B-4B96-AF26-129C132850F3}.Ad-Hoc|x86.Deploy.0 = Release|x86
		{D66557B3-229B-4B96-AF26-129C132850F3}.AppStore|Any CPU.ActiveCfg = Release|x86
		{D66557B3-229B-4B96-AF26-129C132850F3}.AppStore|Any CPU.Build.0 = Release|x86
		{D66557B3-229B-4B96-AF26-129C132850F3}.AppStore|Any CPU.Deploy.0 = Release|x86
		{D66557B3-229B-4B96-AF26-129C132850F3}.AppStore|ARM.ActiveCfg = Release|ARM
		{D66557B3-229B-4B96-AF26-129C132850F3}.AppStore|ARM.Build.0 = Release|ARM
		{D66557B3-229B-4B96-AF26-129C132850F3}.AppStore|ARM.Deploy.0 = Release|ARM
		{D66557B3-229B-4B96-AF26-129C132850F3}.AppStore|iPhone.ActiveCfg = Release|x86
		{D66557B3-229B-4B96-AF26-129C132850F3}.AppStore|iPhone.Build.0 = Release|x86
		{D66557B3-229B-4B96-AF26-129C132850F3}.AppStore|iPhone.Deploy.0 = Release|x86
		{D66557B3-229B-4B96-AF26-129C132850F3}.AppStore|iPhoneSimulator.ActiveCfg = Release|x86
		{D66557B3-229B-4B96-AF26-129C132850F3}.AppStore|iPhoneSimulator.Build.0 = Release|x86
		{D66557B3-229B-4B96-AF26-129C132850F3}.AppStore|iPhoneSimulator.Deploy.0 = Release|x86
		{D66557B3-229B-4B96-AF26-129C132850F3}.AppStore|x64.ActiveCfg = Release|x64
		{D66557B3-229B-4B96-AF26-129C132850F3}.AppStore|x64.Build.0 = Release|x64
		{D66557B3-229B-4B96-AF26-129C132850F3}.AppStore|x64.Deploy.0 = Release|x64
		{D66557B3-229B-4B96-AF26-129C132850F3}.AppStore|x86.ActiveCfg = Release|x86
		{D66557B3-229B-4B96-AF26-129C132850F3}.AppStore|x86.Build.0 = Release|x86
		{D66557B3-229B-4B96-AF26-129C132850F3}.AppStore|x86.Deploy.0 = Release|x86
		{D66557B3-229B-4B96-AF26-129C132850F3}.Debug|Any CPU.ActiveCfg = Debug|x86
		{D66557B3-229B-4B96-AF26-129C132850F3}.Debug|ARM.ActiveCfg = Debug|ARM
		{D66557B3-229B-4B96-AF26-129C132850F3}.Debug|ARM.Build.0 = Debug|ARM
		{D66557B3-229B-4B96-AF26-129C132850F3}.Debug|ARM.Deploy.0 = Debug|ARM
		{D66557B3-229B-4B96-AF26-129C132850F3}.Debug|iPhone.ActiveCfg = Debug|x86
		{D66557B3-229B-4B96-AF26-129C132850F3}.Debug|iPhoneSimulator.ActiveCfg = Debug|x86
		{D66557B3-229B-4B96-AF26-129C132850F3}.Debug|x64.ActiveCfg = Debug|x64
		{D66557B3-229B-4B96-AF26-129C132850F3}.Debug|x64.Build.0 = Debug|x64
		{D66557B3-229B-4B96-AF26-129C132850F3}.Debug|x64.Deploy.0 = Debug|x64
		{D66557B3-229B-4B96-AF26-129C132850F3}.Debug|x86.ActiveCfg = Debug|x86
		{D66557B3-229B-4B96-AF26-129C132850F3}.Debug|x86.Build.0 = Debug|x86
		{D66557B3-229B-4B96-AF26-129C132850F3}.Debug|x86.Deploy.0 = Debug|x86
		{D66557B3-229B-4B96-AF26-129C132850F3}.Release|Any CPU.ActiveCfg = Release|x86
		{D66557B3-229B-4B96-AF26-129C132850F3}.Release|ARM.ActiveCfg = Release|ARM
		{D66557B3-229B-4B96-AF26-129C132850F3}.Release|ARM.Build.0 = Release|ARM
		{D66557B3-229B-4B96-AF26-129C132850F3}.Release|ARM.Deploy.0 = Release|ARM
		{D66557B3-229B-4B96-AF26-129C132850F3}.Release|iPhone.ActiveCfg = Release|x86
		{D66557B3-229B-4B96-AF26-129C132850F3}.Release|iPhoneSimulator.ActiveCfg = Release|x86
		{D66557B3-229B-4B96-AF26-129C132850F3}.Release|x64.ActiveCfg = Release|x64
		{D66557B3-229B-4B96-AF26-129C132850F3}.Release|x64.Build.0 = Release|x64
		{D66557B3-229B-4B96-AF26-129C132850F3}.Release|x64.Deploy.0 = Release|x64
		{D66557B3-229B-4B96-AF26-129C132850F3}.Release|x86.ActiveCfg = Release|x86
		{D66557B3-229B-4B96-AF26-129C132850F3}.Release|x86.Build.0 = Release|x86
		{D66557B3-229B-4B96-AF26-129C132850F3}.Release|x86.Deploy.0 = Release|x86
		{D9587591-52B6-42D2-AFB4-3DC62FB2C417}.Ad-Hoc|Any CPU.ActiveCfg = Ad-Hoc|iPhone
		{D9587591-52B6-42D2-AFB4-3DC62FB2C417}.Ad-Hoc|ARM.ActiveCfg = Ad-Hoc|iPhone
		{D9587591-52B6-42D2-AFB4-3DC62FB2C417}.Ad-Hoc|iPhone.ActiveCfg = Ad-Hoc|iPhone
		{D9587591-52B6-42D2-AFB4-3DC62FB2C417}.Ad-Hoc|iPhone.Build.0 = Ad-Hoc|iPhone
		{D9587591-52B6-42D2-AFB4-3DC62FB2C417}.Ad-Hoc|iPhoneSimulator.ActiveCfg = Ad-Hoc|iPhoneSimulator
		{D9587591-52B6-42D2-AFB4-3DC62FB2C417}.Ad-Hoc|iPhoneSimulator.Build.0 = Ad-Hoc|iPhoneSimulator
		{D9587591-52B6-42D2-AFB4-3DC62FB2C417}.Ad-Hoc|x64.ActiveCfg = Ad-Hoc|iPhone
		{D9587591-52B6-42D2-AFB4-3DC62FB2C417}.Ad-Hoc|x86.ActiveCfg = Ad-Hoc|iPhone
		{D9587591-52B6-42D2-AFB4-3DC62FB2C417}.AppStore|Any CPU.ActiveCfg = AppStore|iPhone
		{D9587591-52B6-42D2-AFB4-3DC62FB2C417}.AppStore|ARM.ActiveCfg = AppStore|iPhone
		{D9587591-52B6-42D2-AFB4-3DC62FB2C417}.AppStore|iPhone.ActiveCfg = AppStore|iPhone
		{D9587591-52B6-42D2-AFB4-3DC62FB2C417}.AppStore|iPhone.Build.0 = AppStore|iPhone
		{D9587591-52B6-42D2-AFB4-3DC62FB2C417}.AppStore|iPhoneSimulator.ActiveCfg = AppStore|iPhoneSimulator
		{D9587591-52B6-42D2-AFB4-3DC62FB2C417}.AppStore|iPhoneSimulator.Build.0 = AppStore|iPhoneSimulator
		{D9587591-52B6-42D2-AFB4-3DC62FB2C417}.AppStore|x64.ActiveCfg = AppStore|iPhone
		{D9587591-52B6-42D2-AFB4-3DC62FB2C417}.AppStore|x86.ActiveCfg = AppStore|iPhone
		{D9587591-52B6-42D2-AFB4-3DC62FB2C417}.Debug|Any CPU.ActiveCfg = Debug|iPhone
		{D9587591-52B6-42D2-AFB4-3DC62FB2C417}.Debug|ARM.ActiveCfg = Debug|iPhone
		{D9587591-52B6-42D2-AFB4-3DC62FB2C417}.Debug|iPhone.ActiveCfg = Debug|iPhone
		{D9587591-52B6-42D2-AFB4-3DC62FB2C417}.Debug|iPhone.Build.0 = Debug|iPhone
		{D9587591-52B6-42D2-AFB4-3DC62FB2C417}.Debug|iPhoneSimulator.ActiveCfg = Debug|iPhoneSimulator
		{D9587591-52B6-42D2-AFB4-3DC62FB2C417}.Debug|iPhoneSimulator.Build.0 = Debug|iPhoneSimulator
		{D9587591-52B6-42D2-AFB4-3DC62FB2C417}.Debug|x64.ActiveCfg = Debug|iPhone
		{D9587591-52B6-42D2-AFB4-3DC62FB2C417}.Debug|x86.ActiveCfg = Debug|iPhone
		{D9587591-52B6-42D2-AFB4-3DC62FB2C417}.Release|Any CPU.ActiveCfg = Release|iPhone
		{D9587591-52B6-42D2-AFB4-3DC62FB2C417}.Release|ARM.ActiveCfg = Release|iPhone
		{D9587591-52B6-42D2-AFB4-3DC62FB2C417}.Release|iPhone.ActiveCfg = Release|iPhone
		{D9587591-52B6-42D2-AFB4-3DC62FB2C417}.Release|iPhone.Build.0 = Release|iPhone
		{D9587591-52B6-42D2-AFB4-3DC62FB2C417}.Release|iPhoneSimulator.ActiveCfg = Release|iPhoneSimulator
		{D9587591-52B6-42D2-AFB4-3DC62FB2C417}.Release|iPhoneSimulator.Build.0 = Release|iPhoneSimulator
		{D9587591-52B6-42D2-AFB4-3DC62FB2C417}.Release|x64.ActiveCfg = Release|iPhone
		{D9587591-52B6-42D2-AFB4-3DC62FB2C417}.Release|x86.ActiveCfg = Release|iPhone
		{2D72372D-6A0F-4401-9B82-2526891A52FF}.Ad-Hoc|Any CPU.ActiveCfg = Release|Any CPU
		{2D72372D-6A0F-4401-9B82-2526891A52FF}.Ad-Hoc|Any CPU.Build.0 = Release|Any CPU
		{2D72372D-6A0F-4401-9B82-2526891A52FF}.Ad-Hoc|Any CPU.Deploy.0 = Release|Any CPU
		{2D72372D-6A0F-4401-9B82-2526891A52FF}.Ad-Hoc|ARM.ActiveCfg = Release|Any CPU
		{2D72372D-6A0F-4401-9B82-2526891A52FF}.Ad-Hoc|ARM.Build.0 = Release|Any CPU
		{2D72372D-6A0F-4401-9B82-2526891A52FF}.Ad-Hoc|ARM.Deploy.0 = Release|Any CPU
		{2D72372D-6A0F-4401-9B82-2526891A52FF}.Ad-Hoc|iPhone.ActiveCfg = Release|Any CPU
		{2D72372D-6A0F-4401-9B82-2526891A52FF}.Ad-Hoc|iPhone.Build.0 = Release|Any CPU
		{2D72372D-6A0F-4401-9B82-2526891A52FF}.Ad-Hoc|iPhone.Deploy.0 = Release|Any CPU
		{2D72372D-6A0F-4401-9B82-2526891A52FF}.Ad-Hoc|iPhoneSimulator.ActiveCfg = Release|Any CPU
		{2D72372D-6A0F-4401-9B82-2526891A52FF}.Ad-Hoc|iPhoneSimulator.Build.0 = Release|Any CPU
		{2D72372D-6A0F-4401-9B82-2526891A52FF}.Ad-Hoc|iPhoneSimulator.Deploy.0 = Release|Any CPU
		{2D72372D-6A0F-4401-9B82-2526891A52FF}.Ad-Hoc|x64.ActiveCfg = Release|Any CPU
		{2D72372D-6A0F-4401-9B82-2526891A52FF}.Ad-Hoc|x64.Build.0 = Release|Any CPU
		{2D72372D-6A0F-4401-9B82-2526891A52FF}.Ad-Hoc|x64.Deploy.0 = Release|Any CPU
		{2D72372D-6A0F-4401-9B82-2526891A52FF}.Ad-Hoc|x86.ActiveCfg = Release|Any CPU
		{2D72372D-6A0F-4401-9B82-2526891A52FF}.Ad-Hoc|x86.Build.0 = Release|Any CPU
		{2D72372D-6A0F-4401-9B82-2526891A52FF}.Ad-Hoc|x86.Deploy.0 = Release|Any CPU
		{2D72372D-6A0F-4401-9B82-2526891A52FF}.AppStore|Any CPU.ActiveCfg = Release|Any CPU
		{2D72372D-6A0F-4401-9B82-2526891A52FF}.AppStore|Any CPU.Build.0 = Release|Any CPU
		{2D72372D-6A0F-4401-9B82-2526891A52FF}.AppStore|Any CPU.Deploy.0 = Release|Any CPU
		{2D72372D-6A0F-4401-9B82-2526891A52FF}.AppStore|ARM.ActiveCfg = Release|Any CPU
		{2D72372D-6A0F-4401-9B82-2526891A52FF}.AppStore|ARM.Build.0 = Release|Any CPU
		{2D72372D-6A0F-4401-9B82-2526891A52FF}.AppStore|ARM.Deploy.0 = Release|Any CPU
		{2D72372D-6A0F-4401-9B82-2526891A52FF}.AppStore|iPhone.ActiveCfg = Release|Any CPU
		{2D72372D-6A0F-4401-9B82-2526891A52FF}.AppStore|iPhone.Build.0 = Release|Any CPU
		{2D72372D-6A0F-4401-9B82-2526891A52FF}.AppStore|iPhone.Deploy.0 = Release|Any CPU
		{2D72372D-6A0F-4401-9B82-2526891A52FF}.AppStore|iPhoneSimulator.ActiveCfg = Release|Any CPU
		{2D72372D-6A0F-4401-9B82-2526891A52FF}.AppStore|iPhoneSimulator.Build.0 = Release|Any CPU
		{2D72372D-6A0F-4401-9B82-2526891A52FF}.AppStore|iPhoneSimulator.Deploy.0 = Release|Any CPU
		{2D72372D-6A0F-4401-9B82-2526891A52FF}.AppStore|x64.ActiveCfg = Release|Any CPU
		{2D72372D-6A0F-4401-9B82-2526891A52FF}.AppStore|x64.Build.0 = Release|Any CPU
		{2D72372D-6A0F-4401-9B82-2526891A52FF}.AppStore|x64.Deploy.0 = Release|Any CPU
		{2D72372D-6A0F-4401-9B82-2526891A52FF}.AppStore|x86.ActiveCfg = Release|Any CPU
		{2D72372D-6A0F-4401-9B82-2526891A52FF}.AppStore|x86.Build.0 = Release|Any CPU
		{2D72372D-6A0F-4401-9B82-2526891A52FF}.AppStore|x86.Deploy.0 = Release|Any CPU
		{2D72372D-6A0F-4401-9B82-2526891A52FF}.Debug|Any CPU.ActiveCfg = Debug|Any CPU
		{2D72372D-6A0F-4401-9B82-2526891A52FF}.Debug|Any CPU.Build.0 = Debug|Any CPU
		{2D72372D-6A0F-4401-9B82-2526891A52FF}.Debug|Any CPU.Deploy.0 = Debug|Any CPU
		{2D72372D-6A0F-4401-9B82-2526891A52FF}.Debug|ARM.ActiveCfg = Debug|Any CPU
		{2D72372D-6A0F-4401-9B82-2526891A52FF}.Debug|ARM.Build.0 = Debug|Any CPU
		{2D72372D-6A0F-4401-9B82-2526891A52FF}.Debug|ARM.Deploy.0 = Debug|Any CPU
		{2D72372D-6A0F-4401-9B82-2526891A52FF}.Debug|iPhone.ActiveCfg = Debug|Any CPU
		{2D72372D-6A0F-4401-9B82-2526891A52FF}.Debug|iPhone.Build.0 = Debug|Any CPU
		{2D72372D-6A0F-4401-9B82-2526891A52FF}.Debug|iPhone.Deploy.0 = Debug|Any CPU
		{2D72372D-6A0F-4401-9B82-2526891A52FF}.Debug|iPhoneSimulator.ActiveCfg = Debug|Any CPU
		{2D72372D-6A0F-4401-9B82-2526891A52FF}.Debug|iPhoneSimulator.Build.0 = Debug|Any CPU
		{2D72372D-6A0F-4401-9B82-2526891A52FF}.Debug|iPhoneSimulator.Deploy.0 = Debug|Any CPU
		{2D72372D-6A0F-4401-9B82-2526891A52FF}.Debug|x64.ActiveCfg = Debug|Any CPU
		{2D72372D-6A0F-4401-9B82-2526891A52FF}.Debug|x64.Build.0 = Debug|Any CPU
		{2D72372D-6A0F-4401-9B82-2526891A52FF}.Debug|x64.Deploy.0 = Debug|Any CPU
		{2D72372D-6A0F-4401-9B82-2526891A52FF}.Debug|x86.ActiveCfg = Debug|Any CPU
		{2D72372D-6A0F-4401-9B82-2526891A52FF}.Debug|x86.Build.0 = Debug|Any CPU
		{2D72372D-6A0F-4401-9B82-2526891A52FF}.Debug|x86.Deploy.0 = Debug|Any CPU
		{2D72372D-6A0F-4401-9B82-2526891A52FF}.Release|Any CPU.ActiveCfg = Release|Any CPU
		{2D72372D-6A0F-4401-9B82-2526891A52FF}.Release|Any CPU.Build.0 = Release|Any CPU
		{2D72372D-6A0F-4401-9B82-2526891A52FF}.Release|Any CPU.Deploy.0 = Release|Any CPU
		{2D72372D-6A0F-4401-9B82-2526891A52FF}.Release|ARM.ActiveCfg = Release|Any CPU
		{2D72372D-6A0F-4401-9B82-2526891A52FF}.Release|ARM.Build.0 = Release|Any CPU
		{2D72372D-6A0F-4401-9B82-2526891A52FF}.Release|ARM.Deploy.0 = Release|Any CPU
		{2D72372D-6A0F-4401-9B82-2526891A52FF}.Release|iPhone.ActiveCfg = Release|Any CPU
		{2D72372D-6A0F-4401-9B82-2526891A52FF}.Release|iPhone.Build.0 = Release|Any CPU
		{2D72372D-6A0F-4401-9B82-2526891A52FF}.Release|iPhone.Deploy.0 = Release|Any CPU
		{2D72372D-6A0F-4401-9B82-2526891A52FF}.Release|iPhoneSimulator.ActiveCfg = Release|Any CPU
		{2D72372D-6A0F-4401-9B82-2526891A52FF}.Release|iPhoneSimulator.Build.0 = Release|Any CPU
		{2D72372D-6A0F-4401-9B82-2526891A52FF}.Release|iPhoneSimulator.Deploy.0 = Release|Any CPU
		{2D72372D-6A0F-4401-9B82-2526891A52FF}.Release|x64.ActiveCfg = Release|Any CPU
		{2D72372D-6A0F-4401-9B82-2526891A52FF}.Release|x64.Build.0 = Release|Any CPU
		{2D72372D-6A0F-4401-9B82-2526891A52FF}.Release|x64.Deploy.0 = Release|Any CPU
		{2D72372D-6A0F-4401-9B82-2526891A52FF}.Release|x86.ActiveCfg = Release|Any CPU
		{2D72372D-6A0F-4401-9B82-2526891A52FF}.Release|x86.Build.0 = Release|Any CPU
		{2D72372D-6A0F-4401-9B82-2526891A52FF}.Release|x86.Deploy.0 = Release|Any CPU
		{9206ACC0-BC9F-42C9-9113-FE1CE5A56999}.Ad-Hoc|Any CPU.ActiveCfg = Release|Any CPU
		{9206ACC0-BC9F-42C9-9113-FE1CE5A56999}.Ad-Hoc|Any CPU.Build.0 = Release|Any CPU
		{9206ACC0-BC9F-42C9-9113-FE1CE5A56999}.Ad-Hoc|ARM.ActiveCfg = Release|Any CPU
		{9206ACC0-BC9F-42C9-9113-FE1CE5A56999}.Ad-Hoc|ARM.Build.0 = Release|Any CPU
		{9206ACC0-BC9F-42C9-9113-FE1CE5A56999}.Ad-Hoc|iPhone.ActiveCfg = Release|Any CPU
		{9206ACC0-BC9F-42C9-9113-FE1CE5A56999}.Ad-Hoc|iPhone.Build.0 = Release|Any CPU
		{9206ACC0-BC9F-42C9-9113-FE1CE5A56999}.Ad-Hoc|iPhoneSimulator.ActiveCfg = Release|Any CPU
		{9206ACC0-BC9F-42C9-9113-FE1CE5A56999}.Ad-Hoc|iPhoneSimulator.Build.0 = Release|Any CPU
		{9206ACC0-BC9F-42C9-9113-FE1CE5A56999}.Ad-Hoc|x64.ActiveCfg = Release|Any CPU
		{9206ACC0-BC9F-42C9-9113-FE1CE5A56999}.Ad-Hoc|x64.Build.0 = Release|Any CPU
		{9206ACC0-BC9F-42C9-9113-FE1CE5A56999}.Ad-Hoc|x86.ActiveCfg = Release|Any CPU
		{9206ACC0-BC9F-42C9-9113-FE1CE5A56999}.Ad-Hoc|x86.Build.0 = Release|Any CPU
		{9206ACC0-BC9F-42C9-9113-FE1CE5A56999}.AppStore|Any CPU.ActiveCfg = Release|Any CPU
		{9206ACC0-BC9F-42C9-9113-FE1CE5A56999}.AppStore|Any CPU.Build.0 = Release|Any CPU
		{9206ACC0-BC9F-42C9-9113-FE1CE5A56999}.AppStore|ARM.ActiveCfg = Release|Any CPU
		{9206ACC0-BC9F-42C9-9113-FE1CE5A56999}.AppStore|ARM.Build.0 = Release|Any CPU
		{9206ACC0-BC9F-42C9-9113-FE1CE5A56999}.AppStore|iPhone.ActiveCfg = Release|Any CPU
		{9206ACC0-BC9F-42C9-9113-FE1CE5A56999}.AppStore|iPhone.Build.0 = Release|Any CPU
		{9206ACC0-BC9F-42C9-9113-FE1CE5A56999}.AppStore|iPhoneSimulator.ActiveCfg = Release|Any CPU
		{9206ACC0-BC9F-42C9-9113-FE1CE5A56999}.AppStore|iPhoneSimulator.Build.0 = Release|Any CPU
		{9206ACC0-BC9F-42C9-9113-FE1CE5A56999}.AppStore|x64.ActiveCfg = Release|Any CPU
		{9206ACC0-BC9F-42C9-9113-FE1CE5A56999}.AppStore|x64.Build.0 = Release|Any CPU
		{9206ACC0-BC9F-42C9-9113-FE1CE5A56999}.AppStore|x86.ActiveCfg = Release|Any CPU
		{9206ACC0-BC9F-42C9-9113-FE1CE5A56999}.AppStore|x86.Build.0 = Release|Any CPU
		{9206ACC0-BC9F-42C9-9113-FE1CE5A56999}.Debug|Any CPU.ActiveCfg = Debug|Any CPU
		{9206ACC0-BC9F-42C9-9113-FE1CE5A56999}.Debug|Any CPU.Build.0 = Debug|Any CPU
		{9206ACC0-BC9F-42C9-9113-FE1CE5A56999}.Debug|ARM.ActiveCfg = Debug|Any CPU
		{9206ACC0-BC9F-42C9-9113-FE1CE5A56999}.Debug|ARM.Build.0 = Debug|Any CPU
		{9206ACC0-BC9F-42C9-9113-FE1CE5A56999}.Debug|iPhone.ActiveCfg = Debug|Any CPU
		{9206ACC0-BC9F-42C9-9113-FE1CE5A56999}.Debug|iPhone.Build.0 = Debug|Any CPU
		{9206ACC0-BC9F-42C9-9113-FE1CE5A56999}.Debug|iPhoneSimulator.ActiveCfg = Debug|Any CPU
		{9206ACC0-BC9F-42C9-9113-FE1CE5A56999}.Debug|iPhoneSimulator.Build.0 = Debug|Any CPU
		{9206ACC0-BC9F-42C9-9113-FE1CE5A56999}.Debug|x64.ActiveCfg = Debug|Any CPU
		{9206ACC0-BC9F-42C9-9113-FE1CE5A56999}.Debug|x64.Build.0 = Debug|Any CPU
		{9206ACC0-BC9F-42C9-9113-FE1CE5A56999}.Debug|x86.ActiveCfg = Debug|Any CPU
		{9206ACC0-BC9F-42C9-9113-FE1CE5A56999}.Debug|x86.Build.0 = Debug|Any CPU
		{9206ACC0-BC9F-42C9-9113-FE1CE5A56999}.Release|Any CPU.ActiveCfg = Release|Any CPU
		{9206ACC0-BC9F-42C9-9113-FE1CE5A56999}.Release|Any CPU.Build.0 = Release|Any CPU
		{9206ACC0-BC9F-42C9-9113-FE1CE5A56999}.Release|ARM.ActiveCfg = Release|Any CPU
		{9206ACC0-BC9F-42C9-9113-FE1CE5A56999}.Release|ARM.Build.0 = Release|Any CPU
		{9206ACC0-BC9F-42C9-9113-FE1CE5A56999}.Release|iPhone.ActiveCfg = Release|Any CPU
		{9206ACC0-BC9F-42C9-9113-FE1CE5A56999}.Release|iPhone.Build.0 = Release|Any CPU
		{9206ACC0-BC9F-42C9-9113-FE1CE5A56999}.Release|iPhoneSimulator.ActiveCfg = Release|Any CPU
		{9206ACC0-BC9F-42C9-9113-FE1CE5A56999}.Release|iPhoneSimulator.Build.0 = Release|Any CPU
		{9206ACC0-BC9F-42C9-9113-FE1CE5A56999}.Release|x64.ActiveCfg = Release|Any CPU
		{9206ACC0-BC9F-42C9-9113-FE1CE5A56999}.Release|x64.Build.0 = Release|Any CPU
		{9206ACC0-BC9F-42C9-9113-FE1CE5A56999}.Release|x86.ActiveCfg = Release|Any CPU
		{9206ACC0-BC9F-42C9-9113-FE1CE5A56999}.Release|x86.Build.0 = Release|Any CPU
		{8833E5E3-5A13-452B-9B51-77F54A39B25B}.Ad-Hoc|Any CPU.ActiveCfg = Release|x86
		{8833E5E3-5A13-452B-9B51-77F54A39B25B}.Ad-Hoc|Any CPU.Build.0 = Release|x86
		{8833E5E3-5A13-452B-9B51-77F54A39B25B}.Ad-Hoc|Any CPU.Deploy.0 = Release|x86
		{8833E5E3-5A13-452B-9B51-77F54A39B25B}.Ad-Hoc|ARM.ActiveCfg = Release|ARM
		{8833E5E3-5A13-452B-9B51-77F54A39B25B}.Ad-Hoc|ARM.Build.0 = Release|ARM
		{8833E5E3-5A13-452B-9B51-77F54A39B25B}.Ad-Hoc|ARM.Deploy.0 = Release|ARM
		{8833E5E3-5A13-452B-9B51-77F54A39B25B}.Ad-Hoc|iPhone.ActiveCfg = Release|x86
		{8833E5E3-5A13-452B-9B51-77F54A39B25B}.Ad-Hoc|iPhone.Build.0 = Release|x86
		{8833E5E3-5A13-452B-9B51-77F54A39B25B}.Ad-Hoc|iPhone.Deploy.0 = Release|x86
		{8833E5E3-5A13-452B-9B51-77F54A39B25B}.Ad-Hoc|iPhoneSimulator.ActiveCfg = Release|x86
		{8833E5E3-5A13-452B-9B51-77F54A39B25B}.Ad-Hoc|iPhoneSimulator.Build.0 = Release|x86
		{8833E5E3-5A13-452B-9B51-77F54A39B25B}.Ad-Hoc|iPhoneSimulator.Deploy.0 = Release|x86
		{8833E5E3-5A13-452B-9B51-77F54A39B25B}.Ad-Hoc|x64.ActiveCfg = Release|x64
		{8833E5E3-5A13-452B-9B51-77F54A39B25B}.Ad-Hoc|x64.Build.0 = Release|x64
		{8833E5E3-5A13-452B-9B51-77F54A39B25B}.Ad-Hoc|x64.Deploy.0 = Release|x64
		{8833E5E3-5A13-452B-9B51-77F54A39B25B}.Ad-Hoc|x86.ActiveCfg = Release|x86
		{8833E5E3-5A13-452B-9B51-77F54A39B25B}.Ad-Hoc|x86.Build.0 = Release|x86
		{8833E5E3-5A13-452B-9B51-77F54A39B25B}.Ad-Hoc|x86.Deploy.0 = Release|x86
		{8833E5E3-5A13-452B-9B51-77F54A39B25B}.AppStore|Any CPU.ActiveCfg = Release|x86
		{8833E5E3-5A13-452B-9B51-77F54A39B25B}.AppStore|Any CPU.Build.0 = Release|x86
		{8833E5E3-5A13-452B-9B51-77F54A39B25B}.AppStore|Any CPU.Deploy.0 = Release|x86
		{8833E5E3-5A13-452B-9B51-77F54A39B25B}.AppStore|ARM.ActiveCfg = Release|ARM
		{8833E5E3-5A13-452B-9B51-77F54A39B25B}.AppStore|ARM.Build.0 = Release|ARM
		{8833E5E3-5A13-452B-9B51-77F54A39B25B}.AppStore|ARM.Deploy.0 = Release|ARM
		{8833E5E3-5A13-452B-9B51-77F54A39B25B}.AppStore|iPhone.ActiveCfg = Release|x86
		{8833E5E3-5A13-452B-9B51-77F54A39B25B}.AppStore|iPhone.Build.0 = Release|x86
		{8833E5E3-5A13-452B-9B51-77F54A39B25B}.AppStore|iPhone.Deploy.0 = Release|x86
		{8833E5E3-5A13-452B-9B51-77F54A39B25B}.AppStore|iPhoneSimulator.ActiveCfg = Release|x86
		{8833E5E3-5A13-452B-9B51-77F54A39B25B}.AppStore|iPhoneSimulator.Build.0 = Release|x86
		{8833E5E3-5A13-452B-9B51-77F54A39B25B}.AppStore|iPhoneSimulator.Deploy.0 = Release|x86
		{8833E5E3-5A13-452B-9B51-77F54A39B25B}.AppStore|x64.ActiveCfg = Release|x64
		{8833E5E3-5A13-452B-9B51-77F54A39B25B}.AppStore|x64.Build.0 = Release|x64
		{8833E5E3-5A13-452B-9B51-77F54A39B25B}.AppStore|x64.Deploy.0 = Release|x64
		{8833E5E3-5A13-452B-9B51-77F54A39B25B}.AppStore|x86.ActiveCfg = Release|x86
		{8833E5E3-5A13-452B-9B51-77F54A39B25B}.AppStore|x86.Build.0 = Release|x86
		{8833E5E3-5A13-452B-9B51-77F54A39B25B}.AppStore|x86.Deploy.0 = Release|x86
		{8833E5E3-5A13-452B-9B51-77F54A39B25B}.Debug|Any CPU.ActiveCfg = Debug|x86
		{8833E5E3-5A13-452B-9B51-77F54A39B25B}.Debug|ARM.ActiveCfg = Debug|ARM
		{8833E5E3-5A13-452B-9B51-77F54A39B25B}.Debug|ARM.Build.0 = Debug|ARM
		{8833E5E3-5A13-452B-9B51-77F54A39B25B}.Debug|ARM.Deploy.0 = Debug|ARM
		{8833E5E3-5A13-452B-9B51-77F54A39B25B}.Debug|iPhone.ActiveCfg = Debug|x86
		{8833E5E3-5A13-452B-9B51-77F54A39B25B}.Debug|iPhoneSimulator.ActiveCfg = Debug|x86
		{8833E5E3-5A13-452B-9B51-77F54A39B25B}.Debug|x64.ActiveCfg = Debug|x64
		{8833E5E3-5A13-452B-9B51-77F54A39B25B}.Debug|x64.Build.0 = Debug|x64
		{8833E5E3-5A13-452B-9B51-77F54A39B25B}.Debug|x64.Deploy.0 = Debug|x64
		{8833E5E3-5A13-452B-9B51-77F54A39B25B}.Debug|x86.ActiveCfg = Debug|x86
		{8833E5E3-5A13-452B-9B51-77F54A39B25B}.Debug|x86.Build.0 = Debug|x86
		{8833E5E3-5A13-452B-9B51-77F54A39B25B}.Debug|x86.Deploy.0 = Debug|x86
		{8833E5E3-5A13-452B-9B51-77F54A39B25B}.Release|Any CPU.ActiveCfg = Release|x86
		{8833E5E3-5A13-452B-9B51-77F54A39B25B}.Release|ARM.ActiveCfg = Release|ARM
		{8833E5E3-5A13-452B-9B51-77F54A39B25B}.Release|ARM.Build.0 = Release|ARM
		{8833E5E3-5A13-452B-9B51-77F54A39B25B}.Release|ARM.Deploy.0 = Release|ARM
		{8833E5E3-5A13-452B-9B51-77F54A39B25B}.Release|iPhone.ActiveCfg = Release|x86
		{8833E5E3-5A13-452B-9B51-77F54A39B25B}.Release|iPhoneSimulator.ActiveCfg = Release|x86
		{8833E5E3-5A13-452B-9B51-77F54A39B25B}.Release|x64.ActiveCfg = Release|x64
		{8833E5E3-5A13-452B-9B51-77F54A39B25B}.Release|x64.Build.0 = Release|x64
		{8833E5E3-5A13-452B-9B51-77F54A39B25B}.Release|x64.Deploy.0 = Release|x64
		{8833E5E3-5A13-452B-9B51-77F54A39B25B}.Release|x86.ActiveCfg = Release|x86
		{8833E5E3-5A13-452B-9B51-77F54A39B25B}.Release|x86.Build.0 = Release|x86
		{8833E5E3-5A13-452B-9B51-77F54A39B25B}.Release|x86.Deploy.0 = Release|x86
		{301CC375-7CC0-41E4-BCD8-756AFA3ADB11}.Ad-Hoc|Any CPU.ActiveCfg = Ad-Hoc|iPhone
		{301CC375-7CC0-41E4-BCD8-756AFA3ADB11}.Ad-Hoc|ARM.ActiveCfg = Ad-Hoc|iPhone
		{301CC375-7CC0-41E4-BCD8-756AFA3ADB11}.Ad-Hoc|iPhone.ActiveCfg = Ad-Hoc|iPhone
		{301CC375-7CC0-41E4-BCD8-756AFA3ADB11}.Ad-Hoc|iPhone.Build.0 = Ad-Hoc|iPhone
		{301CC375-7CC0-41E4-BCD8-756AFA3ADB11}.Ad-Hoc|iPhoneSimulator.ActiveCfg = Ad-Hoc|iPhoneSimulator
		{301CC375-7CC0-41E4-BCD8-756AFA3ADB11}.Ad-Hoc|iPhoneSimulator.Build.0 = Ad-Hoc|iPhoneSimulator
		{301CC375-7CC0-41E4-BCD8-756AFA3ADB11}.Ad-Hoc|x64.ActiveCfg = Ad-Hoc|iPhone
		{301CC375-7CC0-41E4-BCD8-756AFA3ADB11}.Ad-Hoc|x86.ActiveCfg = Ad-Hoc|iPhone
		{301CC375-7CC0-41E4-BCD8-756AFA3ADB11}.AppStore|Any CPU.ActiveCfg = AppStore|iPhone
		{301CC375-7CC0-41E4-BCD8-756AFA3ADB11}.AppStore|ARM.ActiveCfg = AppStore|iPhone
		{301CC375-7CC0-41E4-BCD8-756AFA3ADB11}.AppStore|iPhone.ActiveCfg = AppStore|iPhone
		{301CC375-7CC0-41E4-BCD8-756AFA3ADB11}.AppStore|iPhone.Build.0 = AppStore|iPhone
		{301CC375-7CC0-41E4-BCD8-756AFA3ADB11}.AppStore|iPhoneSimulator.ActiveCfg = AppStore|iPhoneSimulator
		{301CC375-7CC0-41E4-BCD8-756AFA3ADB11}.AppStore|iPhoneSimulator.Build.0 = AppStore|iPhoneSimulator
		{301CC375-7CC0-41E4-BCD8-756AFA3ADB11}.AppStore|x64.ActiveCfg = AppStore|iPhone
		{301CC375-7CC0-41E4-BCD8-756AFA3ADB11}.AppStore|x86.ActiveCfg = AppStore|iPhone
		{301CC375-7CC0-41E4-BCD8-756AFA3ADB11}.Debug|Any CPU.ActiveCfg = Debug|iPhone
		{301CC375-7CC0-41E4-BCD8-756AFA3ADB11}.Debug|ARM.ActiveCfg = Debug|iPhone
		{301CC375-7CC0-41E4-BCD8-756AFA3ADB11}.Debug|iPhone.ActiveCfg = Debug|iPhone
		{301CC375-7CC0-41E4-BCD8-756AFA3ADB11}.Debug|iPhone.Build.0 = Debug|iPhone
		{301CC375-7CC0-41E4-BCD8-756AFA3ADB11}.Debug|iPhoneSimulator.ActiveCfg = Debug|iPhoneSimulator
		{301CC375-7CC0-41E4-BCD8-756AFA3ADB11}.Debug|iPhoneSimulator.Build.0 = Debug|iPhoneSimulator
		{301CC375-7CC0-41E4-BCD8-756AFA3ADB11}.Debug|x64.ActiveCfg = Debug|iPhone
		{301CC375-7CC0-41E4-BCD8-756AFA3ADB11}.Debug|x86.ActiveCfg = Debug|iPhone
		{301CC375-7CC0-41E4-BCD8-756AFA3ADB11}.Release|Any CPU.ActiveCfg = Release|iPhone
		{301CC375-7CC0-41E4-BCD8-756AFA3ADB11}.Release|ARM.ActiveCfg = Release|iPhone
		{301CC375-7CC0-41E4-BCD8-756AFA3ADB11}.Release|iPhone.ActiveCfg = Release|iPhone
		{301CC375-7CC0-41E4-BCD8-756AFA3ADB11}.Release|iPhone.Build.0 = Release|iPhone
		{301CC375-7CC0-41E4-BCD8-756AFA3ADB11}.Release|iPhoneSimulator.ActiveCfg = Release|iPhoneSimulator
		{301CC375-7CC0-41E4-BCD8-756AFA3ADB11}.Release|iPhoneSimulator.Build.0 = Release|iPhoneSimulator
		{301CC375-7CC0-41E4-BCD8-756AFA3ADB11}.Release|x64.ActiveCfg = Release|iPhone
		{301CC375-7CC0-41E4-BCD8-756AFA3ADB11}.Release|x86.ActiveCfg = Release|iPhone
		{4FA3F501-9767-444F-95D3-AF592B248FEA}.Ad-Hoc|Any CPU.ActiveCfg = Release|Any CPU
		{4FA3F501-9767-444F-95D3-AF592B248FEA}.Ad-Hoc|Any CPU.Build.0 = Release|Any CPU
		{4FA3F501-9767-444F-95D3-AF592B248FEA}.Ad-Hoc|Any CPU.Deploy.0 = Release|Any CPU
		{4FA3F501-9767-444F-95D3-AF592B248FEA}.Ad-Hoc|ARM.ActiveCfg = Release|Any CPU
		{4FA3F501-9767-444F-95D3-AF592B248FEA}.Ad-Hoc|ARM.Build.0 = Release|Any CPU
		{4FA3F501-9767-444F-95D3-AF592B248FEA}.Ad-Hoc|ARM.Deploy.0 = Release|Any CPU
		{4FA3F501-9767-444F-95D3-AF592B248FEA}.Ad-Hoc|iPhone.ActiveCfg = Release|Any CPU
		{4FA3F501-9767-444F-95D3-AF592B248FEA}.Ad-Hoc|iPhone.Build.0 = Release|Any CPU
		{4FA3F501-9767-444F-95D3-AF592B248FEA}.Ad-Hoc|iPhone.Deploy.0 = Release|Any CPU
		{4FA3F501-9767-444F-95D3-AF592B248FEA}.Ad-Hoc|iPhoneSimulator.ActiveCfg = Release|Any CPU
		{4FA3F501-9767-444F-95D3-AF592B248FEA}.Ad-Hoc|iPhoneSimulator.Build.0 = Release|Any CPU
		{4FA3F501-9767-444F-95D3-AF592B248FEA}.Ad-Hoc|iPhoneSimulator.Deploy.0 = Release|Any CPU
		{4FA3F501-9767-444F-95D3-AF592B248FEA}.Ad-Hoc|x64.ActiveCfg = Release|Any CPU
		{4FA3F501-9767-444F-95D3-AF592B248FEA}.Ad-Hoc|x64.Build.0 = Release|Any CPU
		{4FA3F501-9767-444F-95D3-AF592B248FEA}.Ad-Hoc|x64.Deploy.0 = Release|Any CPU
		{4FA3F501-9767-444F-95D3-AF592B248FEA}.Ad-Hoc|x86.ActiveCfg = Release|Any CPU
		{4FA3F501-9767-444F-95D3-AF592B248FEA}.Ad-Hoc|x86.Build.0 = Release|Any CPU
		{4FA3F501-9767-444F-95D3-AF592B248FEA}.Ad-Hoc|x86.Deploy.0 = Release|Any CPU
		{4FA3F501-9767-444F-95D3-AF592B248FEA}.AppStore|Any CPU.ActiveCfg = Release|Any CPU
		{4FA3F501-9767-444F-95D3-AF592B248FEA}.AppStore|Any CPU.Build.0 = Release|Any CPU
		{4FA3F501-9767-444F-95D3-AF592B248FEA}.AppStore|Any CPU.Deploy.0 = Release|Any CPU
		{4FA3F501-9767-444F-95D3-AF592B248FEA}.AppStore|ARM.ActiveCfg = Release|Any CPU
		{4FA3F501-9767-444F-95D3-AF592B248FEA}.AppStore|ARM.Build.0 = Release|Any CPU
		{4FA3F501-9767-444F-95D3-AF592B248FEA}.AppStore|ARM.Deploy.0 = Release|Any CPU
		{4FA3F501-9767-444F-95D3-AF592B248FEA}.AppStore|iPhone.ActiveCfg = Release|Any CPU
		{4FA3F501-9767-444F-95D3-AF592B248FEA}.AppStore|iPhone.Build.0 = Release|Any CPU
		{4FA3F501-9767-444F-95D3-AF592B248FEA}.AppStore|iPhone.Deploy.0 = Release|Any CPU
		{4FA3F501-9767-444F-95D3-AF592B248FEA}.AppStore|iPhoneSimulator.ActiveCfg = Release|Any CPU
		{4FA3F501-9767-444F-95D3-AF592B248FEA}.AppStore|iPhoneSimulator.Build.0 = Release|Any CPU
		{4FA3F501-9767-444F-95D3-AF592B248FEA}.AppStore|iPhoneSimulator.Deploy.0 = Release|Any CPU
		{4FA3F501-9767-444F-95D3-AF592B248FEA}.AppStore|x64.ActiveCfg = Release|Any CPU
		{4FA3F501-9767-444F-95D3-AF592B248FEA}.AppStore|x64.Build.0 = Release|Any CPU
		{4FA3F501-9767-444F-95D3-AF592B248FEA}.AppStore|x64.Deploy.0 = Release|Any CPU
		{4FA3F501-9767-444F-95D3-AF592B248FEA}.AppStore|x86.ActiveCfg = Release|Any CPU
		{4FA3F501-9767-444F-95D3-AF592B248FEA}.AppStore|x86.Build.0 = Release|Any CPU
		{4FA3F501-9767-444F-95D3-AF592B248FEA}.AppStore|x86.Deploy.0 = Release|Any CPU
		{4FA3F501-9767-444F-95D3-AF592B248FEA}.Debug|Any CPU.ActiveCfg = Debug|Any CPU
		{4FA3F501-9767-444F-95D3-AF592B248FEA}.Debug|Any CPU.Build.0 = Debug|Any CPU
		{4FA3F501-9767-444F-95D3-AF592B248FEA}.Debug|Any CPU.Deploy.0 = Debug|Any CPU
		{4FA3F501-9767-444F-95D3-AF592B248FEA}.Debug|ARM.ActiveCfg = Debug|Any CPU
		{4FA3F501-9767-444F-95D3-AF592B248FEA}.Debug|ARM.Build.0 = Debug|Any CPU
		{4FA3F501-9767-444F-95D3-AF592B248FEA}.Debug|ARM.Deploy.0 = Debug|Any CPU
		{4FA3F501-9767-444F-95D3-AF592B248FEA}.Debug|iPhone.ActiveCfg = Debug|Any CPU
		{4FA3F501-9767-444F-95D3-AF592B248FEA}.Debug|iPhone.Build.0 = Debug|Any CPU
		{4FA3F501-9767-444F-95D3-AF592B248FEA}.Debug|iPhone.Deploy.0 = Debug|Any CPU
		{4FA3F501-9767-444F-95D3-AF592B248FEA}.Debug|iPhoneSimulator.ActiveCfg = Debug|Any CPU
		{4FA3F501-9767-444F-95D3-AF592B248FEA}.Debug|iPhoneSimulator.Build.0 = Debug|Any CPU
		{4FA3F501-9767-444F-95D3-AF592B248FEA}.Debug|iPhoneSimulator.Deploy.0 = Debug|Any CPU
		{4FA3F501-9767-444F-95D3-AF592B248FEA}.Debug|x64.ActiveCfg = Debug|Any CPU
		{4FA3F501-9767-444F-95D3-AF592B248FEA}.Debug|x64.Build.0 = Debug|Any CPU
		{4FA3F501-9767-444F-95D3-AF592B248FEA}.Debug|x64.Deploy.0 = Debug|Any CPU
		{4FA3F501-9767-444F-95D3-AF592B248FEA}.Debug|x86.ActiveCfg = Debug|Any CPU
		{4FA3F501-9767-444F-95D3-AF592B248FEA}.Debug|x86.Build.0 = Debug|Any CPU
		{4FA3F501-9767-444F-95D3-AF592B248FEA}.Debug|x86.Deploy.0 = Debug|Any CPU
		{4FA3F501-9767-444F-95D3-AF592B248FEA}.Release|Any CPU.ActiveCfg = Release|Any CPU
		{4FA3F501-9767-444F-95D3-AF592B248FEA}.Release|Any CPU.Build.0 = Release|Any CPU
		{4FA3F501-9767-444F-95D3-AF592B248FEA}.Release|Any CPU.Deploy.0 = Release|Any CPU
		{4FA3F501-9767-444F-95D3-AF592B248FEA}.Release|ARM.ActiveCfg = Release|Any CPU
		{4FA3F501-9767-444F-95D3-AF592B248FEA}.Release|ARM.Build.0 = Release|Any CPU
		{4FA3F501-9767-444F-95D3-AF592B248FEA}.Release|ARM.Deploy.0 = Release|Any CPU
		{4FA3F501-9767-444F-95D3-AF592B248FEA}.Release|iPhone.ActiveCfg = Release|Any CPU
		{4FA3F501-9767-444F-95D3-AF592B248FEA}.Release|iPhone.Build.0 = Release|Any CPU
		{4FA3F501-9767-444F-95D3-AF592B248FEA}.Release|iPhone.Deploy.0 = Release|Any CPU
		{4FA3F501-9767-444F-95D3-AF592B248FEA}.Release|iPhoneSimulator.ActiveCfg = Release|Any CPU
		{4FA3F501-9767-444F-95D3-AF592B248FEA}.Release|iPhoneSimulator.Build.0 = Release|Any CPU
		{4FA3F501-9767-444F-95D3-AF592B248FEA}.Release|iPhoneSimulator.Deploy.0 = Release|Any CPU
		{4FA3F501-9767-444F-95D3-AF592B248FEA}.Release|x64.ActiveCfg = Release|Any CPU
		{4FA3F501-9767-444F-95D3-AF592B248FEA}.Release|x64.Build.0 = Release|Any CPU
		{4FA3F501-9767-444F-95D3-AF592B248FEA}.Release|x64.Deploy.0 = Release|Any CPU
		{4FA3F501-9767-444F-95D3-AF592B248FEA}.Release|x86.ActiveCfg = Release|Any CPU
		{4FA3F501-9767-444F-95D3-AF592B248FEA}.Release|x86.Build.0 = Release|Any CPU
		{4FA3F501-9767-444F-95D3-AF592B248FEA}.Release|x86.Deploy.0 = Release|Any CPU
		{105C7446-2B30-42A4-9095-276F49A0B309}.Ad-Hoc|Any CPU.ActiveCfg = Release|Any CPU
		{105C7446-2B30-42A4-9095-276F49A0B309}.Ad-Hoc|Any CPU.Build.0 = Release|Any CPU
		{105C7446-2B30-42A4-9095-276F49A0B309}.Ad-Hoc|ARM.ActiveCfg = Release|Any CPU
		{105C7446-2B30-42A4-9095-276F49A0B309}.Ad-Hoc|ARM.Build.0 = Release|Any CPU
		{105C7446-2B30-42A4-9095-276F49A0B309}.Ad-Hoc|iPhone.ActiveCfg = Release|Any CPU
		{105C7446-2B30-42A4-9095-276F49A0B309}.Ad-Hoc|iPhone.Build.0 = Release|Any CPU
		{105C7446-2B30-42A4-9095-276F49A0B309}.Ad-Hoc|iPhoneSimulator.ActiveCfg = Release|Any CPU
		{105C7446-2B30-42A4-9095-276F49A0B309}.Ad-Hoc|iPhoneSimulator.Build.0 = Release|Any CPU
		{105C7446-2B30-42A4-9095-276F49A0B309}.Ad-Hoc|x64.ActiveCfg = Release|Any CPU
		{105C7446-2B30-42A4-9095-276F49A0B309}.Ad-Hoc|x64.Build.0 = Release|Any CPU
		{105C7446-2B30-42A4-9095-276F49A0B309}.Ad-Hoc|x86.ActiveCfg = Release|Any CPU
		{105C7446-2B30-42A4-9095-276F49A0B309}.Ad-Hoc|x86.Build.0 = Release|Any CPU
		{105C7446-2B30-42A4-9095-276F49A0B309}.AppStore|Any CPU.ActiveCfg = Release|Any CPU
		{105C7446-2B30-42A4-9095-276F49A0B309}.AppStore|Any CPU.Build.0 = Release|Any CPU
		{105C7446-2B30-42A4-9095-276F49A0B309}.AppStore|ARM.ActiveCfg = Release|Any CPU
		{105C7446-2B30-42A4-9095-276F49A0B309}.AppStore|ARM.Build.0 = Release|Any CPU
		{105C7446-2B30-42A4-9095-276F49A0B309}.AppStore|iPhone.ActiveCfg = Release|Any CPU
		{105C7446-2B30-42A4-9095-276F49A0B309}.AppStore|iPhone.Build.0 = Release|Any CPU
		{105C7446-2B30-42A4-9095-276F49A0B309}.AppStore|iPhoneSimulator.ActiveCfg = Release|Any CPU
		{105C7446-2B30-42A4-9095-276F49A0B309}.AppStore|iPhoneSimulator.Build.0 = Release|Any CPU
		{105C7446-2B30-42A4-9095-276F49A0B309}.AppStore|x64.ActiveCfg = Release|Any CPU
		{105C7446-2B30-42A4-9095-276F49A0B309}.AppStore|x64.Build.0 = Release|Any CPU
		{105C7446-2B30-42A4-9095-276F49A0B309}.AppStore|x86.ActiveCfg = Release|Any CPU
		{105C7446-2B30-42A4-9095-276F49A0B309}.AppStore|x86.Build.0 = Release|Any CPU
		{105C7446-2B30-42A4-9095-276F49A0B309}.Debug|Any CPU.ActiveCfg = Debug|Any CPU
		{105C7446-2B30-42A4-9095-276F49A0B309}.Debug|Any CPU.Build.0 = Debug|Any CPU
		{105C7446-2B30-42A4-9095-276F49A0B309}.Debug|ARM.ActiveCfg = Debug|Any CPU
		{105C7446-2B30-42A4-9095-276F49A0B309}.Debug|ARM.Build.0 = Debug|Any CPU
		{105C7446-2B30-42A4-9095-276F49A0B309}.Debug|iPhone.ActiveCfg = Debug|Any CPU
		{105C7446-2B30-42A4-9095-276F49A0B309}.Debug|iPhone.Build.0 = Debug|Any CPU
		{105C7446-2B30-42A4-9095-276F49A0B309}.Debug|iPhoneSimulator.ActiveCfg = Debug|Any CPU
		{105C7446-2B30-42A4-9095-276F49A0B309}.Debug|iPhoneSimulator.Build.0 = Debug|Any CPU
		{105C7446-2B30-42A4-9095-276F49A0B309}.Debug|x64.ActiveCfg = Debug|Any CPU
		{105C7446-2B30-42A4-9095-276F49A0B309}.Debug|x64.Build.0 = Debug|Any CPU
		{105C7446-2B30-42A4-9095-276F49A0B309}.Debug|x86.ActiveCfg = Debug|Any CPU
		{105C7446-2B30-42A4-9095-276F49A0B309}.Debug|x86.Build.0 = Debug|Any CPU
		{105C7446-2B30-42A4-9095-276F49A0B309}.Release|Any CPU.ActiveCfg = Release|Any CPU
		{105C7446-2B30-42A4-9095-276F49A0B309}.Release|Any CPU.Build.0 = Release|Any CPU
		{105C7446-2B30-42A4-9095-276F49A0B309}.Release|ARM.ActiveCfg = Release|Any CPU
		{105C7446-2B30-42A4-9095-276F49A0B309}.Release|ARM.Build.0 = Release|Any CPU
		{105C7446-2B30-42A4-9095-276F49A0B309}.Release|iPhone.ActiveCfg = Release|Any CPU
		{105C7446-2B30-42A4-9095-276F49A0B309}.Release|iPhone.Build.0 = Release|Any CPU
		{105C7446-2B30-42A4-9095-276F49A0B309}.Release|iPhoneSimulator.ActiveCfg = Release|Any CPU
		{105C7446-2B30-42A4-9095-276F49A0B309}.Release|iPhoneSimulator.Build.0 = Release|Any CPU
		{105C7446-2B30-42A4-9095-276F49A0B309}.Release|x64.ActiveCfg = Release|Any CPU
		{105C7446-2B30-42A4-9095-276F49A0B309}.Release|x64.Build.0 = Release|Any CPU
		{105C7446-2B30-42A4-9095-276F49A0B309}.Release|x86.ActiveCfg = Release|Any CPU
		{105C7446-2B30-42A4-9095-276F49A0B309}.Release|x86.Build.0 = Release|Any CPU
		{476D2CB5-FEDD-49E6-B3DD-8F6AAD53268C}.Ad-Hoc|Any CPU.ActiveCfg = Release|x86
		{476D2CB5-FEDD-49E6-B3DD-8F6AAD53268C}.Ad-Hoc|Any CPU.Build.0 = Release|x86
		{476D2CB5-FEDD-49E6-B3DD-8F6AAD53268C}.Ad-Hoc|Any CPU.Deploy.0 = Release|x86
		{476D2CB5-FEDD-49E6-B3DD-8F6AAD53268C}.Ad-Hoc|ARM.ActiveCfg = Release|ARM
		{476D2CB5-FEDD-49E6-B3DD-8F6AAD53268C}.Ad-Hoc|ARM.Build.0 = Release|ARM
		{476D2CB5-FEDD-49E6-B3DD-8F6AAD53268C}.Ad-Hoc|ARM.Deploy.0 = Release|ARM
		{476D2CB5-FEDD-49E6-B3DD-8F6AAD53268C}.Ad-Hoc|iPhone.ActiveCfg = Release|x86
		{476D2CB5-FEDD-49E6-B3DD-8F6AAD53268C}.Ad-Hoc|iPhone.Build.0 = Release|x86
		{476D2CB5-FEDD-49E6-B3DD-8F6AAD53268C}.Ad-Hoc|iPhone.Deploy.0 = Release|x86
		{476D2CB5-FEDD-49E6-B3DD-8F6AAD53268C}.Ad-Hoc|iPhoneSimulator.ActiveCfg = Release|x86
		{476D2CB5-FEDD-49E6-B3DD-8F6AAD53268C}.Ad-Hoc|iPhoneSimulator.Build.0 = Release|x86
		{476D2CB5-FEDD-49E6-B3DD-8F6AAD53268C}.Ad-Hoc|iPhoneSimulator.Deploy.0 = Release|x86
		{476D2CB5-FEDD-49E6-B3DD-8F6AAD53268C}.Ad-Hoc|x64.ActiveCfg = Release|x64
		{476D2CB5-FEDD-49E6-B3DD-8F6AAD53268C}.Ad-Hoc|x64.Build.0 = Release|x64
		{476D2CB5-FEDD-49E6-B3DD-8F6AAD53268C}.Ad-Hoc|x64.Deploy.0 = Release|x64
		{476D2CB5-FEDD-49E6-B3DD-8F6AAD53268C}.Ad-Hoc|x86.ActiveCfg = Release|x86
		{476D2CB5-FEDD-49E6-B3DD-8F6AAD53268C}.Ad-Hoc|x86.Build.0 = Release|x86
		{476D2CB5-FEDD-49E6-B3DD-8F6AAD53268C}.Ad-Hoc|x86.Deploy.0 = Release|x86
		{476D2CB5-FEDD-49E6-B3DD-8F6AAD53268C}.AppStore|Any CPU.ActiveCfg = Release|x86
		{476D2CB5-FEDD-49E6-B3DD-8F6AAD53268C}.AppStore|Any CPU.Build.0 = Release|x86
		{476D2CB5-FEDD-49E6-B3DD-8F6AAD53268C}.AppStore|Any CPU.Deploy.0 = Release|x86
		{476D2CB5-FEDD-49E6-B3DD-8F6AAD53268C}.AppStore|ARM.ActiveCfg = Release|ARM
		{476D2CB5-FEDD-49E6-B3DD-8F6AAD53268C}.AppStore|ARM.Build.0 = Release|ARM
		{476D2CB5-FEDD-49E6-B3DD-8F6AAD53268C}.AppStore|ARM.Deploy.0 = Release|ARM
		{476D2CB5-FEDD-49E6-B3DD-8F6AAD53268C}.AppStore|iPhone.ActiveCfg = Release|x86
		{476D2CB5-FEDD-49E6-B3DD-8F6AAD53268C}.AppStore|iPhone.Build.0 = Release|x86
		{476D2CB5-FEDD-49E6-B3DD-8F6AAD53268C}.AppStore|iPhone.Deploy.0 = Release|x86
		{476D2CB5-FEDD-49E6-B3DD-8F6AAD53268C}.AppStore|iPhoneSimulator.ActiveCfg = Release|x86
		{476D2CB5-FEDD-49E6-B3DD-8F6AAD53268C}.AppStore|iPhoneSimulator.Build.0 = Release|x86
		{476D2CB5-FEDD-49E6-B3DD-8F6AAD53268C}.AppStore|iPhoneSimulator.Deploy.0 = Release|x86
		{476D2CB5-FEDD-49E6-B3DD-8F6AAD53268C}.AppStore|x64.ActiveCfg = Release|x64
		{476D2CB5-FEDD-49E6-B3DD-8F6AAD53268C}.AppStore|x64.Build.0 = Release|x64
		{476D2CB5-FEDD-49E6-B3DD-8F6AAD53268C}.AppStore|x64.Deploy.0 = Release|x64
		{476D2CB5-FEDD-49E6-B3DD-8F6AAD53268C}.AppStore|x86.ActiveCfg = Release|x86
		{476D2CB5-FEDD-49E6-B3DD-8F6AAD53268C}.AppStore|x86.Build.0 = Release|x86
		{476D2CB5-FEDD-49E6-B3DD-8F6AAD53268C}.AppStore|x86.Deploy.0 = Release|x86
		{476D2CB5-FEDD-49E6-B3DD-8F6AAD53268C}.Debug|Any CPU.ActiveCfg = Debug|x86
		{476D2CB5-FEDD-49E6-B3DD-8F6AAD53268C}.Debug|ARM.ActiveCfg = Debug|ARM
		{476D2CB5-FEDD-49E6-B3DD-8F6AAD53268C}.Debug|ARM.Build.0 = Debug|ARM
		{476D2CB5-FEDD-49E6-B3DD-8F6AAD53268C}.Debug|ARM.Deploy.0 = Debug|ARM
		{476D2CB5-FEDD-49E6-B3DD-8F6AAD53268C}.Debug|iPhone.ActiveCfg = Debug|x86
		{476D2CB5-FEDD-49E6-B3DD-8F6AAD53268C}.Debug|iPhoneSimulator.ActiveCfg = Debug|x86
		{476D2CB5-FEDD-49E6-B3DD-8F6AAD53268C}.Debug|x64.ActiveCfg = Debug|x64
		{476D2CB5-FEDD-49E6-B3DD-8F6AAD53268C}.Debug|x64.Build.0 = Debug|x64
		{476D2CB5-FEDD-49E6-B3DD-8F6AAD53268C}.Debug|x64.Deploy.0 = Debug|x64
		{476D2CB5-FEDD-49E6-B3DD-8F6AAD53268C}.Debug|x86.ActiveCfg = Debug|x86
		{476D2CB5-FEDD-49E6-B3DD-8F6AAD53268C}.Debug|x86.Build.0 = Debug|x86
		{476D2CB5-FEDD-49E6-B3DD-8F6AAD53268C}.Debug|x86.Deploy.0 = Debug|x86
		{476D2CB5-FEDD-49E6-B3DD-8F6AAD53268C}.Release|Any CPU.ActiveCfg = Release|x86
		{476D2CB5-FEDD-49E6-B3DD-8F6AAD53268C}.Release|ARM.ActiveCfg = Release|ARM
		{476D2CB5-FEDD-49E6-B3DD-8F6AAD53268C}.Release|ARM.Build.0 = Release|ARM
		{476D2CB5-FEDD-49E6-B3DD-8F6AAD53268C}.Release|ARM.Deploy.0 = Release|ARM
		{476D2CB5-FEDD-49E6-B3DD-8F6AAD53268C}.Release|iPhone.ActiveCfg = Release|x86
		{476D2CB5-FEDD-49E6-B3DD-8F6AAD53268C}.Release|iPhoneSimulator.ActiveCfg = Release|x86
		{476D2CB5-FEDD-49E6-B3DD-8F6AAD53268C}.Release|x64.ActiveCfg = Release|x64
		{476D2CB5-FEDD-49E6-B3DD-8F6AAD53268C}.Release|x64.Build.0 = Release|x64
		{476D2CB5-FEDD-49E6-B3DD-8F6AAD53268C}.Release|x64.Deploy.0 = Release|x64
		{476D2CB5-FEDD-49E6-B3DD-8F6AAD53268C}.Release|x86.ActiveCfg = Release|x86
		{476D2CB5-FEDD-49E6-B3DD-8F6AAD53268C}.Release|x86.Build.0 = Release|x86
		{476D2CB5-FEDD-49E6-B3DD-8F6AAD53268C}.Release|x86.Deploy.0 = Release|x86
		{37087071-0B0F-4D72-A3FD-4E579D63CE53}.Ad-Hoc|Any CPU.ActiveCfg = Ad-Hoc|iPhone
		{37087071-0B0F-4D72-A3FD-4E579D63CE53}.Ad-Hoc|ARM.ActiveCfg = Ad-Hoc|iPhone
		{37087071-0B0F-4D72-A3FD-4E579D63CE53}.Ad-Hoc|iPhone.ActiveCfg = Ad-Hoc|iPhone
		{37087071-0B0F-4D72-A3FD-4E579D63CE53}.Ad-Hoc|iPhone.Build.0 = Ad-Hoc|iPhone
		{37087071-0B0F-4D72-A3FD-4E579D63CE53}.Ad-Hoc|iPhoneSimulator.ActiveCfg = Ad-Hoc|iPhoneSimulator
		{37087071-0B0F-4D72-A3FD-4E579D63CE53}.Ad-Hoc|iPhoneSimulator.Build.0 = Ad-Hoc|iPhoneSimulator
		{37087071-0B0F-4D72-A3FD-4E579D63CE53}.Ad-Hoc|x64.ActiveCfg = Ad-Hoc|iPhone
		{37087071-0B0F-4D72-A3FD-4E579D63CE53}.Ad-Hoc|x86.ActiveCfg = Ad-Hoc|iPhone
		{37087071-0B0F-4D72-A3FD-4E579D63CE53}.AppStore|Any CPU.ActiveCfg = AppStore|iPhone
		{37087071-0B0F-4D72-A3FD-4E579D63CE53}.AppStore|ARM.ActiveCfg = AppStore|iPhone
		{37087071-0B0F-4D72-A3FD-4E579D63CE53}.AppStore|iPhone.ActiveCfg = AppStore|iPhone
		{37087071-0B0F-4D72-A3FD-4E579D63CE53}.AppStore|iPhone.Build.0 = AppStore|iPhone
		{37087071-0B0F-4D72-A3FD-4E579D63CE53}.AppStore|iPhoneSimulator.ActiveCfg = AppStore|iPhoneSimulator
		{37087071-0B0F-4D72-A3FD-4E579D63CE53}.AppStore|iPhoneSimulator.Build.0 = AppStore|iPhoneSimulator
		{37087071-0B0F-4D72-A3FD-4E579D63CE53}.AppStore|x64.ActiveCfg = AppStore|iPhone
		{37087071-0B0F-4D72-A3FD-4E579D63CE53}.AppStore|x86.ActiveCfg = AppStore|iPhone
		{37087071-0B0F-4D72-A3FD-4E579D63CE53}.Debug|Any CPU.ActiveCfg = Debug|iPhone
		{37087071-0B0F-4D72-A3FD-4E579D63CE53}.Debug|ARM.ActiveCfg = Debug|iPhone
		{37087071-0B0F-4D72-A3FD-4E579D63CE53}.Debug|iPhone.ActiveCfg = Debug|iPhone
		{37087071-0B0F-4D72-A3FD-4E579D63CE53}.Debug|iPhone.Build.0 = Debug|iPhone
		{37087071-0B0F-4D72-A3FD-4E579D63CE53}.Debug|iPhoneSimulator.ActiveCfg = Debug|iPhoneSimulator
		{37087071-0B0F-4D72-A3FD-4E579D63CE53}.Debug|iPhoneSimulator.Build.0 = Debug|iPhoneSimulator
		{37087071-0B0F-4D72-A3FD-4E579D63CE53}.Debug|x64.ActiveCfg = Debug|iPhone
		{37087071-0B0F-4D72-A3FD-4E579D63CE53}.Debug|x86.ActiveCfg = Debug|iPhone
		{37087071-0B0F-4D72-A3FD-4E579D63CE53}.Release|Any CPU.ActiveCfg = Release|iPhone
		{37087071-0B0F-4D72-A3FD-4E579D63CE53}.Release|ARM.ActiveCfg = Release|iPhone
		{37087071-0B0F-4D72-A3FD-4E579D63CE53}.Release|iPhone.ActiveCfg = Release|iPhone
		{37087071-0B0F-4D72-A3FD-4E579D63CE53}.Release|iPhone.Build.0 = Release|iPhone
		{37087071-0B0F-4D72-A3FD-4E579D63CE53}.Release|iPhoneSimulator.ActiveCfg = Release|iPhoneSimulator
		{37087071-0B0F-4D72-A3FD-4E579D63CE53}.Release|iPhoneSimulator.Build.0 = Release|iPhoneSimulator
		{37087071-0B0F-4D72-A3FD-4E579D63CE53}.Release|x64.ActiveCfg = Release|iPhone
		{37087071-0B0F-4D72-A3FD-4E579D63CE53}.Release|x86.ActiveCfg = Release|iPhone
		{E1500637-9886-40F6-B269-2E3BF7F19706}.Ad-Hoc|Any CPU.ActiveCfg = Release|Any CPU
		{E1500637-9886-40F6-B269-2E3BF7F19706}.Ad-Hoc|Any CPU.Build.0 = Release|Any CPU
		{E1500637-9886-40F6-B269-2E3BF7F19706}.Ad-Hoc|Any CPU.Deploy.0 = Release|Any CPU
		{E1500637-9886-40F6-B269-2E3BF7F19706}.Ad-Hoc|ARM.ActiveCfg = Release|Any CPU
		{E1500637-9886-40F6-B269-2E3BF7F19706}.Ad-Hoc|ARM.Build.0 = Release|Any CPU
		{E1500637-9886-40F6-B269-2E3BF7F19706}.Ad-Hoc|ARM.Deploy.0 = Release|Any CPU
		{E1500637-9886-40F6-B269-2E3BF7F19706}.Ad-Hoc|iPhone.ActiveCfg = Release|Any CPU
		{E1500637-9886-40F6-B269-2E3BF7F19706}.Ad-Hoc|iPhone.Build.0 = Release|Any CPU
		{E1500637-9886-40F6-B269-2E3BF7F19706}.Ad-Hoc|iPhone.Deploy.0 = Release|Any CPU
		{E1500637-9886-40F6-B269-2E3BF7F19706}.Ad-Hoc|iPhoneSimulator.ActiveCfg = Release|Any CPU
		{E1500637-9886-40F6-B269-2E3BF7F19706}.Ad-Hoc|iPhoneSimulator.Build.0 = Release|Any CPU
		{E1500637-9886-40F6-B269-2E3BF7F19706}.Ad-Hoc|iPhoneSimulator.Deploy.0 = Release|Any CPU
		{E1500637-9886-40F6-B269-2E3BF7F19706}.Ad-Hoc|x64.ActiveCfg = Release|Any CPU
		{E1500637-9886-40F6-B269-2E3BF7F19706}.Ad-Hoc|x64.Build.0 = Release|Any CPU
		{E1500637-9886-40F6-B269-2E3BF7F19706}.Ad-Hoc|x64.Deploy.0 = Release|Any CPU
		{E1500637-9886-40F6-B269-2E3BF7F19706}.Ad-Hoc|x86.ActiveCfg = Release|Any CPU
		{E1500637-9886-40F6-B269-2E3BF7F19706}.Ad-Hoc|x86.Build.0 = Release|Any CPU
		{E1500637-9886-40F6-B269-2E3BF7F19706}.Ad-Hoc|x86.Deploy.0 = Release|Any CPU
		{E1500637-9886-40F6-B269-2E3BF7F19706}.AppStore|Any CPU.ActiveCfg = Release|Any CPU
		{E1500637-9886-40F6-B269-2E3BF7F19706}.AppStore|Any CPU.Build.0 = Release|Any CPU
		{E1500637-9886-40F6-B269-2E3BF7F19706}.AppStore|Any CPU.Deploy.0 = Release|Any CPU
		{E1500637-9886-40F6-B269-2E3BF7F19706}.AppStore|ARM.ActiveCfg = Release|Any CPU
		{E1500637-9886-40F6-B269-2E3BF7F19706}.AppStore|ARM.Build.0 = Release|Any CPU
		{E1500637-9886-40F6-B269-2E3BF7F19706}.AppStore|ARM.Deploy.0 = Release|Any CPU
		{E1500637-9886-40F6-B269-2E3BF7F19706}.AppStore|iPhone.ActiveCfg = Release|Any CPU
		{E1500637-9886-40F6-B269-2E3BF7F19706}.AppStore|iPhone.Build.0 = Release|Any CPU
		{E1500637-9886-40F6-B269-2E3BF7F19706}.AppStore|iPhone.Deploy.0 = Release|Any CPU
		{E1500637-9886-40F6-B269-2E3BF7F19706}.AppStore|iPhoneSimulator.ActiveCfg = Release|Any CPU
		{E1500637-9886-40F6-B269-2E3BF7F19706}.AppStore|iPhoneSimulator.Build.0 = Release|Any CPU
		{E1500637-9886-40F6-B269-2E3BF7F19706}.AppStore|iPhoneSimulator.Deploy.0 = Release|Any CPU
		{E1500637-9886-40F6-B269-2E3BF7F19706}.AppStore|x64.ActiveCfg = Release|Any CPU
		{E1500637-9886-40F6-B269-2E3BF7F19706}.AppStore|x64.Build.0 = Release|Any CPU
		{E1500637-9886-40F6-B269-2E3BF7F19706}.AppStore|x64.Deploy.0 = Release|Any CPU
		{E1500637-9886-40F6-B269-2E3BF7F19706}.AppStore|x86.ActiveCfg = Release|Any CPU
		{E1500637-9886-40F6-B269-2E3BF7F19706}.AppStore|x86.Build.0 = Release|Any CPU
		{E1500637-9886-40F6-B269-2E3BF7F19706}.AppStore|x86.Deploy.0 = Release|Any CPU
		{E1500637-9886-40F6-B269-2E3BF7F19706}.Debug|Any CPU.ActiveCfg = Debug|Any CPU
		{E1500637-9886-40F6-B269-2E3BF7F19706}.Debug|Any CPU.Build.0 = Debug|Any CPU
		{E1500637-9886-40F6-B269-2E3BF7F19706}.Debug|Any CPU.Deploy.0 = Debug|Any CPU
		{E1500637-9886-40F6-B269-2E3BF7F19706}.Debug|ARM.ActiveCfg = Debug|Any CPU
		{E1500637-9886-40F6-B269-2E3BF7F19706}.Debug|ARM.Build.0 = Debug|Any CPU
		{E1500637-9886-40F6-B269-2E3BF7F19706}.Debug|ARM.Deploy.0 = Debug|Any CPU
		{E1500637-9886-40F6-B269-2E3BF7F19706}.Debug|iPhone.ActiveCfg = Debug|Any CPU
		{E1500637-9886-40F6-B269-2E3BF7F19706}.Debug|iPhone.Build.0 = Debug|Any CPU
		{E1500637-9886-40F6-B269-2E3BF7F19706}.Debug|iPhone.Deploy.0 = Debug|Any CPU
		{E1500637-9886-40F6-B269-2E3BF7F19706}.Debug|iPhoneSimulator.ActiveCfg = Debug|Any CPU
		{E1500637-9886-40F6-B269-2E3BF7F19706}.Debug|iPhoneSimulator.Build.0 = Debug|Any CPU
		{E1500637-9886-40F6-B269-2E3BF7F19706}.Debug|iPhoneSimulator.Deploy.0 = Debug|Any CPU
		{E1500637-9886-40F6-B269-2E3BF7F19706}.Debug|x64.ActiveCfg = Debug|Any CPU
		{E1500637-9886-40F6-B269-2E3BF7F19706}.Debug|x64.Build.0 = Debug|Any CPU
		{E1500637-9886-40F6-B269-2E3BF7F19706}.Debug|x64.Deploy.0 = Debug|Any CPU
		{E1500637-9886-40F6-B269-2E3BF7F19706}.Debug|x86.ActiveCfg = Debug|Any CPU
		{E1500637-9886-40F6-B269-2E3BF7F19706}.Debug|x86.Build.0 = Debug|Any CPU
		{E1500637-9886-40F6-B269-2E3BF7F19706}.Debug|x86.Deploy.0 = Debug|Any CPU
		{E1500637-9886-40F6-B269-2E3BF7F19706}.Release|Any CPU.ActiveCfg = Release|Any CPU
		{E1500637-9886-40F6-B269-2E3BF7F19706}.Release|Any CPU.Build.0 = Release|Any CPU
		{E1500637-9886-40F6-B269-2E3BF7F19706}.Release|Any CPU.Deploy.0 = Release|Any CPU
		{E1500637-9886-40F6-B269-2E3BF7F19706}.Release|ARM.ActiveCfg = Release|Any CPU
		{E1500637-9886-40F6-B269-2E3BF7F19706}.Release|ARM.Build.0 = Release|Any CPU
		{E1500637-9886-40F6-B269-2E3BF7F19706}.Release|ARM.Deploy.0 = Release|Any CPU
		{E1500637-9886-40F6-B269-2E3BF7F19706}.Release|iPhone.ActiveCfg = Release|Any CPU
		{E1500637-9886-40F6-B269-2E3BF7F19706}.Release|iPhone.Build.0 = Release|Any CPU
		{E1500637-9886-40F6-B269-2E3BF7F19706}.Release|iPhone.Deploy.0 = Release|Any CPU
		{E1500637-9886-40F6-B269-2E3BF7F19706}.Release|iPhoneSimulator.ActiveCfg = Release|Any CPU
		{E1500637-9886-40F6-B269-2E3BF7F19706}.Release|iPhoneSimulator.Build.0 = Release|Any CPU
		{E1500637-9886-40F6-B269-2E3BF7F19706}.Release|iPhoneSimulator.Deploy.0 = Release|Any CPU
		{E1500637-9886-40F6-B269-2E3BF7F19706}.Release|x64.ActiveCfg = Release|Any CPU
		{E1500637-9886-40F6-B269-2E3BF7F19706}.Release|x64.Build.0 = Release|Any CPU
		{E1500637-9886-40F6-B269-2E3BF7F19706}.Release|x64.Deploy.0 = Release|Any CPU
		{E1500637-9886-40F6-B269-2E3BF7F19706}.Release|x86.ActiveCfg = Release|Any CPU
		{E1500637-9886-40F6-B269-2E3BF7F19706}.Release|x86.Build.0 = Release|Any CPU
		{E1500637-9886-40F6-B269-2E3BF7F19706}.Release|x86.Deploy.0 = Release|Any CPU
		{B19F1D25-3A06-4A09-9137-F08E357E9EA3}.Ad-Hoc|Any CPU.ActiveCfg = Release|Any CPU
		{B19F1D25-3A06-4A09-9137-F08E357E9EA3}.Ad-Hoc|Any CPU.Build.0 = Release|Any CPU
		{B19F1D25-3A06-4A09-9137-F08E357E9EA3}.Ad-Hoc|ARM.ActiveCfg = Release|Any CPU
		{B19F1D25-3A06-4A09-9137-F08E357E9EA3}.Ad-Hoc|ARM.Build.0 = Release|Any CPU
		{B19F1D25-3A06-4A09-9137-F08E357E9EA3}.Ad-Hoc|iPhone.ActiveCfg = Release|Any CPU
		{B19F1D25-3A06-4A09-9137-F08E357E9EA3}.Ad-Hoc|iPhone.Build.0 = Release|Any CPU
		{B19F1D25-3A06-4A09-9137-F08E357E9EA3}.Ad-Hoc|iPhoneSimulator.ActiveCfg = Release|Any CPU
		{B19F1D25-3A06-4A09-9137-F08E357E9EA3}.Ad-Hoc|iPhoneSimulator.Build.0 = Release|Any CPU
		{B19F1D25-3A06-4A09-9137-F08E357E9EA3}.Ad-Hoc|x64.ActiveCfg = Release|Any CPU
		{B19F1D25-3A06-4A09-9137-F08E357E9EA3}.Ad-Hoc|x64.Build.0 = Release|Any CPU
		{B19F1D25-3A06-4A09-9137-F08E357E9EA3}.Ad-Hoc|x86.ActiveCfg = Release|Any CPU
		{B19F1D25-3A06-4A09-9137-F08E357E9EA3}.Ad-Hoc|x86.Build.0 = Release|Any CPU
		{B19F1D25-3A06-4A09-9137-F08E357E9EA3}.AppStore|Any CPU.ActiveCfg = Release|Any CPU
		{B19F1D25-3A06-4A09-9137-F08E357E9EA3}.AppStore|Any CPU.Build.0 = Release|Any CPU
		{B19F1D25-3A06-4A09-9137-F08E357E9EA3}.AppStore|ARM.ActiveCfg = Release|Any CPU
		{B19F1D25-3A06-4A09-9137-F08E357E9EA3}.AppStore|ARM.Build.0 = Release|Any CPU
		{B19F1D25-3A06-4A09-9137-F08E357E9EA3}.AppStore|iPhone.ActiveCfg = Release|Any CPU
		{B19F1D25-3A06-4A09-9137-F08E357E9EA3}.AppStore|iPhone.Build.0 = Release|Any CPU
		{B19F1D25-3A06-4A09-9137-F08E357E9EA3}.AppStore|iPhoneSimulator.ActiveCfg = Release|Any CPU
		{B19F1D25-3A06-4A09-9137-F08E357E9EA3}.AppStore|iPhoneSimulator.Build.0 = Release|Any CPU
		{B19F1D25-3A06-4A09-9137-F08E357E9EA3}.AppStore|x64.ActiveCfg = Release|Any CPU
		{B19F1D25-3A06-4A09-9137-F08E357E9EA3}.AppStore|x64.Build.0 = Release|Any CPU
		{B19F1D25-3A06-4A09-9137-F08E357E9EA3}.AppStore|x86.ActiveCfg = Release|Any CPU
		{B19F1D25-3A06-4A09-9137-F08E357E9EA3}.AppStore|x86.Build.0 = Release|Any CPU
		{B19F1D25-3A06-4A09-9137-F08E357E9EA3}.Debug|Any CPU.ActiveCfg = Debug|Any CPU
		{B19F1D25-3A06-4A09-9137-F08E357E9EA3}.Debug|Any CPU.Build.0 = Debug|Any CPU
		{B19F1D25-3A06-4A09-9137-F08E357E9EA3}.Debug|ARM.ActiveCfg = Debug|Any CPU
		{B19F1D25-3A06-4A09-9137-F08E357E9EA3}.Debug|ARM.Build.0 = Debug|Any CPU
		{B19F1D25-3A06-4A09-9137-F08E357E9EA3}.Debug|iPhone.ActiveCfg = Debug|Any CPU
		{B19F1D25-3A06-4A09-9137-F08E357E9EA3}.Debug|iPhone.Build.0 = Debug|Any CPU
		{B19F1D25-3A06-4A09-9137-F08E357E9EA3}.Debug|iPhoneSimulator.ActiveCfg = Debug|Any CPU
		{B19F1D25-3A06-4A09-9137-F08E357E9EA3}.Debug|iPhoneSimulator.Build.0 = Debug|Any CPU
		{B19F1D25-3A06-4A09-9137-F08E357E9EA3}.Debug|x64.ActiveCfg = Debug|Any CPU
		{B19F1D25-3A06-4A09-9137-F08E357E9EA3}.Debug|x64.Build.0 = Debug|Any CPU
		{B19F1D25-3A06-4A09-9137-F08E357E9EA3}.Debug|x86.ActiveCfg = Debug|Any CPU
		{B19F1D25-3A06-4A09-9137-F08E357E9EA3}.Debug|x86.Build.0 = Debug|Any CPU
		{B19F1D25-3A06-4A09-9137-F08E357E9EA3}.Release|Any CPU.ActiveCfg = Release|Any CPU
		{B19F1D25-3A06-4A09-9137-F08E357E9EA3}.Release|Any CPU.Build.0 = Release|Any CPU
		{B19F1D25-3A06-4A09-9137-F08E357E9EA3}.Release|ARM.ActiveCfg = Release|Any CPU
		{B19F1D25-3A06-4A09-9137-F08E357E9EA3}.Release|ARM.Build.0 = Release|Any CPU
		{B19F1D25-3A06-4A09-9137-F08E357E9EA3}.Release|iPhone.ActiveCfg = Release|Any CPU
		{B19F1D25-3A06-4A09-9137-F08E357E9EA3}.Release|iPhone.Build.0 = Release|Any CPU
		{B19F1D25-3A06-4A09-9137-F08E357E9EA3}.Release|iPhoneSimulator.ActiveCfg = Release|Any CPU
		{B19F1D25-3A06-4A09-9137-F08E357E9EA3}.Release|iPhoneSimulator.Build.0 = Release|Any CPU
		{B19F1D25-3A06-4A09-9137-F08E357E9EA3}.Release|x64.ActiveCfg = Release|Any CPU
		{B19F1D25-3A06-4A09-9137-F08E357E9EA3}.Release|x64.Build.0 = Release|Any CPU
		{B19F1D25-3A06-4A09-9137-F08E357E9EA3}.Release|x86.ActiveCfg = Release|Any CPU
		{B19F1D25-3A06-4A09-9137-F08E357E9EA3}.Release|x86.Build.0 = Release|Any CPU
		{7F9E2C48-75D3-4B0E-B796-2ED15019701A}.Ad-Hoc|Any CPU.ActiveCfg = Release|x86
		{7F9E2C48-75D3-4B0E-B796-2ED15019701A}.Ad-Hoc|Any CPU.Build.0 = Release|x86
		{7F9E2C48-75D3-4B0E-B796-2ED15019701A}.Ad-Hoc|Any CPU.Deploy.0 = Release|x86
		{7F9E2C48-75D3-4B0E-B796-2ED15019701A}.Ad-Hoc|ARM.ActiveCfg = Release|ARM
		{7F9E2C48-75D3-4B0E-B796-2ED15019701A}.Ad-Hoc|ARM.Build.0 = Release|ARM
		{7F9E2C48-75D3-4B0E-B796-2ED15019701A}.Ad-Hoc|ARM.Deploy.0 = Release|ARM
		{7F9E2C48-75D3-4B0E-B796-2ED15019701A}.Ad-Hoc|iPhone.ActiveCfg = Release|x86
		{7F9E2C48-75D3-4B0E-B796-2ED15019701A}.Ad-Hoc|iPhone.Build.0 = Release|x86
		{7F9E2C48-75D3-4B0E-B796-2ED15019701A}.Ad-Hoc|iPhone.Deploy.0 = Release|x86
		{7F9E2C48-75D3-4B0E-B796-2ED15019701A}.Ad-Hoc|iPhoneSimulator.ActiveCfg = Release|x86
		{7F9E2C48-75D3-4B0E-B796-2ED15019701A}.Ad-Hoc|iPhoneSimulator.Build.0 = Release|x86
		{7F9E2C48-75D3-4B0E-B796-2ED15019701A}.Ad-Hoc|iPhoneSimulator.Deploy.0 = Release|x86
		{7F9E2C48-75D3-4B0E-B796-2ED15019701A}.Ad-Hoc|x64.ActiveCfg = Release|x64
		{7F9E2C48-75D3-4B0E-B796-2ED15019701A}.Ad-Hoc|x64.Build.0 = Release|x64
		{7F9E2C48-75D3-4B0E-B796-2ED15019701A}.Ad-Hoc|x64.Deploy.0 = Release|x64
		{7F9E2C48-75D3-4B0E-B796-2ED15019701A}.Ad-Hoc|x86.ActiveCfg = Release|x86
		{7F9E2C48-75D3-4B0E-B796-2ED15019701A}.Ad-Hoc|x86.Build.0 = Release|x86
		{7F9E2C48-75D3-4B0E-B796-2ED15019701A}.Ad-Hoc|x86.Deploy.0 = Release|x86
		{7F9E2C48-75D3-4B0E-B796-2ED15019701A}.AppStore|Any CPU.ActiveCfg = Release|x86
		{7F9E2C48-75D3-4B0E-B796-2ED15019701A}.AppStore|Any CPU.Build.0 = Release|x86
		{7F9E2C48-75D3-4B0E-B796-2ED15019701A}.AppStore|Any CPU.Deploy.0 = Release|x86
		{7F9E2C48-75D3-4B0E-B796-2ED15019701A}.AppStore|ARM.ActiveCfg = Release|ARM
		{7F9E2C48-75D3-4B0E-B796-2ED15019701A}.AppStore|ARM.Build.0 = Release|ARM
		{7F9E2C48-75D3-4B0E-B796-2ED15019701A}.AppStore|ARM.Deploy.0 = Release|ARM
		{7F9E2C48-75D3-4B0E-B796-2ED15019701A}.AppStore|iPhone.ActiveCfg = Release|x86
		{7F9E2C48-75D3-4B0E-B796-2ED15019701A}.AppStore|iPhone.Build.0 = Release|x86
		{7F9E2C48-75D3-4B0E-B796-2ED15019701A}.AppStore|iPhone.Deploy.0 = Release|x86
		{7F9E2C48-75D3-4B0E-B796-2ED15019701A}.AppStore|iPhoneSimulator.ActiveCfg = Release|x86
		{7F9E2C48-75D3-4B0E-B796-2ED15019701A}.AppStore|iPhoneSimulator.Build.0 = Release|x86
		{7F9E2C48-75D3-4B0E-B796-2ED15019701A}.AppStore|iPhoneSimulator.Deploy.0 = Release|x86
		{7F9E2C48-75D3-4B0E-B796-2ED15019701A}.AppStore|x64.ActiveCfg = Release|x64
		{7F9E2C48-75D3-4B0E-B796-2ED15019701A}.AppStore|x64.Build.0 = Release|x64
		{7F9E2C48-75D3-4B0E-B796-2ED15019701A}.AppStore|x64.Deploy.0 = Release|x64
		{7F9E2C48-75D3-4B0E-B796-2ED15019701A}.AppStore|x86.ActiveCfg = Release|x86
		{7F9E2C48-75D3-4B0E-B796-2ED15019701A}.AppStore|x86.Build.0 = Release|x86
		{7F9E2C48-75D3-4B0E-B796-2ED15019701A}.AppStore|x86.Deploy.0 = Release|x86
		{7F9E2C48-75D3-4B0E-B796-2ED15019701A}.Debug|Any CPU.ActiveCfg = Debug|x86
		{7F9E2C48-75D3-4B0E-B796-2ED15019701A}.Debug|ARM.ActiveCfg = Debug|ARM
		{7F9E2C48-75D3-4B0E-B796-2ED15019701A}.Debug|ARM.Build.0 = Debug|ARM
		{7F9E2C48-75D3-4B0E-B796-2ED15019701A}.Debug|ARM.Deploy.0 = Debug|ARM
		{7F9E2C48-75D3-4B0E-B796-2ED15019701A}.Debug|iPhone.ActiveCfg = Debug|x86
		{7F9E2C48-75D3-4B0E-B796-2ED15019701A}.Debug|iPhoneSimulator.ActiveCfg = Debug|x86
		{7F9E2C48-75D3-4B0E-B796-2ED15019701A}.Debug|x64.ActiveCfg = Debug|x64
		{7F9E2C48-75D3-4B0E-B796-2ED15019701A}.Debug|x64.Build.0 = Debug|x64
		{7F9E2C48-75D3-4B0E-B796-2ED15019701A}.Debug|x64.Deploy.0 = Debug|x64
		{7F9E2C48-75D3-4B0E-B796-2ED15019701A}.Debug|x86.ActiveCfg = Debug|x86
		{7F9E2C48-75D3-4B0E-B796-2ED15019701A}.Debug|x86.Build.0 = Debug|x86
		{7F9E2C48-75D3-4B0E-B796-2ED15019701A}.Debug|x86.Deploy.0 = Debug|x86
		{7F9E2C48-75D3-4B0E-B796-2ED15019701A}.Release|Any CPU.ActiveCfg = Release|x86
		{7F9E2C48-75D3-4B0E-B796-2ED15019701A}.Release|ARM.ActiveCfg = Release|ARM
		{7F9E2C48-75D3-4B0E-B796-2ED15019701A}.Release|ARM.Build.0 = Release|ARM
		{7F9E2C48-75D3-4B0E-B796-2ED15019701A}.Release|ARM.Deploy.0 = Release|ARM
		{7F9E2C48-75D3-4B0E-B796-2ED15019701A}.Release|iPhone.ActiveCfg = Release|x86
		{7F9E2C48-75D3-4B0E-B796-2ED15019701A}.Release|iPhoneSimulator.ActiveCfg = Release|x86
		{7F9E2C48-75D3-4B0E-B796-2ED15019701A}.Release|x64.ActiveCfg = Release|x64
		{7F9E2C48-75D3-4B0E-B796-2ED15019701A}.Release|x64.Build.0 = Release|x64
		{7F9E2C48-75D3-4B0E-B796-2ED15019701A}.Release|x64.Deploy.0 = Release|x64
		{7F9E2C48-75D3-4B0E-B796-2ED15019701A}.Release|x86.ActiveCfg = Release|x86
		{7F9E2C48-75D3-4B0E-B796-2ED15019701A}.Release|x86.Build.0 = Release|x86
		{7F9E2C48-75D3-4B0E-B796-2ED15019701A}.Release|x86.Deploy.0 = Release|x86
		{C9EFFF1A-FB60-4212-9D65-20DA6C7CC4AD}.Ad-Hoc|Any CPU.ActiveCfg = Ad-Hoc|iPhone
		{C9EFFF1A-FB60-4212-9D65-20DA6C7CC4AD}.Ad-Hoc|ARM.ActiveCfg = Ad-Hoc|iPhone
		{C9EFFF1A-FB60-4212-9D65-20DA6C7CC4AD}.Ad-Hoc|iPhone.ActiveCfg = Ad-Hoc|iPhone
		{C9EFFF1A-FB60-4212-9D65-20DA6C7CC4AD}.Ad-Hoc|iPhone.Build.0 = Ad-Hoc|iPhone
		{C9EFFF1A-FB60-4212-9D65-20DA6C7CC4AD}.Ad-Hoc|iPhoneSimulator.ActiveCfg = Ad-Hoc|iPhoneSimulator
		{C9EFFF1A-FB60-4212-9D65-20DA6C7CC4AD}.Ad-Hoc|iPhoneSimulator.Build.0 = Ad-Hoc|iPhoneSimulator
		{C9EFFF1A-FB60-4212-9D65-20DA6C7CC4AD}.Ad-Hoc|x64.ActiveCfg = Ad-Hoc|iPhone
		{C9EFFF1A-FB60-4212-9D65-20DA6C7CC4AD}.Ad-Hoc|x86.ActiveCfg = Ad-Hoc|iPhone
		{C9EFFF1A-FB60-4212-9D65-20DA6C7CC4AD}.AppStore|Any CPU.ActiveCfg = AppStore|iPhone
		{C9EFFF1A-FB60-4212-9D65-20DA6C7CC4AD}.AppStore|ARM.ActiveCfg = AppStore|iPhone
		{C9EFFF1A-FB60-4212-9D65-20DA6C7CC4AD}.AppStore|iPhone.ActiveCfg = AppStore|iPhone
		{C9EFFF1A-FB60-4212-9D65-20DA6C7CC4AD}.AppStore|iPhone.Build.0 = AppStore|iPhone
		{C9EFFF1A-FB60-4212-9D65-20DA6C7CC4AD}.AppStore|iPhoneSimulator.ActiveCfg = AppStore|iPhoneSimulator
		{C9EFFF1A-FB60-4212-9D65-20DA6C7CC4AD}.AppStore|iPhoneSimulator.Build.0 = AppStore|iPhoneSimulator
		{C9EFFF1A-FB60-4212-9D65-20DA6C7CC4AD}.AppStore|x64.ActiveCfg = AppStore|iPhone
		{C9EFFF1A-FB60-4212-9D65-20DA6C7CC4AD}.AppStore|x86.ActiveCfg = AppStore|iPhone
		{C9EFFF1A-FB60-4212-9D65-20DA6C7CC4AD}.Debug|Any CPU.ActiveCfg = Debug|iPhone
		{C9EFFF1A-FB60-4212-9D65-20DA6C7CC4AD}.Debug|ARM.ActiveCfg = Debug|iPhone
		{C9EFFF1A-FB60-4212-9D65-20DA6C7CC4AD}.Debug|iPhone.ActiveCfg = Debug|iPhone
		{C9EFFF1A-FB60-4212-9D65-20DA6C7CC4AD}.Debug|iPhone.Build.0 = Debug|iPhone
		{C9EFFF1A-FB60-4212-9D65-20DA6C7CC4AD}.Debug|iPhoneSimulator.ActiveCfg = Debug|iPhoneSimulator
		{C9EFFF1A-FB60-4212-9D65-20DA6C7CC4AD}.Debug|iPhoneSimulator.Build.0 = Debug|iPhoneSimulator
		{C9EFFF1A-FB60-4212-9D65-20DA6C7CC4AD}.Debug|x64.ActiveCfg = Debug|iPhone
		{C9EFFF1A-FB60-4212-9D65-20DA6C7CC4AD}.Debug|x86.ActiveCfg = Debug|iPhone
		{C9EFFF1A-FB60-4212-9D65-20DA6C7CC4AD}.Release|Any CPU.ActiveCfg = Release|iPhone
		{C9EFFF1A-FB60-4212-9D65-20DA6C7CC4AD}.Release|ARM.ActiveCfg = Release|iPhone
		{C9EFFF1A-FB60-4212-9D65-20DA6C7CC4AD}.Release|iPhone.ActiveCfg = Release|iPhone
		{C9EFFF1A-FB60-4212-9D65-20DA6C7CC4AD}.Release|iPhone.Build.0 = Release|iPhone
		{C9EFFF1A-FB60-4212-9D65-20DA6C7CC4AD}.Release|iPhoneSimulator.ActiveCfg = Release|iPhoneSimulator
		{C9EFFF1A-FB60-4212-9D65-20DA6C7CC4AD}.Release|iPhoneSimulator.Build.0 = Release|iPhoneSimulator
		{C9EFFF1A-FB60-4212-9D65-20DA6C7CC4AD}.Release|x64.ActiveCfg = Release|iPhone
		{C9EFFF1A-FB60-4212-9D65-20DA6C7CC4AD}.Release|x86.ActiveCfg = Release|iPhone
	EndGlobalSection
	GlobalSection(SolutionProperties) = preSolution
		HideSolutionNode = FALSE
	EndGlobalSection
	GlobalSection(NestedProjects) = preSolution
		{27615BD2-6F5B-45D1-87EF-EE86F762603E} = {DEAB1CFE-C12B-4F62-91B6-D2D98AA029EB}
		{576B8AA1-89CC-4A8D-B139-BAD1401D1404} = {DEAB1CFE-C12B-4F62-91B6-D2D98AA029EB}
		{1D04F050-047B-4B8B-AF8D-680B97DD6C7D} = {DEAB1CFE-C12B-4F62-91B6-D2D98AA029EB}
		{073B6310-FDDF-4FD4-AD39-18F44DC9C0EF} = {DEAB1CFE-C12B-4F62-91B6-D2D98AA029EB}
		{68FDD124-9AC8-45E6-AE15-0DF2F75E1AB0} = {DF2B4DB3-B46D-4BE6-A1C5-493ED8E56702}
		{31052F73-CB8C-4148-966E-EC8ECF7244DA} = {DF2B4DB3-B46D-4BE6-A1C5-493ED8E56702}
		{D66557B3-229B-4B96-AF26-129C132850F3} = {DF2B4DB3-B46D-4BE6-A1C5-493ED8E56702}
		{D9587591-52B6-42D2-AFB4-3DC62FB2C417} = {DF2B4DB3-B46D-4BE6-A1C5-493ED8E56702}
		{2D72372D-6A0F-4401-9B82-2526891A52FF} = {4EC8A228-F1B0-4648-B1C2-F018C3081022}
		{9206ACC0-BC9F-42C9-9113-FE1CE5A56999} = {4EC8A228-F1B0-4648-B1C2-F018C3081022}
		{8833E5E3-5A13-452B-9B51-77F54A39B25B} = {4EC8A228-F1B0-4648-B1C2-F018C3081022}
		{301CC375-7CC0-41E4-BCD8-756AFA3ADB11} = {4EC8A228-F1B0-4648-B1C2-F018C3081022}
		{4FA3F501-9767-444F-95D3-AF592B248FEA} = {8B7A6EAA-46D2-49A7-BBDB-5799664F0C7F}
		{105C7446-2B30-42A4-9095-276F49A0B309} = {8B7A6EAA-46D2-49A7-BBDB-5799664F0C7F}
		{476D2CB5-FEDD-49E6-B3DD-8F6AAD53268C} = {8B7A6EAA-46D2-49A7-BBDB-5799664F0C7F}
		{37087071-0B0F-4D72-A3FD-4E579D63CE53} = {8B7A6EAA-46D2-49A7-BBDB-5799664F0C7F}
		{E1500637-9886-40F6-B269-2E3BF7F19706} = {EF6375E2-75E7-41D3-A741-588E417AE5D7}
		{B19F1D25-3A06-4A09-9137-F08E357E9EA3} = {EF6375E2-75E7-41D3-A741-588E417AE5D7}
		{7F9E2C48-75D3-4B0E-B796-2ED15019701A} = {EF6375E2-75E7-41D3-A741-588E417AE5D7}
		{C9EFFF1A-FB60-4212-9D65-20DA6C7CC4AD} = {EF6375E2-75E7-41D3-A741-588E417AE5D7}
	EndGlobalSection
	GlobalSection(ExtensibilityGlobals) = postSolution
		SolutionGuid = {39104832-48E2-43A2-A5A3-8F46878E4EC8}
	EndGlobalSection
EndGlobal
