
Microsoft Visual Studio Solution File, Format Version 12.00
# Visual Studio 15
VisualStudioVersion = 15.0.27004.2002
MinimumVisualStudioVersion = 10.0.40219.1
Project("{2150E333-8FDC-42A3-9474-1A3956D46DE8}") = "XF.MVVMBasic", "XF.MVVMBasic", "{DEAB1CFE-C12B-4F62-91B6-D2D98AA029EB}"
EndProject
Project("{FAE04EC0-301F-11D3-BF4B-00C04F79EFBC}") = "XF.MVVMBasic.Android", "XF.MVVMBasic\XF.MVVMBasic.Android\XF.MVVMBasic.Android.csproj", "{27615BD2-6F5B-45D1-87EF-EE86F762603E}"
EndProject
Project("{FAE04EC0-301F-11D3-BF4B-00C04F79EFBC}") = "XF.MVVMBasic", "XF.MVVMBasic\XF.MVVMBasic\XF.MVVMBasic.csproj", "{576B8AA1-89CC-4A8D-B139-BAD1401D1404}"
EndProject
Project("{FAE04EC0-301F-11D3-BF4B-00C04F79EFBC}") = "XF.MVVMBasic.UWP", "XF.MVVMBasic\XF.MVVMBasic.UWP\XF.MVVMBasic.UWP.csproj", "{1D04F050-047B-4B8B-AF8D-680B97DD6C7D}"
EndProject
Project("{FAE04EC0-301F-11D3-BF4B-00C04F79EFBC}") = "XF.MVVMBasic.iOS", "XF.MVVMBasic\XF.MVVMBasic.iOS\XF.MVVMBasic.iOS.csproj", "{073B6310-FDDF-4FD4-AD39-18F44DC9C0EF}"
EndProject
Project("{2150E333-8FDC-42A3-9474-1A3956D46DE8}") = "XF.Intro", "XF.Intro", "{DF2B4DB3-B46D-4BE6-A1C5-493ED8E56702}"
EndProject
Project("{FAE04EC0-301F-11D3-BF4B-00C04F79EFBC}") = "XF.Intro.Android", "XF.Intro\XF.Intro.Android\XF.Intro.Android.csproj", "{68FDD124-9AC8-45E6-AE15-0DF2F75E1AB0}"
EndProject
Project("{FAE04EC0-301F-11D3-BF4B-00C04F79EFBC}") = "XF.Intro", "XF.Intro\XF.Intro\XF.Intro.csproj", "{31052F73-CB8C-4148-966E-EC8ECF7244DA}"
EndProject
Project("{FAE04EC0-301F-11D3-BF4B-00C04F79EFBC}") = "XF.Intro.UWP", "XF.Intro\XF.Intro.UWP\XF.Intro.UWP.csproj", "{D66557B3-229B-4B96-AF26-129C132850F3}"
EndProject
Project("{FAE04EC0-301F-11D3-BF4B-00C04F79EFBC}") = "XF.Intro.iOS", "XF.Intro\XF.Intro.iOS\XF.Intro.iOS.csproj", "{D9587591-52B6-42D2-AFB4-3DC62FB2C417}"
EndProject
Global
	GlobalSection(SolutionConfigurationPlatforms) = preSolution
		Ad-Hoc|Any CPU = Ad-Hoc|Any CPU
		Ad-Hoc|ARM = Ad-Hoc|ARM
		Ad-Hoc|iPhone = Ad-Hoc|iPhone
		Ad-Hoc|iPhoneSimulator = Ad-Hoc|iPhoneSimulator
		Ad-Hoc|x64 = Ad-Hoc|x64
		Ad-Hoc|x86 = Ad-Hoc|x86
		AppStore|Any CPU = AppStore|Any CPU
		AppStore|ARM = AppStore|ARM
		AppStore|iPhone = AppStore|iPhone
		AppStore|iPhoneSimulator = AppStore|iPhoneSimulator
		AppStore|x64 = AppStore|x64
		AppStore|x86 = AppStore|x86
		Debug|Any CPU = Debug|Any CPU
		Debug|ARM = Debug|ARM
		Debug|iPhone = Debug|iPhone
		Debug|iPhoneSimulator = Debug|iPhoneSimulator
		Debug|x64 = Debug|x64
		Debug|x86 = Debug|x86
		Release|Any CPU = Release|Any CPU
		Release|ARM = Release|ARM
		Release|iPhone = Release|iPhone
		Release|iPhoneSimulator = Release|iPhoneSimulator
		Release|x64 = Release|x64
		Release|x86 = Release|x86
	EndGlobalSection
	GlobalSection(ProjectConfigurationPlatforms) = postSolution
		{27615BD2-6F5B-45D1-87EF-EE86F762603E}.Ad-Hoc|Any CPU.ActiveCfg = Release|Any CPU
		{27615BD2-6F5B-45D1-87EF-EE86F762603E}.Ad-Hoc|Any CPU.Build.0 = Release|Any CPU
		{27615BD2-6F5B-45D1-87EF-EE86F762603E}.Ad-Hoc|Any CPU.Deploy.0 = Release|Any CPU
		{27615BD2-6F5B-45D1-87EF-EE86F762603E}.Ad-Hoc|ARM.ActiveCfg = Release|Any CPU
		{27615BD2-6F5B-45D1-87EF-EE86F762603E}.Ad-Hoc|ARM.Build.0 = Release|Any CPU
		{27615BD2-6F5B-45D1-87EF-EE86F762603E}.Ad-Hoc|ARM.Deploy.0 = Release|Any CPU
		{27615BD2-6F5B-45D1-87EF-EE86F762603E}.Ad-Hoc|iPhone.ActiveCfg = Release|Any CPU
		{27615BD2-6F5B-45D1-87EF-EE86F762603E}.Ad-Hoc|iPhone.Build.0 = Release|Any CPU
		{27615BD2-6F5B-45D1-87EF-EE86F762603E}.Ad-Hoc|iPhone.Deploy.0 = Release|Any CPU
		{27615BD2-6F5B-45D1-87EF-EE86F762603E}.Ad-Hoc|iPhoneSimulator.ActiveCfg = Release|Any CPU
		{27615BD2-6F5B-45D1-87EF-EE86F762603E}.Ad-Hoc|iPhoneSimulator.Build.0 = Release|Any CPU
		{27615BD2-6F5B-45D1-87EF-EE86F762603E}.Ad-Hoc|iPhoneSimulator.Deploy.0 = Release|Any CPU
		{27615BD2-6F5B-45D1-87EF-EE86F762603E}.Ad-Hoc|x64.ActiveCfg = Release|Any CPU
		{27615BD2-6F5B-45D1-87EF-EE86F762603E}.Ad-Hoc|x64.Build.0 = Release|Any CPU
		{27615BD2-6F5B-45D1-87EF-EE86F762603E}.Ad-Hoc|x64.Deploy.0 = Release|Any CPU
		{27615BD2-6F5B-45D1-87EF-EE86F762603E}.Ad-Hoc|x86.ActiveCfg = Release|Any CPU
		{27615BD2-6F5B-45D1-87EF-EE86F762603E}.Ad-Hoc|x86.Build.0 = Release|Any CPU
		{27615BD2-6F5B-45D1-87EF-EE86F762603E}.Ad-Hoc|x86.Deploy.0 = Release|Any CPU
		{27615BD2-6F5B-45D1-87EF-EE86F762603E}.AppStore|Any CPU.ActiveCfg = Release|Any CPU
		{27615BD2-6F5B-45D1-87EF-EE86F762603E}.AppStore|Any CPU.Build.0 = Release|Any CPU
		{27615BD2-6F5B-45D1-87EF-EE86F762603E}.AppStore|Any CPU.Deploy.0 = Release|Any CPU
		{27615BD2-6F5B-45D1-87EF-EE86F762603E}.AppStore|ARM.ActiveCfg = Release|Any CPU
		{27615BD2-6F5B-45D1-87EF-EE86F762603E}.AppStore|ARM.Build.0 = Release|Any CPU
		{27615BD2-6F5B-45D1-87EF-EE86F762603E}.AppStore|ARM.Deploy.0 = Release|Any CPU
		{27615BD2-6F5B-45D1-87EF-EE86F762603E}.AppStore|iPhone.ActiveCfg = Release|Any CPU
		{27615BD2-6F5B-45D1-87EF-EE86F762603E}.AppStore|iPhone.Build.0 = Release|Any CPU
		{27615BD2-6F5B-45D1-87EF-EE86F762603E}.AppStore|iPhone.Deploy.0 = Release|Any CPU
		{27615BD2-6F5B-45D1-87EF-EE86F762603E}.AppStore|iPhoneSimulator.ActiveCfg = Release|Any CPU
		{27615BD2-6F5B-45D1-87EF-EE86F762603E}.AppStore|iPhoneSimulator.Build.0 = Release|Any CPU
		{27615BD2-6F5B-45D1-87EF-EE86F762603E}.AppStore|iPhoneSimulator.Deploy.0 = Release|Any CPU
		{27615BD2-6F5B-45D1-87EF-EE86F762603E}.AppStore|x64.ActiveCfg = Release|Any CPU
		{27615BD2-6F5B-45D1-87EF-EE86F762603E}.AppStore|x64.Build.0 = Release|Any CPU
		{27615BD2-6F5B-45D1-87EF-EE86F762603E}.AppStore|x64.Deploy.0 = Release|Any CPU
		{27615BD2-6F5B-45D1-87EF-EE86F762603E}.AppStore|x86.ActiveCfg = Release|Any CPU
		{27615BD2-6F5B-45D1-87EF-EE86F762603E}.AppStore|x86.Build.0 = Release|Any CPU
		{27615BD2-6F5B-45D1-87EF-EE86F762603E}.AppStore|x86.Deploy.0 = Release|Any CPU
		{27615BD2-6F5B-45D1-87EF-EE86F762603E}.Debug|Any CPU.ActiveCfg = Debug|Any CPU
		{27615BD2-6F5B-45D1-87EF-EE86F762603E}.Debug|Any CPU.Build.0 = Debug|Any CPU
		{27615BD2-6F5B-45D1-87EF-EE86F762603E}.Debug|Any CPU.Deploy.0 = Debug|Any CPU
		{27615BD2-6F5B-45D1-87EF-EE86F762603E}.Debug|ARM.ActiveCfg = Debug|Any CPU
		{27615BD2-6F5B-45D1-87EF-EE86F762603E}.Debug|ARM.Build.0 = Debug|Any CPU
		{27615BD2-6F5B-45D1-87EF-EE86F762603E}.Debug|ARM.Deploy.0 = Debug|Any CPU
		{27615BD2-6F5B-45D1-87EF-EE86F762603E}.Debug|iPhone.ActiveCfg = Debug|Any CPU
		{27615BD2-6F5B-45D1-87EF-EE86F762603E}.Debug|iPhone.Build.0 = Debug|Any CPU
		{27615BD2-6F5B-45D1-87EF-EE86F762603E}.Debug|iPhone.Deploy.0 = Debug|Any CPU
		{27615BD2-6F5B-45D1-87EF-EE86F762603E}.Debug|iPhoneSimulator.ActiveCfg = Debug|Any CPU
		{27615BD2-6F5B-45D1-87EF-EE86F762603E}.Debug|iPhoneSimulator.Build.0 = Debug|Any CPU
		{27615BD2-6F5B-45D1-87EF-EE86F762603E}.Debug|iPhoneSimulator.Deploy.0 = Debug|Any CPU
		{27615BD2-6F5B-45D1-87EF-EE86F762603E}.Debug|x64.ActiveCfg = Debug|Any CPU
		{27615BD2-6F5B-45D1-87EF-EE86F762603E}.Debug|x64.Build.0 = Debug|Any CPU
		{27615BD2-6F5B-45D1-87EF-EE86F762603E}.Debug|x64.Deploy.0 = Debug|Any CPU
		{27615BD2-6F5B-45D1-87EF-EE86F762603E}.Debug|x86.ActiveCfg = Debug|Any CPU
		{27615BD2-6F5B-45D1-87EF-EE86F762603E}.Debug|x86.Build.0 = Debug|Any CPU
		{27615BD2-6F5B-45D1-87EF-EE86F762603E}.Debug|x86.Deploy.0 = Debug|Any CPU
		{27615BD2-6F5B-45D1-87EF-EE86F762603E}.Release|Any CPU.ActiveCfg = Release|Any CPU
		{27615BD2-6F5B-45D1-87EF-EE86F762603E}.Release|Any CPU.Build.0 = Release|Any CPU
		{27615BD2-6F5B-45D1-87EF-EE86F762603E}.Release|Any CPU.Deploy.0 = Release|Any CPU
		{27615BD2-6F5B-45D1-87EF-EE86F762603E}.Release|ARM.ActiveCfg = Release|Any CPU
		{27615BD2-6F5B-45D1-87EF-EE86F762603E}.Release|ARM.Build.0 = Release|Any CPU
		{27615BD2-6F5B-45D1-87EF-EE86F762603E}.Release|ARM.Deploy.0 = Release|Any CPU
		{27615BD2-6F5B-45D1-87EF-EE86F762603E}.Release|iPhone.ActiveCfg = Release|Any CPU
		{27615BD2-6F5B-45D1-87EF-EE86F762603E}.Release|iPhone.Build.0 = Release|Any CPU
		{27615BD2-6F5B-45D1-87EF-EE86F762603E}.Release|iPhone.Deploy.0 = Release|Any CPU
		{27615BD2-6F5B-45D1-87EF-EE86F762603E}.Release|iPhoneSimulator.ActiveCfg = Release|Any CPU
		{27615BD2-6F5B-45D1-87EF-EE86F762603E}.Release|iPhoneSimulator.Build.0 = Release|Any CPU
		{27615BD2-6F5B-45D1-87EF-EE86F762603E}.Release|iPhoneSimulator.Deploy.0 = Release|Any CPU
		{27615BD2-6F5B-45D1-87EF-EE86F762603E}.Release|x64.ActiveCfg = Release|Any CPU
		{27615BD2-6F5B-45D1-87EF-EE86F762603E}.Release|x64.Build.0 = Release|Any CPU
		{27615BD2-6F5B-45D1-87EF-EE86F762603E}.Release|x64.Deploy.0 = Release|Any CPU
		{27615BD2-6F5B-45D1-87EF-EE86F762603E}.Release|x86.ActiveCfg = Release|Any CPU
		{27615BD2-6F5B-45D1-87EF-EE86F762603E}.Release|x86.Build.0 = Release|Any CPU
		{27615BD2-6F5B-45D1-87EF-EE86F762603E}.Release|x86.Deploy.0 = Release|Any CPU
		{576B8AA1-89CC-4A8D-B139-BAD1401D1404}.Ad-Hoc|Any CPU.ActiveCfg = Release|Any CPU
		{576B8AA1-89CC-4A8D-B139-BAD1401D1404}.Ad-Hoc|Any CPU.Build.0 = Release|Any CPU
		{576B8AA1-89CC-4A8D-B139-BAD1401D1404}.Ad-Hoc|ARM.ActiveCfg = Release|Any CPU
		{576B8AA1-89CC-4A8D-B139-BAD1401D1404}.Ad-Hoc|ARM.Build.0 = Release|Any CPU
		{576B8AA1-89CC-4A8D-B139-BAD1401D1404}.Ad-Hoc|iPhone.ActiveCfg = Release|Any CPU
		{576B8AA1-89CC-4A8D-B139-BAD1401D1404}.Ad-Hoc|iPhone.Build.0 = Release|Any CPU
		{576B8AA1-89CC-4A8D-B139-BAD1401D1404}.Ad-Hoc|iPhoneSimulator.ActiveCfg = Release|Any CPU
		{576B8AA1-89CC-4A8D-B139-BAD1401D1404}.Ad-Hoc|iPhoneSimulator.Build.0 = Release|Any CPU
		{576B8AA1-89CC-4A8D-B139-BAD1401D1404}.Ad-Hoc|x64.ActiveCfg = Release|Any CPU
		{576B8AA1-89CC-4A8D-B139-BAD1401D1404}.Ad-Hoc|x64.Build.0 = Release|Any CPU
		{576B8AA1-89CC-4A8D-B139-BAD1401D1404}.Ad-Hoc|x86.ActiveCfg = Release|Any CPU
		{576B8AA1-89CC-4A8D-B139-BAD1401D1404}.Ad-Hoc|x86.Build.0 = Release|Any CPU
		{576B8AA1-89CC-4A8D-B139-BAD1401D1404}.AppStore|Any CPU.ActiveCfg = Release|Any CPU
		{576B8AA1-89CC-4A8D-B139-BAD1401D1404}.AppStore|Any CPU.Build.0 = Release|Any CPU
		{576B8AA1-89CC-4A8D-B139-BAD1401D1404}.AppStore|ARM.ActiveCfg = Release|Any CPU
		{576B8AA1-89CC-4A8D-B139-BAD1401D1404}.AppStore|ARM.Build.0 = Release|Any CPU
		{576B8AA1-89CC-4A8D-B139-BAD1401D1404}.AppStore|iPhone.ActiveCfg = Release|Any CPU
		{576B8AA1-89CC-4A8D-B139-BAD1401D1404}.AppStore|iPhone.Build.0 = Release|Any CPU
		{576B8AA1-89CC-4A8D-B139-BAD1401D1404}.AppStore|iPhoneSimulator.ActiveCfg = Release|Any CPU
		{576B8AA1-89CC-4A8D-B139-BAD1401D1404}.AppStore|iPhoneSimulator.Build.0 = Release|Any CPU
		{576B8AA1-89CC-4A8D-B139-BAD1401D1404}.AppStore|x64.ActiveCfg = Release|Any CPU
		{576B8AA1-89CC-4A8D-B139-BAD1401D1404}.AppStore|x64.Build.0 = Release|Any CPU
		{576B8AA1-89CC-4A8D-B139-BAD1401D1404}.AppStore|x86.ActiveCfg = Release|Any CPU
		{576B8AA1-89CC-4A8D-B139-BAD1401D1404}.AppStore|x86.Build.0 = Release|Any CPU
		{576B8AA1-89CC-4A8D-B139-BAD1401D1404}.Debug|Any CPU.ActiveCfg = Debug|Any CPU
		{576B8AA1-89CC-4A8D-B139-BAD1401D1404}.Debug|Any CPU.Build.0 = Debug|Any CPU
		{576B8AA1-89CC-4A8D-B139-BAD1401D1404}.Debug|ARM.ActiveCfg = Debug|Any CPU
		{576B8AA1-89CC-4A8D-B139-BAD1401D1404}.Debug|ARM.Build.0 = Debug|Any CPU
		{576B8AA1-89CC-4A8D-B139-BAD1401D1404}.Debug|iPhone.ActiveCfg = Debug|Any CPU
		{576B8AA1-89CC-4A8D-B139-BAD1401D1404}.Debug|iPhone.Build.0 = Debug|Any CPU
		{576B8AA1-89CC-4A8D-B139-BAD1401D1404}.Debug|iPhoneSimulator.ActiveCfg = Debug|Any CPU
		{576B8AA1-89CC-4A8D-B139-BAD1401D1404}.Debug|iPhoneSimulator.Build.0 = Debug|Any CPU
		{576B8AA1-89CC-4A8D-B139-BAD1401D1404}.Debug|x64.ActiveCfg = Debug|Any CPU
		{576B8AA1-89CC-4A8D-B139-BAD1401D1404}.Debug|x64.Build.0 = Debug|Any CPU
		{576B8AA1-89CC-4A8D-B139-BAD1401D1404}.Debug|x86.ActiveCfg = Debug|Any CPU
		{576B8AA1-89CC-4A8D-B139-BAD1401D1404}.Debug|x86.Build.0 = Debug|Any CPU
		{576B8AA1-89CC-4A8D-B139-BAD1401D1404}.Release|Any CPU.ActiveCfg = Release|Any CPU
		{576B8AA1-89CC-4A8D-B139-BAD1401D1404}.Release|Any CPU.Build.0 = Release|Any CPU
		{576B8AA1-89CC-4A8D-B139-BAD1401D1404}.Release|ARM.ActiveCfg = Release|Any CPU
		{576B8AA1-89CC-4A8D-B139-BAD1401D1404}.Release|ARM.Build.0 = Release|Any CPU
		{576B8AA1-89CC-4A8D-B139-BAD1401D1404}.Release|iPhone.ActiveCfg = Release|Any CPU
		{576B8AA1-89CC-4A8D-B139-BAD1401D1404}.Release|iPhone.Build.0 = Release|Any CPU
		{576B8AA1-89CC-4A8D-B139-BAD1401D1404}.Release|iPhoneSimulator.ActiveCfg = Release|Any CPU
		{576B8AA1-89CC-4A8D-B139-BAD1401D1404}.Release|iPhoneSimulator.Build.0 = Release|Any CPU
		{576B8AA1-89CC-4A8D-B139-BAD1401D1404}.Release|x64.ActiveCfg = Release|Any CPU
		{576B8AA1-89CC-4A8D-B139-BAD1401D1404}.Release|x64.Build.0 = Release|Any CPU
		{576B8AA1-89CC-4A8D-B139-BAD1401D1404}.Release|x86.ActiveCfg = Release|Any CPU
		{576B8AA1-89CC-4A8D-B139-BAD1401D1404}.Release|x86.Build.0 = Release|Any CPU
		{1D04F050-047B-4B8B-AF8D-680B97DD6C7D}.Ad-Hoc|Any CPU.ActiveCfg = Release|x86
		{1D04F050-047B-4B8B-AF8D-680B97DD6C7D}.Ad-Hoc|Any CPU.Build.0 = Release|x86
		{1D04F050-047B-4B8B-AF8D-680B97DD6C7D}.Ad-Hoc|Any CPU.Deploy.0 = Release|x86
		{1D04F050-047B-4B8B-AF8D-680B97DD6C7D}.Ad-Hoc|ARM.ActiveCfg = Release|ARM
		{1D04F050-047B-4B8B-AF8D-680B97DD6C7D}.Ad-Hoc|ARM.Build.0 = Release|ARM
		{1D04F050-047B-4B8B-AF8D-680B97DD6C7D}.Ad-Hoc|ARM.Deploy.0 = Release|ARM
		{1D04F050-047B-4B8B-AF8D-680B97DD6C7D}.Ad-Hoc|iPhone.ActiveCfg = Release|x86
		{1D04F050-047B-4B8B-AF8D-680B97DD6C7D}.Ad-Hoc|iPhone.Build.0 = Release|x86
		{1D04F050-047B-4B8B-AF8D-680B97DD6C7D}.Ad-Hoc|iPhone.Deploy.0 = Release|x86
		{1D04F050-047B-4B8B-AF8D-680B97DD6C7D}.Ad-Hoc|iPhoneSimulator.ActiveCfg = Release|x86
		{1D04F050-047B-4B8B-AF8D-680B97DD6C7D}.Ad-Hoc|iPhoneSimulator.Build.0 = Release|x86
		{1D04F050-047B-4B8B-AF8D-680B97DD6C7D}.Ad-Hoc|iPhoneSimulator.Deploy.0 = Release|x86
		{1D04F050-047B-4B8B-AF8D-680B97DD6C7D}.Ad-Hoc|x64.ActiveCfg = Release|x64
		{1D04F050-047B-4B8B-AF8D-680B97DD6C7D}.Ad-Hoc|x64.Build.0 = Release|x64
		{1D04F050-047B-4B8B-AF8D-680B97DD6C7D}.Ad-Hoc|x64.Deploy.0 = Release|x64
		{1D04F050-047B-4B8B-AF8D-680B97DD6C7D}.Ad-Hoc|x86.ActiveCfg = Release|x86
		{1D04F050-047B-4B8B-AF8D-680B97DD6C7D}.Ad-Hoc|x86.Build.0 = Release|x86
		{1D04F050-047B-4B8B-AF8D-680B97DD6C7D}.Ad-Hoc|x86.Deploy.0 = Release|x86
		{1D04F050-047B-4B8B-AF8D-680B97DD6C7D}.AppStore|Any CPU.ActiveCfg = Release|x86
		{1D04F050-047B-4B8B-AF8D-680B97DD6C7D}.AppStore|Any CPU.Build.0 = Release|x86
		{1D04F050-047B-4B8B-AF8D-680B97DD6C7D}.AppStore|Any CPU.Deploy.0 = Release|x86
		{1D04F050-047B-4B8B-AF8D-680B97DD6C7D}.AppStore|ARM.ActiveCfg = Release|ARM
		{1D04F050-047B-4B8B-AF8D-680B97DD6C7D}.AppStore|ARM.Build.0 = Release|ARM
		{1D04F050-047B-4B8B-AF8D-680B97DD6C7D}.AppStore|ARM.Deploy.0 = Release|ARM
		{1D04F050-047B-4B8B-AF8D-680B97DD6C7D}.AppStore|iPhone.ActiveCfg = Release|x86
		{1D04F050-047B-4B8B-AF8D-680B97DD6C7D}.AppStore|iPhone.Build.0 = Release|x86
		{1D04F050-047B-4B8B-AF8D-680B97DD6C7D}.AppStore|iPhone.Deploy.0 = Release|x86
		{1D04F050-047B-4B8B-AF8D-680B97DD6C7D}.AppStore|iPhoneSimulator.ActiveCfg = Release|x86
		{1D04F050-047B-4B8B-AF8D-680B97DD6C7D}.AppStore|iPhoneSimulator.Build.0 = Release|x86
		{1D04F050-047B-4B8B-AF8D-680B97DD6C7D}.AppStore|iPhoneSimulator.Deploy.0 = Release|x86
		{1D04F050-047B-4B8B-AF8D-680B97DD6C7D}.AppStore|x64.ActiveCfg = Release|x64
		{1D04F050-047B-4B8B-AF8D-680B97DD6C7D}.AppStore|x64.Build.0 = Release|x64
		{1D04F050-047B-4B8B-AF8D-680B97DD6C7D}.AppStore|x64.Deploy.0 = Release|x64
		{1D04F050-047B-4B8B-AF8D-680B97DD6C7D}.AppStore|x86.ActiveCfg = Release|x86
		{1D04F050-047B-4B8B-AF8D-680B97DD6C7D}.AppStore|x86.Build.0 = Release|x86
		{1D04F050-047B-4B8B-AF8D-680B97DD6C7D}.AppStore|x86.Deploy.0 = Release|x86
		{1D04F050-047B-4B8B-AF8D-680B97DD6C7D}.Debug|Any CPU.ActiveCfg = Debug|x86
		{1D04F050-047B-4B8B-AF8D-680B97DD6C7D}.Debug|ARM.ActiveCfg = Debug|ARM
		{1D04F050-047B-4B8B-AF8D-680B97DD6C7D}.Debug|ARM.Build.0 = Debug|ARM
		{1D04F050-047B-4B8B-AF8D-680B97DD6C7D}.Debug|ARM.Deploy.0 = Debug|ARM
		{1D04F050-047B-4B8B-AF8D-680B97DD6C7D}.Debug|iPhone.ActiveCfg = Debug|x86
		{1D04F050-047B-4B8B-AF8D-680B97DD6C7D}.Debug|iPhoneSimulator.ActiveCfg = Debug|x86
		{1D04F050-047B-4B8B-AF8D-680B97DD6C7D}.Debug|x64.ActiveCfg = Debug|x64
		{1D04F050-047B-4B8B-AF8D-680B97DD6C7D}.Debug|x64.Build.0 = Debug|x64
		{1D04F050-047B-4B8B-AF8D-680B97DD6C7D}.Debug|x64.Deploy.0 = Debug|x64
		{1D04F050-047B-4B8B-AF8D-680B97DD6C7D}.Debug|x86.ActiveCfg = Debug|x86
		{1D04F050-047B-4B8B-AF8D-680B97DD6C7D}.Debug|x86.Build.0 = Debug|x86
		{1D04F050-047B-4B8B-AF8D-680B97DD6C7D}.Debug|x86.Deploy.0 = Debug|x86
		{1D04F050-047B-4B8B-AF8D-680B97DD6C7D}.Release|Any CPU.ActiveCfg = Release|x86
		{1D04F050-047B-4B8B-AF8D-680B97DD6C7D}.Release|ARM.ActiveCfg = Release|ARM
		{1D04F050-047B-4B8B-AF8D-680B97DD6C7D}.Release|ARM.Build.0 = Release|ARM
		{1D04F050-047B-4B8B-AF8D-680B97DD6C7D}.Release|ARM.Deploy.0 = Release|ARM
		{1D04F050-047B-4B8B-AF8D-680B97DD6C7D}.Release|iPhone.ActiveCfg = Release|x86
		{1D04F050-047B-4B8B-AF8D-680B97DD6C7D}.Release|iPhoneSimulator.ActiveCfg = Release|x86
		{1D04F050-047B-4B8B-AF8D-680B97DD6C7D}.Release|x64.ActiveCfg = Release|x64
		{1D04F050-047B-4B8B-AF8D-680B97DD6C7D}.Release|x64.Build.0 = Release|x64
		{1D04F050-047B-4B8B-AF8D-680B97DD6C7D}.Release|x64.Deploy.0 = Release|x64
		{1D04F050-047B-4B8B-AF8D-680B97DD6C7D}.Release|x86.ActiveCfg = Release|x86
		{1D04F050-047B-4B8B-AF8D-680B97DD6C7D}.Release|x86.Build.0 = Release|x86
		{1D04F050-047B-4B8B-AF8D-680B97DD6C7D}.Release|x86.Deploy.0 = Release|x86
		{073B6310-FDDF-4FD4-AD39-18F44DC9C0EF}.Ad-Hoc|Any CPU.ActiveCfg = Ad-Hoc|iPhone
		{073B6310-FDDF-4FD4-AD39-18F44DC9C0EF}.Ad-Hoc|ARM.ActiveCfg = Ad-Hoc|iPhone
		{073B6310-FDDF-4FD4-AD39-18F44DC9C0EF}.Ad-Hoc|iPhone.ActiveCfg = Ad-Hoc|iPhone
		{073B6310-FDDF-4FD4-AD39-18F44DC9C0EF}.Ad-Hoc|iPhone.Build.0 = Ad-Hoc|iPhone
		{073B6310-FDDF-4FD4-AD39-18F44DC9C0EF}.Ad-Hoc|iPhoneSimulator.ActiveCfg = Ad-Hoc|iPhoneSimulator
		{073B6310-FDDF-4FD4-AD39-18F44DC9C0EF}.Ad-Hoc|iPhoneSimulator.Build.0 = Ad-Hoc|iPhoneSimulator
		{073B6310-FDDF-4FD4-AD39-18F44DC9C0EF}.Ad-Hoc|x64.ActiveCfg = Ad-Hoc|iPhone
		{073B6310-FDDF-4FD4-AD39-18F44DC9C0EF}.Ad-Hoc|x86.ActiveCfg = Ad-Hoc|iPhone
		{073B6310-FDDF-4FD4-AD39-18F44DC9C0EF}.AppStore|Any CPU.ActiveCfg = AppStore|iPhone
		{073B6310-FDDF-4FD4-AD39-18F44DC9C0EF}.AppStore|ARM.ActiveCfg = AppStore|iPhone
		{073B6310-FDDF-4FD4-AD39-18F44DC9C0EF}.AppStore|iPhone.ActiveCfg = AppStore|iPhone
		{073B6310-FDDF-4FD4-AD39-18F44DC9C0EF}.AppStore|iPhone.Build.0 = AppStore|iPhone
		{073B6310-FDDF-4FD4-AD39-18F44DC9C0EF}.AppStore|iPhoneSimulator.ActiveCfg = AppStore|iPhoneSimulator
		{073B6310-FDDF-4FD4-AD39-18F44DC9C0EF}.AppStore|iPhoneSimulator.Build.0 = AppStore|iPhoneSimulator
		{073B6310-FDDF-4FD4-AD39-18F44DC9C0EF}.AppStore|x64.ActiveCfg = AppStore|iPhone
		{073B6310-FDDF-4FD4-AD39-18F44DC9C0EF}.AppStore|x86.ActiveCfg = AppStore|iPhone
		{073B6310-FDDF-4FD4-AD39-18F44DC9C0EF}.Debug|Any CPU.ActiveCfg = Debug|iPhone
		{073B6310-FDDF-4FD4-AD39-18F44DC9C0EF}.Debug|ARM.ActiveCfg = Debug|iPhone
		{073B6310-FDDF-4FD4-AD39-18F44DC9C0EF}.Debug|iPhone.ActiveCfg = Debug|iPhone
		{073B6310-FDDF-4FD4-AD39-18F44DC9C0EF}.Debug|iPhone.Build.0 = Debug|iPhone
		{073B6310-FDDF-4FD4-AD39-18F44DC9C0EF}.Debug|iPhoneSimulator.ActiveCfg = Debug|iPhoneSimulator
		{073B6310-FDDF-4FD4-AD39-18F44DC9C0EF}.Debug|iPhoneSimulator.Build.0 = Debug|iPhoneSimulator
		{073B6310-FDDF-4FD4-AD39-18F44DC9C0EF}.Debug|x64.ActiveCfg = Debug|iPhone
		{073B6310-FDDF-4FD4-AD39-18F44DC9C0EF}.Debug|x86.ActiveCfg = Debug|iPhone
		{073B6310-FDDF-4FD4-AD39-18F44DC9C0EF}.Release|Any CPU.ActiveCfg = Release|iPhone
		{073B6310-FDDF-4FD4-AD39-18F44DC9C0EF}.Release|ARM.ActiveCfg = Release|iPhone
		{073B6310-FDDF-4FD4-AD39-18F44DC9C0EF}.Release|iPhone.ActiveCfg = Release|iPhone
		{073B6310-FDDF-4FD4-AD39-18F44DC9C0EF}.Release|iPhone.Build.0 = Release|iPhone
		{073B6310-FDDF-4FD4-AD39-18F44DC9C0EF}.Release|iPhoneSimulator.ActiveCfg = Release|iPhoneSimulator
		{073B6310-FDDF-4FD4-AD39-18F44DC9C0EF}.Release|iPhoneSimulator.Build.0 = Release|iPhoneSimulator
		{073B6310-FDDF-4FD4-AD39-18F44DC9C0EF}.Release|x64.ActiveCfg = Release|iPhone
		{073B6310-FDDF-4FD4-AD39-18F44DC9C0EF}.Release|x86.ActiveCfg = Release|iPhone
		{68FDD124-9AC8-45E6-AE15-0DF2F75E1AB0}.Ad-Hoc|Any CPU.ActiveCfg = Release|Any CPU
		{68FDD124-9AC8-45E6-AE15-0DF2F75E1AB0}.Ad-Hoc|Any CPU.Build.0 = Release|Any CPU
		{68FDD124-9AC8-45E6-AE15-0DF2F75E1AB0}.Ad-Hoc|Any CPU.Deploy.0 = Release|Any CPU
		{68FDD124-9AC8-45E6-AE15-0DF2F75E1AB0}.Ad-Hoc|ARM.ActiveCfg = Release|Any CPU
		{68FDD124-9AC8-45E6-AE15-0DF2F75E1AB0}.Ad-Hoc|ARM.Build.0 = Release|Any CPU
		{68FDD124-9AC8-45E6-AE15-0DF2F75E1AB0}.Ad-Hoc|ARM.Deploy.0 = Release|Any CPU
		{68FDD124-9AC8-45E6-AE15-0DF2F75E1AB0}.Ad-Hoc|iPhone.ActiveCfg = Release|Any CPU
		{68FDD124-9AC8-45E6-AE15-0DF2F75E1AB0}.Ad-Hoc|iPhone.Build.0 = Release|Any CPU
		{68FDD124-9AC8-45E6-AE15-0DF2F75E1AB0}.Ad-Hoc|iPhone.Deploy.0 = Release|Any CPU
		{68FDD124-9AC8-45E6-AE15-0DF2F75E1AB0}.Ad-Hoc|iPhoneSimulator.ActiveCfg = Release|Any CPU
		{68FDD124-9AC8-45E6-AE15-0DF2F75E1AB0}.Ad-Hoc|iPhoneSimulator.Build.0 = Release|Any CPU
		{68FDD124-9AC8-45E6-AE15-0DF2F75E1AB0}.Ad-Hoc|iPhoneSimulator.Deploy.0 = Release|Any CPU
		{68FDD124-9AC8-45E6-AE15-0DF2F75E1AB0}.Ad-Hoc|x64.ActiveCfg = Release|Any CPU
		{68FDD124-9AC8-45E6-AE15-0DF2F75E1AB0}.Ad-Hoc|x64.Build.0 = Release|Any CPU
		{68FDD124-9AC8-45E6-AE15-0DF2F75E1AB0}.Ad-Hoc|x64.Deploy.0 = Release|Any CPU
		{68FDD124-9AC8-45E6-AE15-0DF2F75E1AB0}.Ad-Hoc|x86.ActiveCfg = Release|Any CPU
		{68FDD124-9AC8-45E6-AE15-0DF2F75E1AB0}.Ad-Hoc|x86.Build.0 = Release|Any CPU
		{68FDD124-9AC8-45E6-AE15-0DF2F75E1AB0}.Ad-Hoc|x86.Deploy.0 = Release|Any CPU
		{68FDD124-9AC8-45E6-AE15-0DF2F75E1AB0}.AppStore|Any CPU.ActiveCfg = Release|Any CPU
		{68FDD124-9AC8-45E6-AE15-0DF2F75E1AB0}.AppStore|Any CPU.Build.0 = Release|Any CPU
		{68FDD124-9AC8-45E6-AE15-0DF2F75E1AB0}.AppStore|Any CPU.Deploy.0 = Release|Any CPU
		{68FDD124-9AC8-45E6-AE15-0DF2F75E1AB0}.AppStore|ARM.ActiveCfg = Release|Any CPU
		{68FDD124-9AC8-45E6-AE15-0DF2F75E1AB0}.AppStore|ARM.Build.0 = Release|Any CPU
		{68FDD124-9AC8-45E6-AE15-0DF2F75E1AB0}.AppStore|ARM.Deploy.0 = Release|Any CPU
		{68FDD124-9AC8-45E6-AE15-0DF2F75E1AB0}.AppStore|iPhone.ActiveCfg = Release|Any CPU
		{68FDD124-9AC8-45E6-AE15-0DF2F75E1AB0}.AppStore|iPhone.Build.0 = Release|Any CPU
		{68FDD124-9AC8-45E6-AE15-0DF2F75E1AB0}.AppStore|iPhone.Deploy.0 = Release|Any CPU
		{68FDD124-9AC8-45E6-AE15-0DF2F75E1AB0}.AppStore|iPhoneSimulator.ActiveCfg = Release|Any CPU
		{68FDD124-9AC8-45E6-AE15-0DF2F75E1AB0}.AppStore|iPhoneSimulator.Build.0 = Release|Any CPU
		{68FDD124-9AC8-45E6-AE15-0DF2F75E1AB0}.AppStore|iPhoneSimulator.Deploy.0 = Release|Any CPU
		{68FDD124-9AC8-45E6-AE15-0DF2F75E1AB0}.AppStore|x64.ActiveCfg = Release|Any CPU
		{68FDD124-9AC8-45E6-AE15-0DF2F75E1AB0}.AppStore|x64.Build.0 = Release|Any CPU
		{68FDD124-9AC8-45E6-AE15-0DF2F75E1AB0}.AppStore|x64.Deploy.0 = Release|Any CPU
		{68FDD124-9AC8-45E6-AE15-0DF2F75E1AB0}.AppStore|x86.ActiveCfg = Release|Any CPU
		{68FDD124-9AC8-45E6-AE15-0DF2F75E1AB0}.AppStore|x86.Build.0 = Release|Any CPU
		{68FDD124-9AC8-45E6-AE15-0DF2F75E1AB0}.AppStore|x86.Deploy.0 = Release|Any CPU
		{68FDD124-9AC8-45E6-AE15-0DF2F75E1AB0}.Debug|Any CPU.ActiveCfg = Debug|Any CPU
		{68FDD124-9AC8-45E6-AE15-0DF2F75E1AB0}.Debug|Any CPU.Build.0 = Debug|Any CPU
		{68FDD124-9AC8-45E6-AE15-0DF2F75E1AB0}.Debug|Any CPU.Deploy.0 = Debug|Any CPU
		{68FDD124-9AC8-45E6-AE15-0DF2F75E1AB0}.Debug|ARM.ActiveCfg = Debug|Any CPU
		{68FDD124-9AC8-45E6-AE15-0DF2F75E1AB0}.Debug|ARM.Build.0 = Debug|Any CPU
		{68FDD124-9AC8-45E6-AE15-0DF2F75E1AB0}.Debug|ARM.Deploy.0 = Debug|Any CPU
		{68FDD124-9AC8-45E6-AE15-0DF2F75E1AB0}.Debug|iPhone.ActiveCfg = Debug|Any CPU
		{68FDD124-9AC8-45E6-AE15-0DF2F75E1AB0}.Debug|iPhone.Build.0 = Debug|Any CPU
		{68FDD124-9AC8-45E6-AE15-0DF2F75E1AB0}.Debug|iPhone.Deploy.0 = Debug|Any CPU
		{68FDD124-9AC8-45E6-AE15-0DF2F75E1AB0}.Debug|iPhoneSimulator.ActiveCfg = Debug|Any CPU
		{68FDD124-9AC8-45E6-AE15-0DF2F75E1AB0}.Debug|iPhoneSimulator.Build.0 = Debug|Any CPU
		{68FDD124-9AC8-45E6-AE15-0DF2F75E1AB0}.Debug|iPhoneSimulator.Deploy.0 = Debug|Any CPU
		{68FDD124-9AC8-45E6-AE15-0DF2F75E1AB0}.Debug|x64.ActiveCfg = Debug|Any CPU
		{68FDD124-9AC8-45E6-AE15-0DF2F75E1AB0}.Debug|x64.Build.0 = Debug|Any CPU
		{68FDD124-9AC8-45E6-AE15-0DF2F75E1AB0}.Debug|x64.Deploy.0 = Debug|Any CPU
		{68FDD124-9AC8-45E6-AE15-0DF2F75E1AB0}.Debug|x86.ActiveCfg = Debug|Any CPU
		{68FDD124-9AC8-45E6-AE15-0DF2F75E1AB0}.Debug|x86.Build.0 = Debug|Any CPU
		{68FDD124-9AC8-45E6-AE15-0DF2F75E1AB0}.Debug|x86.Deploy.0 = Debug|Any CPU
		{68FDD124-9AC8-45E6-AE15-0DF2F75E1AB0}.Release|Any CPU.ActiveCfg = Release|Any CPU
		{68FDD124-9AC8-45E6-AE15-0DF2F75E1AB0}.Release|Any CPU.Build.0 = Release|Any CPU
		{68FDD124-9AC8-45E6-AE15-0DF2F75E1AB0}.Release|Any CPU.Deploy.0 = Release|Any CPU
		{68FDD124-9AC8-45E6-AE15-0DF2F75E1AB0}.Release|ARM.ActiveCfg = Release|Any CPU
		{68FDD124-9AC8-45E6-AE15-0DF2F75E1AB0}.Release|ARM.Build.0 = Release|Any CPU
		{68FDD124-9AC8-45E6-AE15-0DF2F75E1AB0}.Release|ARM.Deploy.0 = Release|Any CPU
		{68FDD124-9AC8-45E6-AE15-0DF2F75E1AB0}.Release|iPhone.ActiveCfg = Release|Any CPU
		{68FDD124-9AC8-45E6-AE15-0DF2F75E1AB0}.Release|iPhone.Build.0 = Release|Any CPU
		{68FDD124-9AC8-45E6-AE15-0DF2F75E1AB0}.Release|iPhone.Deploy.0 = Release|Any CPU
		{68FDD124-9AC8-45E6-AE15-0DF2F75E1AB0}.Release|iPhoneSimulator.ActiveCfg = Release|Any CPU
		{68FDD124-9AC8-45E6-AE15-0DF2F75E1AB0}.Release|iPhoneSimulator.Build.0 = Release|Any CPU
		{68FDD124-9AC8-45E6-AE15-0DF2F75E1AB0}.Release|iPhoneSimulator.Deploy.0 = Release|Any CPU
		{68FDD124-9AC8-45E6-AE15-0DF2F75E1AB0}.Release|x64.ActiveCfg = Release|Any CPU
		{68FDD124-9AC8-45E6-AE15-0DF2F75E1AB0}.Release|x64.Build.0 = Release|Any CPU
		{68FDD124-9AC8-45E6-AE15-0DF2F75E1AB0}.Release|x64.Deploy.0 = Release|Any CPU
		{68FDD124-9AC8-45E6-AE15-0DF2F75E1AB0}.Release|x86.ActiveCfg = Release|Any CPU
		{68FDD124-9AC8-45E6-AE15-0DF2F75E1AB0}.Release|x86.Build.0 = Release|Any CPU
		{68FDD124-9AC8-45E6-AE15-0DF2F75E1AB0}.Release|x86.Deploy.0 = Release|Any CPU
		{31052F73-CB8C-4148-966E-EC8ECF7244DA}.Ad-Hoc|Any CPU.ActiveCfg = Release|Any CPU
		{31052F73-CB8C-4148-966E-EC8ECF7244DA}.Ad-Hoc|Any CPU.Build.0 = Release|Any CPU
		{31052F73-CB8C-4148-966E-EC8ECF7244DA}.Ad-Hoc|ARM.ActiveCfg = Release|Any CPU
		{31052F73-CB8C-4148-966E-EC8ECF7244DA}.Ad-Hoc|ARM.Build.0 = Release|Any CPU
		{31052F73-CB8C-4148-966E-EC8ECF7244DA}.Ad-Hoc|iPhone.ActiveCfg = Release|Any CPU
		{31052F73-CB8C-4148-966E-EC8ECF7244DA}.Ad-Hoc|iPhone.Build.0 = Release|Any CPU
		{31052F73-CB8C-4148-966E-EC8ECF7244DA}.Ad-Hoc|iPhoneSimulator.ActiveCfg = Release|Any CPU
		{31052F73-CB8C-4148-966E-EC8ECF7244DA}.Ad-Hoc|iPhoneSimulator.Build.0 = Release|Any CPU
		{31052F73-CB8C-4148-966E-EC8ECF7244DA}.Ad-Hoc|x64.ActiveCfg = Release|Any CPU
		{31052F73-CB8C-4148-966E-EC8ECF7244DA}.Ad-Hoc|x64.Build.0 = Release|Any CPU
		{31052F73-CB8C-4148-966E-EC8ECF7244DA}.Ad-Hoc|x86.ActiveCfg = Release|Any CPU
		{31052F73-CB8C-4148-966E-EC8ECF7244DA}.Ad-Hoc|x86.Build.0 = Release|Any CPU
		{31052F73-CB8C-4148-966E-EC8ECF7244DA}.AppStore|Any CPU.ActiveCfg = Release|Any CPU
		{31052F73-CB8C-4148-966E-EC8ECF7244DA}.AppStore|Any CPU.Build.0 = Release|Any CPU
		{31052F73-CB8C-4148-966E-EC8ECF7244DA}.AppStore|ARM.ActiveCfg = Release|Any CPU
		{31052F73-CB8C-4148-966E-EC8ECF7244DA}.AppStore|ARM.Build.0 = Release|Any CPU
		{31052F73-CB8C-4148-966E-EC8ECF7244DA}.AppStore|iPhone.ActiveCfg = Release|Any CPU
		{31052F73-CB8C-4148-966E-EC8ECF7244DA}.AppStore|iPhone.Build.0 = Release|Any CPU
		{31052F73-CB8C-4148-966E-EC8ECF7244DA}.AppStore|iPhoneSimulator.ActiveCfg = Release|Any CPU
		{31052F73-CB8C-4148-966E-EC8ECF7244DA}.AppStore|iPhoneSimulator.Build.0 = Release|Any CPU
		{31052F73-CB8C-4148-966E-EC8ECF7244DA}.AppStore|x64.ActiveCfg = Release|Any CPU
		{31052F73-CB8C-4148-966E-EC8ECF7244DA}.AppStore|x64.Build.0 = Release|Any CPU
		{31052F73-CB8C-4148-966E-EC8ECF7244DA}.AppStore|x86.ActiveCfg = Release|Any CPU
		{31052F73-CB8C-4148-966E-EC8ECF7244DA}.AppStore|x86.Build.0 = Release|Any CPU
		{31052F73-CB8C-4148-966E-EC8ECF7244DA}.Debug|Any CPU.ActiveCfg = Debug|Any CPU
		{31052F73-CB8C-4148-966E-EC8ECF7244DA}.Debug|Any CPU.Build.0 = Debug|Any CPU
		{31052F73-CB8C-4148-966E-EC8ECF7244DA}.Debug|ARM.ActiveCfg = Debug|Any CPU
		{31052F73-CB8C-4148-966E-EC8ECF7244DA}.Debug|ARM.Build.0 = Debug|Any CPU
		{31052F73-CB8C-4148-966E-EC8ECF7244DA}.Debug|iPhone.ActiveCfg = Debug|Any CPU
		{31052F73-CB8C-4148-966E-EC8ECF7244DA}.Debug|iPhone.Build.0 = Debug|Any CPU
		{31052F73-CB8C-4148-966E-EC8ECF7244DA}.Debug|iPhoneSimulator.ActiveCfg = Debug|Any CPU
		{31052F73-CB8C-4148-966E-EC8ECF7244DA}.Debug|iPhoneSimulator.Build.0 = Debug|Any CPU
		{31052F73-CB8C-4148-966E-EC8ECF7244DA}.Debug|x64.ActiveCfg = Debug|Any CPU
		{31052F73-CB8C-4148-966E-EC8ECF7244DA}.Debug|x64.Build.0 = Debug|Any CPU
		{31052F73-CB8C-4148-966E-EC8ECF7244DA}.Debug|x86.ActiveCfg = Debug|Any CPU
		{31052F73-CB8C-4148-966E-EC8ECF7244DA}.Debug|x86.Build.0 = Debug|Any CPU
		{31052F73-CB8C-4148-966E-EC8ECF7244DA}.Release|Any CPU.ActiveCfg = Release|Any CPU
		{31052F73-CB8C-4148-966E-EC8ECF7244DA}.Release|Any CPU.Build.0 = Release|Any CPU
		{31052F73-CB8C-4148-966E-EC8ECF7244DA}.Release|ARM.ActiveCfg = Release|Any CPU
		{31052F73-CB8C-4148-966E-EC8ECF7244DA}.Release|ARM.Build.0 = Release|Any CPU
		{31052F73-CB8C-4148-966E-EC8ECF7244DA}.Release|iPhone.ActiveCfg = Release|Any CPU
		{31052F73-CB8C-4148-966E-EC8ECF7244DA}.Release|iPhone.Build.0 = Release|Any CPU
		{31052F73-CB8C-4148-966E-EC8ECF7244DA}.Release|iPhoneSimulator.ActiveCfg = Release|Any CPU
		{31052F73-CB8C-4148-966E-EC8ECF7244DA}.Release|iPhoneSimulator.Build.0 = Release|Any CPU
		{31052F73-CB8C-4148-966E-EC8ECF7244DA}.Release|x64.ActiveCfg = Release|Any CPU
		{31052F73-CB8C-4148-966E-EC8ECF7244DA}.Release|x64.Build.0 = Release|Any CPU
		{31052F73-CB8C-4148-966E-EC8ECF7244DA}.Release|x86.ActiveCfg = Release|Any CPU
		{31052F73-CB8C-4148-966E-EC8ECF7244DA}.Release|x86.Build.0 = Release|Any CPU
		{D66557B3-229B-4B96-AF26-129C132850F3}.Ad-Hoc|Any CPU.ActiveCfg = Release|x86
		{D66557B3-229B-4B96-AF26-129C132850F3}.Ad-Hoc|Any CPU.Build.0 = Release|x86
		{D66557B3-229B-4B96-AF26-129C132850F3}.Ad-Hoc|Any CPU.Deploy.0 = Release|x86
		{D66557B3-229B-4B96-AF26-129C132850F3}.Ad-Hoc|ARM.ActiveCfg = Release|ARM
		{D66557B3-229B-4B96-AF26-129C132850F3}.Ad-Hoc|ARM.Build.0 = Release|ARM
		{D66557B3-229B-4B96-AF26-129C132850F3}.Ad-Hoc|ARM.Deploy.0 = Release|ARM
		{D66557B3-229B-4B96-AF26-129C132850F3}.Ad-Hoc|iPhone.ActiveCfg = Release|x86
		{D66557B3-229B-4B96-AF26-129C132850F3}.Ad-Hoc|iPhone.Build.0 = Release|x86
		{D66557B3-229B-4B96-AF26-129C132850F3}.Ad-Hoc|iPhone.Deploy.0 = Release|x86
		{D66557B3-229B-4B96-AF26-129C132850F3}.Ad-Hoc|iPhoneSimulator.ActiveCfg = Release|x86
		{D66557B3-229B-4B96-AF26-129C132850F3}.Ad-Hoc|iPhoneSimulator.Build.0 = Release|x86
		{D66557B3-229B-4B96-AF26-129C132850F3}.Ad-Hoc|iPhoneSimulator.Deploy.0 = Release|x86
		{D66557B3-229B-4B96-AF26-129C132850F3}.Ad-Hoc|x64.ActiveCfg = Release|x64
		{D66557B3-229B-4B96-AF26-129C132850F3}.Ad-Hoc|x64.Build.0 = Release|x64
		{D66557B3-229B-4B96-AF26-129C132850F3}.Ad-Hoc|x64.Deploy.0 = Release|x64
		{D66557B3-229B-4B96-AF26-129C132850F3}.Ad-Hoc|x86.ActiveCfg = Release|x86
		{D66557B3-229B-4B96-AF26-129C132850F3}.Ad-Hoc|x86.Build.0 = Release|x86
		{D66557B3-229B-4B96-AF26-129C132850F3}.Ad-Hoc|x86.Deploy.0 = Release|x86
		{D66557B3-229B-4B96-AF26-129C132850F3}.AppStore|Any CPU.ActiveCfg = Release|x86
		{D66557B3-229B-4B96-AF26-129C132850F3}.AppStore|Any CPU.Build.0 = Release|x86
		{D66557B3-229B-4B96-AF26-129C132850F3}.AppStore|Any CPU.Deploy.0 = Release|x86
		{D66557B3-229B-4B96-AF26-129C132850F3}.AppStore|ARM.ActiveCfg = Release|ARM
		{D66557B3-229B-4B96-AF26-129C132850F3}.AppStore|ARM.Build.0 = Release|ARM
		{D66557B3-229B-4B96-AF26-129C132850F3}.AppStore|ARM.Deploy.0 = Release|ARM
		{D66557B3-229B-4B96-AF26-129C132850F3}.AppStore|iPhone.ActiveCfg = Release|x86
		{D66557B3-229B-4B96-AF26-129C132850F3}.AppStore|iPhone.Build.0 = Release|x86
		{D66557B3-229B-4B96-AF26-129C132850F3}.AppStore|iPhone.Deploy.0 = Release|x86
		{D66557B3-229B-4B96-AF26-129C132850F3}.AppStore|iPhoneSimulator.ActiveCfg = Release|x86
		{D66557B3-229B-4B96-AF26-129C132850F3}.AppStore|iPhoneSimulator.Build.0 = Release|x86
		{D66557B3-229B-4B96-AF26-129C132850F3}.AppStore|iPhoneSimulator.Deploy.0 = Release|x86
		{D66557B3-229B-4B96-AF26-129C132850F3}.AppStore|x64.ActiveCfg = Release|x64
		{D66557B3-229B-4B96-AF26-129C132850F3}.AppStore|x64.Build.0 = Release|x64
		{D66557B3-229B-4B96-AF26-129C132850F3}.AppStore|x64.Deploy.0 = Release|x64
		{D66557B3-229B-4B96-AF26-129C132850F3}.AppStore|x86.ActiveCfg = Release|x86
		{D66557B3-229B-4B96-AF26-129C132850F3}.AppStore|x86.Build.0 = Release|x86
		{D66557B3-229B-4B96-AF26-129C132850F3}.AppStore|x86.Deploy.0 = Release|x86
		{D66557B3-229B-4B96-AF26-129C132850F3}.Debug|Any CPU.ActiveCfg = Debug|x86
		{D66557B3-229B-4B96-AF26-129C132850F3}.Debug|ARM.ActiveCfg = Debug|ARM
		{D66557B3-229B-4B96-AF26-129C132850F3}.Debug|ARM.Build.0 = Debug|ARM
		{D66557B3-229B-4B96-AF26-129C132850F3}.Debug|ARM.Deploy.0 = Debug|ARM
		{D66557B3-229B-4B96-AF26-129C132850F3}.Debug|iPhone.ActiveCfg = Debug|x86
		{D66557B3-229B-4B96-AF26-129C132850F3}.Debug|iPhoneSimulator.ActiveCfg = Debug|x86
		{D66557B3-229B-4B96-AF26-129C132850F3}.Debug|x64.ActiveCfg = Debug|x64
		{D66557B3-229B-4B96-AF26-129C132850F3}.Debug|x64.Build.0 = Debug|x64
		{D66557B3-229B-4B96-AF26-129C132850F3}.Debug|x64.Deploy.0 = Debug|x64
		{D66557B3-229B-4B96-AF26-129C132850F3}.Debug|x86.ActiveCfg = Debug|x86
		{D66557B3-229B-4B96-AF26-129C132850F3}.Debug|x86.Build.0 = Debug|x86
		{D66557B3-229B-4B96-AF26-129C132850F3}.Debug|x86.Deploy.0 = Debug|x86
		{D66557B3-229B-4B96-AF26-129C132850F3}.Release|Any CPU.ActiveCfg = Release|x86
		{D66557B3-229B-4B96-AF26-129C132850F3}.Release|ARM.ActiveCfg = Release|ARM
		{D66557B3-229B-4B96-AF26-129C132850F3}.Release|ARM.Build.0 = Release|ARM
		{D66557B3-229B-4B96-AF26-129C132850F3}.Release|ARM.Deploy.0 = Release|ARM
		{D66557B3-229B-4B96-AF26-129C132850F3}.Release|iPhone.ActiveCfg = Release|x86
		{D66557B3-229B-4B96-AF26-129C132850F3}.Release|iPhoneSimulator.ActiveCfg = Release|x86
		{D66557B3-229B-4B96-AF26-129C132850F3}.Release|x64.ActiveCfg = Release|x64
		{D66557B3-229B-4B96-AF26-129C132850F3}.Release|x64.Build.0 = Release|x64
		{D66557B3-229B-4B96-AF26-129C132850F3}.Release|x64.Deploy.0 = Release|x64
		{D66557B3-229B-4B96-AF26-129C132850F3}.Release|x86.ActiveCfg = Release|x86
		{D66557B3-229B-4B96-AF26-129C132850F3}.Release|x86.Build.0 = Release|x86
		{D66557B3-229B-4B96-AF26-129C132850F3}.Release|x86.Deploy.0 = Release|x86
		{D9587591-52B6-42D2-AFB4-3DC62FB2C417}.Ad-Hoc|Any CPU.ActiveCfg = Ad-Hoc|iPhone
		{D9587591-52B6-42D2-AFB4-3DC62FB2C417}.Ad-Hoc|ARM.ActiveCfg = Ad-Hoc|iPhone
		{D9587591-52B6-42D2-AFB4-3DC62FB2C417}.Ad-Hoc|iPhone.ActiveCfg = Ad-Hoc|iPhone
		{D9587591-52B6-42D2-AFB4-3DC62FB2C417}.Ad-Hoc|iPhone.Build.0 = Ad-Hoc|iPhone
		{D9587591-52B6-42D2-AFB4-3DC62FB2C417}.Ad-Hoc|iPhoneSimulator.ActiveCfg = Ad-Hoc|iPhoneSimulator
		{D9587591-52B6-42D2-AFB4-3DC62FB2C417}.Ad-Hoc|iPhoneSimulator.Build.0 = Ad-Hoc|iPhoneSimulator
		{D9587591-52B6-42D2-AFB4-3DC62FB2C417}.Ad-Hoc|x64.ActiveCfg = Ad-Hoc|iPhone
		{D9587591-52B6-42D2-AFB4-3DC62FB2C417}.Ad-Hoc|x86.ActiveCfg = Ad-Hoc|iPhone
		{D9587591-52B6-42D2-AFB4-3DC62FB2C417}.AppStore|Any CPU.ActiveCfg = AppStore|iPhone
		{D9587591-52B6-42D2-AFB4-3DC62FB2C417}.AppStore|ARM.ActiveCfg = AppStore|iPhone
		{D9587591-52B6-42D2-AFB4-3DC62FB2C417}.AppStore|iPhone.ActiveCfg = AppStore|iPhone
		{D9587591-52B6-42D2-AFB4-3DC62FB2C417}.AppStore|iPhone.Build.0 = AppStore|iPhone
		{D9587591-52B6-42D2-AFB4-3DC62FB2C417}.AppStore|iPhoneSimulator.ActiveCfg = AppStore|iPhoneSimulator
		{D9587591-52B6-42D2-AFB4-3DC62FB2C417}.AppStore|iPhoneSimulator.Build.0 = AppStore|iPhoneSimulator
		{D9587591-52B6-42D2-AFB4-3DC62FB2C417}.AppStore|x64.ActiveCfg = AppStore|iPhone
		{D9587591-52B6-42D2-AFB4-3DC62FB2C417}.AppStore|x86.ActiveCfg = AppStore|iPhone
		{D9587591-52B6-42D2-AFB4-3DC62FB2C417}.Debug|Any CPU.ActiveCfg = Debug|iPhone
		{D9587591-52B6-42D2-AFB4-3DC62FB2C417}.Debug|ARM.ActiveCfg = Debug|iPhone
		{D9587591-52B6-42D2-AFB4-3DC62FB2C417}.Debug|iPhone.ActiveCfg = Debug|iPhone
		{D9587591-52B6-42D2-AFB4-3DC62FB2C417}.Debug|iPhone.Build.0 = Debug|iPhone
		{D9587591-52B6-42D2-AFB4-3DC62FB2C417}.Debug|iPhoneSimulator.ActiveCfg = Debug|iPhoneSimulator
		{D9587591-52B6-42D2-AFB4-3DC62FB2C417}.Debug|iPhoneSimulator.Build.0 = Debug|iPhoneSimulator
		{D9587591-52B6-42D2-AFB4-3DC62FB2C417}.Debug|x64.ActiveCfg = Debug|iPhone
		{D9587591-52B6-42D2-AFB4-3DC62FB2C417}.Debug|x86.ActiveCfg = Debug|iPhone
		{D9587591-52B6-42D2-AFB4-3DC62FB2C417}.Release|Any CPU.ActiveCfg = Release|iPhone
		{D9587591-52B6-42D2-AFB4-3DC62FB2C417}.Release|ARM.ActiveCfg = Release|iPhone
		{D9587591-52B6-42D2-AFB4-3DC62FB2C417}.Release|iPhone.ActiveCfg = Release|iPhone
		{D9587591-52B6-42D2-AFB4-3DC62FB2C417}.Release|iPhone.Build.0 = Release|iPhone
		{D9587591-52B6-42D2-AFB4-3DC62FB2C417}.Release|iPhoneSimulator.ActiveCfg = Release|iPhoneSimulator
		{D9587591-52B6-42D2-AFB4-3DC62FB2C417}.Release|iPhoneSimulator.Build.0 = Release|iPhoneSimulator
		{D9587591-52B6-42D2-AFB4-3DC62FB2C417}.Release|x64.ActiveCfg = Release|iPhone
		{D9587591-52B6-42D2-AFB4-3DC62FB2C417}.Release|x86.ActiveCfg = Release|iPhone
	EndGlobalSection
	GlobalSection(SolutionProperties) = preSolution
		HideSolutionNode = FALSE
	EndGlobalSection
	GlobalSection(NestedProjects) = preSolution
		{27615BD2-6F5B-45D1-87EF-EE86F762603E} = {DEAB1CFE-C12B-4F62-91B6-D2D98AA029EB}
		{576B8AA1-89CC-4A8D-B139-BAD1401D1404} = {DEAB1CFE-C12B-4F62-91B6-D2D98AA029EB}
		{1D04F050-047B-4B8B-AF8D-680B97DD6C7D} = {DEAB1CFE-C12B-4F62-91B6-D2D98AA029EB}
		{073B6310-FDDF-4FD4-AD39-18F44DC9C0EF} = {DEAB1CFE-C12B-4F62-91B6-D2D98AA029EB}
		{68FDD124-9AC8-45E6-AE15-0DF2F75E1AB0} = {DF2B4DB3-B46D-4BE6-A1C5-493ED8E56702}
		{31052F73-CB8C-4148-966E-EC8ECF7244DA} = {DF2B4DB3-B46D-4BE6-A1C5-493ED8E56702}
		{D66557B3-229B-4B96-AF26-129C132850F3} = {DF2B4DB3-B46D-4BE6-A1C5-493ED8E56702}
		{D9587591-52B6-42D2-AFB4-3DC62FB2C417} = {DF2B4DB3-B46D-4BE6-A1C5-493ED8E56702}
	EndGlobalSection
	GlobalSection(ExtensibilityGlobals) = postSolution
		SolutionGuid = {39104832-48E2-43A2-A5A3-8F46878E4EC8}
	EndGlobalSection
EndGlobal
